<?xml version="1.0" encoding="utf-8"?>
<Project xmlns="http://schemas.microsoft.com/developer/msbuild/2003" ToolsVersion="4.0">
  <ItemGroup>
    <Filter Include="00. GameInstance">
      <UniqueIdentifier>{ef26726d-fab5-45ae-a4a5-4a60cf3e523d}</UniqueIdentifier>
    </Filter>
    <Filter Include="00. GameInstance\Proxy">
      <UniqueIdentifier>{345bd200-d819-455a-9f83-28b6dd616f31}</UniqueIdentifier>
    </Filter>
    <Filter Include="01. Device">
      <UniqueIdentifier>{586ca780-2e95-4191-8660-52b5e30ed97e}</UniqueIdentifier>
    </Filter>
    <Filter Include="01. Device\Graphic">
      <UniqueIdentifier>{12258d25-17a6-453d-9010-b4036b4dcbd8}</UniqueIdentifier>
    </Filter>
    <Filter Include="01. Device\Input">
      <UniqueIdentifier>{ad9e3226-3321-4031-96e8-91a6f96f01cf}</UniqueIdentifier>
    </Filter>
    <Filter Include="02. Timers">
      <UniqueIdentifier>{0cbbced3-2367-452e-8da2-4064351a570a}</UniqueIdentifier>
    </Filter>
    <Filter Include="02. Timers\Manager">
      <UniqueIdentifier>{69b9332e-8870-4704-a122-906d3b3f0eb3}</UniqueIdentifier>
    </Filter>
    <Filter Include="03. Levels">
      <UniqueIdentifier>{5a92ba7c-a454-4f53-88b6-9b565eb01420}</UniqueIdentifier>
    </Filter>
    <Filter Include="03. Levels\Manager">
      <UniqueIdentifier>{280730d9-44f8-437e-a748-df87a3b74e37}</UniqueIdentifier>
    </Filter>
    <Filter Include="04. Prototype">
      <UniqueIdentifier>{1ef305f8-adfe-47f2-928b-1d717f1e73d2}</UniqueIdentifier>
    </Filter>
    <Filter Include="04. Prototype\Manager">
      <UniqueIdentifier>{ec98244f-6f07-49e3-89cb-37e5a287fef2}</UniqueIdentifier>
    </Filter>
    <Filter Include="05. GameObject">
      <UniqueIdentifier>{3901bc1e-e6e4-4c81-adbf-1f8210f5ab2d}</UniqueIdentifier>
    </Filter>
    <Filter Include="05. GameObject\00. Manager">
      <UniqueIdentifier>{e121f329-2ccc-4c30-9963-675350ecad2c}</UniqueIdentifier>
    </Filter>
    <Filter Include="05. GameObject\00. Manager\Layer">
      <UniqueIdentifier>{8c63fe16-4f8d-479a-89df-b5e4272ec1c5}</UniqueIdentifier>
    </Filter>
    <Filter Include="05. GameObject\01. Property">
      <UniqueIdentifier>{47e74b98-d11e-415a-a3ef-14b9e02a3c38}</UniqueIdentifier>
    </Filter>
    <Filter Include="05. GameObject\Camera">
      <UniqueIdentifier>{420fb5b2-806e-4e5e-b440-426800386a01}</UniqueIdentifier>
    </Filter>
    <Filter Include="05. GameObject\ContainerObject">
      <UniqueIdentifier>{08c9bf08-2582-4840-9cb1-738f4a8951f3}</UniqueIdentifier>
    </Filter>
    <Filter Include="05. GameObject\ContainerObject\PartObject">
      <UniqueIdentifier>{7e4c07e6-c6a7-4dbd-90e1-6e6d49cc45ba}</UniqueIdentifier>
    </Filter>
    <Filter Include="05. GameObject\Effect">
      <UniqueIdentifier>{bde8fa62-2764-4199-baab-2e0d93651819}</UniqueIdentifier>
    </Filter>
    <Filter Include="05. GameObject\Effect\Allocator">
      <UniqueIdentifier>{8fc72b6d-5be3-40cf-9275-b99e11825d1d}</UniqueIdentifier>
    </Filter>
    <Filter Include="05. GameObject\Effect\EffectPart">
      <UniqueIdentifier>{42b80ec2-d825-4521-b1ae-204abc8fe1cd}</UniqueIdentifier>
    </Filter>
    <Filter Include="05. GameObject\Effect\EffectPart\Effect_Emitter">
      <UniqueIdentifier>{f6fe4cd6-259b-4194-b152-6063ffca5787}</UniqueIdentifier>
    </Filter>
    <Filter Include="05. GameObject\Effect\EffectPart\Effect_Emitter\Effect_MeshEmitter">
      <UniqueIdentifier>{572697e9-e334-4ef2-bbaa-686aba5ea8f2}</UniqueIdentifier>
    </Filter>
    <Filter Include="05. GameObject\Effect\EffectPart\Effect_Emitter\Effect_RectEmitter">
      <UniqueIdentifier>{d49ef37d-8dbc-4fa5-bb4d-69cdb1c95e46}</UniqueIdentifier>
    </Filter>
    <Filter Include="05. GameObject\Effect\EffectPart\Effect_NoneParticle">
      <UniqueIdentifier>{3eda837d-3b83-49b9-ac0d-13e217cd8b2c}</UniqueIdentifier>
    </Filter>
    <Filter Include="05. GameObject\Effect\EffectPart\Effect_NoneParticle\Effect_Mesh">
      <UniqueIdentifier>{bf898bea-9c9c-46cf-a2d9-7b77aadbcb2f}</UniqueIdentifier>
    </Filter>
    <Filter Include="05. GameObject\Effect\EffectPart\Effect_NoneParticle\Effect_Quad">
      <UniqueIdentifier>{11914a26-172e-4caa-8ce4-2866473d5ef5}</UniqueIdentifier>
    </Filter>
    <Filter Include="05. GameObject\Effect\EffectPart\Effect_Paricle">
      <UniqueIdentifier>{bba9c8c0-bbfb-47c4-b9c4-975253e549e9}</UniqueIdentifier>
    </Filter>
    <Filter Include="05. GameObject\Effect\EffectPart\Effect_Paricle\Effect_MeshParticle">
      <UniqueIdentifier>{f3b89464-2504-4b1f-ac6d-3aaa815d6d01}</UniqueIdentifier>
    </Filter>
    <Filter Include="05. GameObject\Effect\EffectPart\Effect_Paricle\Effect_RectParicle">
      <UniqueIdentifier>{cac7e3a1-ecdd-4d62-8d22-bae46537c29b}</UniqueIdentifier>
    </Filter>
    <Filter Include="05. GameObject\Effect\Manager">
      <UniqueIdentifier>{e435d7f0-3a1d-4e62-950d-122e3a3dfb16}</UniqueIdentifier>
    </Filter>
    <Filter Include="05. GameObject\UIContainerObject">
      <UniqueIdentifier>{8ab3291b-c14f-4f8b-ae07-3fd8166a2487}</UniqueIdentifier>
    </Filter>
    <Filter Include="05. GameObject\UIContainerObject\UIPartObject">
      <UniqueIdentifier>{4786b946-e212-4ef5-b7ab-37bf3767058d}</UniqueIdentifier>
    </Filter>
    <Filter Include="05. GameObject\UIObject">
      <UniqueIdentifier>{0a49a345-16ef-454a-b1fe-989539b230d3}</UniqueIdentifier>
    </Filter>
    <Filter Include="06. Renderer">
      <UniqueIdentifier>{a6664c98-6e60-4438-a666-f4bc556419db}</UniqueIdentifier>
    </Filter>
    <Filter Include="07. Component">
      <UniqueIdentifier>{4bd7e256-8cf5-4830-8d55-00a6a9a7f992}</UniqueIdentifier>
    </Filter>
    <Filter Include="07. Component\Animator">
      <UniqueIdentifier>{a61d4e6d-41e0-4824-8c8c-fbb9a27c36e2}</UniqueIdentifier>
    </Filter>
    <Filter Include="07. Component\Collider">
      <UniqueIdentifier>{2138f803-0ef6-4301-8f5d-87587287fe55}</UniqueIdentifier>
    </Filter>
    <Filter Include="07. Component\Collider\Bounding">
      <UniqueIdentifier>{71efd8d8-28c8-45a9-b93c-3824155e0c32}</UniqueIdentifier>
    </Filter>
    <Filter Include="07. Component\Collider\Bounding\AABB">
      <UniqueIdentifier>{cb225e00-4a9d-46fa-bdb9-06d648e75e8f}</UniqueIdentifier>
    </Filter>
    <Filter Include="07. Component\Collider\Bounding\Capsule">
      <UniqueIdentifier>{0960ac63-c337-4ee7-9f71-004d3044dcfb}</UniqueIdentifier>
    </Filter>
    <Filter Include="07. Component\Collider\Bounding\OBB">
      <UniqueIdentifier>{9f0ae879-6a4f-4ec1-a1c6-38b45a5ac854}</UniqueIdentifier>
    </Filter>
    <Filter Include="07. Component\Collider\Bounding\Sphere">
      <UniqueIdentifier>{93039028-e495-417a-801c-7e458b5a689f}</UniqueIdentifier>
    </Filter>
    <Filter Include="07. Component\Collider\DebugDraw">
      <UniqueIdentifier>{0317c6e3-b75a-471f-b833-7e8bfa698015}</UniqueIdentifier>
    </Filter>
    <Filter Include="07. Component\Controller">
      <UniqueIdentifier>{5b6f3788-200d-4e9d-bddd-72ccf67e55f1}</UniqueIdentifier>
    </Filter>
    <Filter Include="07. Component\Model">
      <UniqueIdentifier>{efee9c47-9505-47bd-843b-d278bf40e165}</UniqueIdentifier>
    </Filter>
    <Filter Include="07. Component\Model\Animation">
      <UniqueIdentifier>{5d7e8f4c-5449-4d74-987f-b6beff94220c}</UniqueIdentifier>
    </Filter>
    <Filter Include="07. Component\Model\Animation\Channel">
      <UniqueIdentifier>{43fea190-84ff-454e-b187-28846b654710}</UniqueIdentifier>
    </Filter>
    <Filter Include="07. Component\Model\Bone">
      <UniqueIdentifier>{8786270e-b572-4fb1-80d8-6eb4db0433a3}</UniqueIdentifier>
    </Filter>
    <Filter Include="07. Component\Model\Material">
      <UniqueIdentifier>{3719652e-c35e-44ed-98cb-8a06ea54f6e1}</UniqueIdentifier>
    </Filter>
    <Filter Include="07. Component\Model\MaterialEx">
      <UniqueIdentifier>{513a2421-d331-4f8f-a7b5-326ac84b207b}</UniqueIdentifier>
    </Filter>
    <Filter Include="07. Component\Model\Mesh">
      <UniqueIdentifier>{98a4ef36-b1df-4eea-ae22-73ad10fc9f6c}</UniqueIdentifier>
    </Filter>
    <Filter Include="07. Component\Movement">
      <UniqueIdentifier>{ee43c8cf-5df2-4924-933f-7f5129d9e351}</UniqueIdentifier>
    </Filter>
    <Filter Include="07. Component\Navigation">
      <UniqueIdentifier>{3aa618cb-e046-497b-8718-8a8f99552b50}</UniqueIdentifier>
    </Filter>
    <Filter Include="07. Component\Navigation\Cell">
      <UniqueIdentifier>{9847225c-3003-4608-aa1b-96c2f3f6f658}</UniqueIdentifier>
    </Filter>
    <Filter Include="07. Component\RigidBody">
      <UniqueIdentifier>{ccd05167-e22f-4a0e-87e3-4080ca993d70}</UniqueIdentifier>
    </Filter>
    <Filter Include="07. Component\Shader">
      <UniqueIdentifier>{a55b2011-6e50-4f7a-b8e0-df9c3d456757}</UniqueIdentifier>
    </Filter>
    <Filter Include="07. Component\Texture">
      <UniqueIdentifier>{c557821e-a0b2-4778-a362-4ce368775490}</UniqueIdentifier>
    </Filter>
    <Filter Include="07. Component\Transform">
      <UniqueIdentifier>{53fc94f5-5919-40c7-8e3d-7a8ae4fcc5e2}</UniqueIdentifier>
    </Filter>
    <Filter Include="07. Component\VIBuffer">
      <UniqueIdentifier>{28c99d0f-a5f4-4a6e-92cf-539716eadebb}</UniqueIdentifier>
    </Filter>
    <Filter Include="07. Component\VIBuffer\Cell">
      <UniqueIdentifier>{93033453-85a3-4a28-b5c9-098cbd31b9b9}</UniqueIdentifier>
    </Filter>
    <Filter Include="07. Component\VIBuffer\Cube">
      <UniqueIdentifier>{acd49bcb-5fc3-402b-8a55-cc5ba412a8fc}</UniqueIdentifier>
    </Filter>
    <Filter Include="07. Component\VIBuffer\Instance">
      <UniqueIdentifier>{1cf2cd56-6819-4a9c-9122-eb41d2d033e3}</UniqueIdentifier>
    </Filter>
    <Filter Include="07. Component\VIBuffer\Instance\Point">
      <UniqueIdentifier>{6c59d73c-774e-4706-93a9-8722d8616286}</UniqueIdentifier>
    </Filter>
    <Filter Include="07. Component\VIBuffer\Instance\Rect">
      <UniqueIdentifier>{e0505acc-971d-4650-8805-da51a53e93da}</UniqueIdentifier>
    </Filter>
    <Filter Include="07. Component\VIBuffer\Point">
      <UniqueIdentifier>{be207f58-f379-4abb-b6b4-ce218b404e74}</UniqueIdentifier>
    </Filter>
    <Filter Include="07. Component\VIBuffer\Rect">
      <UniqueIdentifier>{8da5cb65-7cc2-44ce-893e-06a80510a50e}</UniqueIdentifier>
    </Filter>
    <Filter Include="07. Component\VIBuffer\Terrain">
      <UniqueIdentifier>{21f60a5a-8075-4573-80cd-9d1408bcc9f8}</UniqueIdentifier>
    </Filter>
    <Filter Include="07. Component\VIBuffer\Trail">
      <UniqueIdentifier>{d2be6f2a-85d4-4a0c-92c4-59dcb0ae2c0b}</UniqueIdentifier>
    </Filter>
    <Filter Include="08. Camera_Manager">
      <UniqueIdentifier>{5d35d5b9-6204-4c16-93c5-e5158a77a2b4}</UniqueIdentifier>
    </Filter>
    <Filter Include="09. Lights">
      <UniqueIdentifier>{7ab58297-3559-46dc-b34a-7df3434c343c}</UniqueIdentifier>
    </Filter>
    <Filter Include="09. Lights\Manager">
      <UniqueIdentifier>{60beaf8e-f3fb-4cd6-8b21-2a8603d6cffd}</UniqueIdentifier>
    </Filter>
    <Filter Include="10. Fonts">
      <UniqueIdentifier>{d1fc7e82-be5e-4956-93f1-4557a7409788}</UniqueIdentifier>
    </Filter>
    <Filter Include="10. Fonts\Manager">
      <UniqueIdentifier>{aa66c902-27b9-4d16-8095-58bdefe476c1}</UniqueIdentifier>
    </Filter>
    <Filter Include="11. EventBus">
      <UniqueIdentifier>{a2927a39-8dff-48a3-967f-e0c7874a91be}</UniqueIdentifier>
    </Filter>
    <Filter Include="12. Collision">
      <UniqueIdentifier>{547e4c6d-0fb3-48c8-a87b-f12346b6c00e}</UniqueIdentifier>
    </Filter>
    <Filter Include="12. Collision\Manager">
      <UniqueIdentifier>{698b832f-950b-4987-91dd-fa9626b274b1}</UniqueIdentifier>
    </Filter>
    <Filter Include="13. Sound">
      <UniqueIdentifier>{2d626efa-eaeb-47b6-8c24-c7633a809775}</UniqueIdentifier>
    </Filter>
    <Filter Include="13. Sound\Handler">
      <UniqueIdentifier>{071d0a53-c568-4414-b241-79a02c5230e2}</UniqueIdentifier>
    </Filter>
    <Filter Include="13. Sound\Manager">
      <UniqueIdentifier>{cb544998-7123-4465-aa99-6cbfc43b7a47}</UniqueIdentifier>
    </Filter>
    <Filter Include="14. RenderTargets">
      <UniqueIdentifier>{f5ccd350-f763-4dfd-84cb-fe3e47bf60bd}</UniqueIdentifier>
    </Filter>
    <Filter Include="14. RenderTargets\Manager">
      <UniqueIdentifier>{efa02d77-1c4b-4c56-8a5f-6edbd311694e}</UniqueIdentifier>
    </Filter>
    <Filter Include="15. Shadow">
      <UniqueIdentifier>{bdf441b4-2aa6-4e11-9d0a-d2cb970abf61}</UniqueIdentifier>
    </Filter>
    <Filter Include="16. PhysX">
      <UniqueIdentifier>{c1fe8712-6c82-4df0-a436-8107d7043445}</UniqueIdentifier>
    </Filter>
    <Filter Include="16. PhysX\Manager">
      <UniqueIdentifier>{25e5c569-711b-4ff7-bc27-c95ee9c5b5cb}</UniqueIdentifier>
    </Filter>
    <Filter Include="17. Enviroment">
      <UniqueIdentifier>{59b6d5b4-942a-4729-9aa9-9c6fd7a957c2}</UniqueIdentifier>
    </Filter>
    <Filter Include="17. Enviroment\Manager">
      <UniqueIdentifier>{be5e73f5-a2ef-4332-a877-99b44b266624}</UniqueIdentifier>
    </Filter>
    <Filter Include="18. ShaderGlobal">
      <UniqueIdentifier>{a6f96f26-41b6-4a5a-8a4c-51da7d9eb84f}</UniqueIdentifier>
    </Filter>
    <Filter Include="19. ComputeShader">
      <UniqueIdentifier>{7b5e5d7e-2f3c-4d08-b33f-881a052e9531}</UniqueIdentifier>
    </Filter>
    <Filter Include="20. Culling">
      <UniqueIdentifier>{7467f37f-4478-4e05-9ece-ea4b10c3cb1c}</UniqueIdentifier>
    </Filter>
    <Filter Include="21. Behavior Tree">
      <UniqueIdentifier>{6042e2e1-a903-4850-875b-c6d49ae98ba7}</UniqueIdentifier>
    </Filter>
    <Filter Include="21. Behavior Tree\00. Blackboard">
      <UniqueIdentifier>{caa78c28-9133-4d18-afdd-5e3a05ff66af}</UniqueIdentifier>
    </Filter>
    <Filter Include="21. Behavior Tree\01. BTNode">
      <UniqueIdentifier>{2e6e74f7-7681-451f-8592-443b1533d34c}</UniqueIdentifier>
    </Filter>
    <Filter Include="21. Behavior Tree\02. BTComposite">
      <UniqueIdentifier>{d8aa8265-bd4c-4b76-a920-a53348364e6e}</UniqueIdentifier>
    </Filter>
    <Filter Include="21. Behavior Tree\03. BTDecorator.h">
      <UniqueIdentifier>{53cd0484-acde-49c9-aa55-df9dc7373f83}</UniqueIdentifier>
    </Filter>
    <Filter Include="21. Behavior Tree\99. Defines">
      <UniqueIdentifier>{de045ac2-6200-458c-b870-a6978e94ffd9}</UniqueIdentifier>
    </Filter>
    <Filter Include="94. Profiler">
      <UniqueIdentifier>{ccb61082-a7fa-4a7e-93b5-3f67bc16f3fd}</UniqueIdentifier>
    </Filter>
    <Filter Include="95. ShaderFiles">
      <UniqueIdentifier>{777fae25-d5a7-44ef-84fe-f18907c6d3c0}</UniqueIdentifier>
    </Filter>
    <Filter Include="95. ShaderFiles\raw Shader">
      <UniqueIdentifier>{fb5dcb1b-6cbb-4a13-9d9d-75c0717ece59}</UniqueIdentifier>
    </Filter>
    <Filter Include="96. Utils">
      <UniqueIdentifier>{e84af564-bc9e-403d-8bce-b7d395c74521}</UniqueIdentifier>
    </Filter>
    <Filter Include="96. Utils\ShaderCache">
      <UniqueIdentifier>{422f767a-a6c8-4821-b35f-2c2461d643b3}</UniqueIdentifier>
    </Filter>
    <Filter Include="97. DataSystem">
      <UniqueIdentifier>{8105e402-d59c-4f16-9cb5-bf3a317947de}</UniqueIdentifier>
    </Filter>
    <Filter Include="97. DataSystem\Exporter">
      <UniqueIdentifier>{0c1fea09-9561-48bb-a179-55e1af33c2b2}</UniqueIdentifier>
    </Filter>
    <Filter Include="97. DataSystem\Loader">
      <UniqueIdentifier>{853f793e-9759-4d78-b521-c6b41adf957c}</UniqueIdentifier>
    </Filter>
    <Filter Include="98. SuperClass">
      <UniqueIdentifier>{22f47e1e-11bb-49ec-a8fa-53436410515f}</UniqueIdentifier>
    </Filter>
    <Filter Include="99. Defines">
      <UniqueIdentifier>{e411772b-c2a6-40ab-8686-9969730280cf}</UniqueIdentifier>
    </Filter>
    <Filter Include="99. Defines\Hojun">
      <UniqueIdentifier>{1263b5ad-a702-4bba-afb4-f5405210ba86}</UniqueIdentifier>
    </Filter>
    <Filter Include="99. Defines\pch">
      <UniqueIdentifier>{2a09911f-6d40-4db8-baf2-7aa0d3c77798}</UniqueIdentifier>
    </Filter>
  </ItemGroup>
  <ItemGroup>
    <ClInclude Include="..\Public\Anim_Layer.h">
      <Filter>99. Defines\Hojun</Filter>
    </ClInclude>
    <ClInclude Include="..\Public\Animation.h">
      <Filter>07. Component\Model\Animation</Filter>
    </ClInclude>
    <ClInclude Include="..\public\Animator.h">
      <Filter>07. Component\Animator</Filter>
    </ClInclude>
    <ClInclude Include="..\public\Base.h">
      <Filter>98. SuperClass</Filter>
    </ClInclude>
    <ClInclude Include="..\public\BehaviorTree.h">
      <Filter>21. Behavior Tree</Filter>
    </ClInclude>
    <ClInclude Include="..\public\Blackboard.h">
      <Filter>21. Behavior Tree\00. Blackboard</Filter>
    </ClInclude>
    <ClInclude Include="..\Public\Bone.h">
      <Filter>07. Component\Model\Bone</Filter>
    </ClInclude>
    <ClInclude Include="..\Public\Bounding.h">
      <Filter>07. Component\Collider\Bounding</Filter>
    </ClInclude>
    <ClInclude Include="..\Public\Bounding_AABB.h">
      <Filter>07. Component\Collider\Bounding\AABB</Filter>
    </ClInclude>
    <ClInclude Include="..\public\Bounding_Capsule.h">
      <Filter>07. Component\Collider\Bounding\Capsule</Filter>
    </ClInclude>
    <ClInclude Include="..\Public\Bounding_OBB.h">
      <Filter>07. Component\Collider\Bounding\OBB</Filter>
    </ClInclude>
    <ClInclude Include="..\Public\Bounding_Sphere.h">
      <Filter>07. Component\Collider\Bounding\Sphere</Filter>
    </ClInclude>
    <ClInclude Include="..\Public\BT.h">
      <Filter>21. Behavior Tree</Filter>
    </ClInclude>
    <ClInclude Include="..\Public\BT_Defines.h">
      <Filter>21. Behavior Tree\99. Defines</Filter>
    </ClInclude>
    <ClInclude Include="..\public\BTComposite.h">
      <Filter>21. Behavior Tree\02. BTComposite</Filter>
    </ClInclude>
    <ClInclude Include="..\public\BTDecorator.h">
      <Filter>21. Behavior Tree\03. BTDecorator.h</Filter>
    </ClInclude>
    <ClInclude Include="..\public\BTNode.h">
      <Filter>21. Behavior Tree\01. BTNode</Filter>
    </ClInclude>
    <ClInclude Include="..\Public\Camera.h">
      <Filter>05. GameObject\Camera</Filter>
    </ClInclude>
    <ClInclude Include="..\public\Camera_Manager.h">
      <Filter>08. Camera_Manager</Filter>
    </ClInclude>
    <ClInclude Include="..\Public\Cell.h">
      <Filter>07. Component\Navigation\Cell</Filter>
    </ClInclude>
    <ClInclude Include="..\Public\Channel.h">
      <Filter>07. Component\Model\Animation\Channel</Filter>
    </ClInclude>
    <ClInclude Include="..\Public\Collider.h">
      <Filter>07. Component\Collider</Filter>
    </ClInclude>
    <ClInclude Include="..\public\Collision_Manager.h">
      <Filter>12. Collision\Manager</Filter>
    </ClInclude>
    <ClInclude Include="..\public\Component.h">
      <Filter>07. Component</Filter>
    </ClInclude>
    <ClInclude Include="..\public\ComputeShader.h">
      <Filter>19. ComputeShader</Filter>
    </ClInclude>
    <ClInclude Include="..\Public\ContainerObject.h">
      <Filter>05. GameObject\ContainerObject</Filter>
    </ClInclude>
    <ClInclude Include="..\public\Controller.h">
      <Filter>07. Component\Controller</Filter>
    </ClInclude>
    <ClInclude Include="..\Public\Culling_Manager.h">
      <Filter>20. Culling</Filter>
    </ClInclude>
    <ClInclude Include="..\Public\CustomFont.h">
      <Filter>10. Fonts</Filter>
    </ClInclude>
    <ClInclude Include="..\Public\DataExporter.h">
      <Filter>97. DataSystem\Exporter</Filter>
    </ClInclude>
    <ClInclude Include="..\Public\DataLoader.h">
      <Filter>97. DataSystem\Loader</Filter>
    </ClInclude>
    <ClInclude Include="..\Public\DebugCapsule.h">
      <Filter>07. Component\Collider\DebugDraw</Filter>
    </ClInclude>
    <ClInclude Include="..\Public\DebugDraw.h">
      <Filter>07. Component\Collider\DebugDraw</Filter>
    </ClInclude>
    <ClInclude Include="..\public\Effect_Allocator.h">
      <Filter>05. GameObject\Effect\Allocator</Filter>
    </ClInclude>
    <ClInclude Include="..\public\Effect_Container.h">
      <Filter>05. GameObject\Effect</Filter>
    </ClInclude>
    <ClInclude Include="..\Public\Effect_Emitter.h">
      <Filter>05. GameObject\Effect\EffectPart\Effect_Emitter</Filter>
    </ClInclude>
    <ClInclude Include="..\public\Effect_Manager.h">
      <Filter>05. GameObject\Effect\Manager</Filter>
    </ClInclude>
    <ClInclude Include="..\Public\Effect_Mesh.h">
      <Filter>05. GameObject\Effect\EffectPart\Effect_NoneParticle\Effect_Mesh</Filter>
    </ClInclude>
    <ClInclude Include="..\Public\Effect_MeshCommon.h">
      <Filter>05. GameObject\Effect\EffectPart</Filter>
    </ClInclude>
    <ClInclude Include="..\Public\Effect_RectCommon.h">
      <Filter>05. GameObject\Effect\EffectPart</Filter>
    </ClInclude>
    <ClInclude Include="..\Public\Effect_MeshEmitter.h">
      <Filter>05. GameObject\Effect\EffectPart\Effect_Emitter\Effect_MeshEmitter</Filter>
    </ClInclude>
    <ClInclude Include="..\Public\Effect_MeshParticle.h">
      <Filter>05. GameObject\Effect\EffectPart\Effect_Paricle\Effect_MeshParticle</Filter>
    </ClInclude>
    <ClInclude Include="..\Public\Effect_NonParticle.h">
      <Filter>05. GameObject\Effect\EffectPart\Effect_NoneParticle</Filter>
    </ClInclude>
    <ClInclude Include="..\Public\Effect_Part.h">
      <Filter>05. GameObject\Effect\EffectPart</Filter>
    </ClInclude>
    <ClInclude Include="..\Public\Effect_Particle.h">
      <Filter>05. GameObject\Effect\EffectPart\Effect_Paricle</Filter>
    </ClInclude>
    <ClInclude Include="..\Public\Effect_Quad.h">
      <Filter>05. GameObject\Effect\EffectPart\Effect_NoneParticle\Effect_Quad</Filter>
    </ClInclude>
    <ClInclude Include="..\Public\Effect_RectEmitter.h">
      <Filter>05. GameObject\Effect\EffectPart\Effect_Emitter\Effect_RectEmitter</Filter>
    </ClInclude>
    <ClInclude Include="..\Public\Effect_RectParticle.h">
      <Filter>05. GameObject\Effect\EffectPart\Effect_Paricle\Effect_RectParicle</Filter>
    </ClInclude>
    <ClInclude Include="..\Public\EffectPart_Enum.h">
      <Filter>05. GameObject\01. Property</Filter>
    </ClInclude>
    <ClInclude Include="..\Public\Engine_Defines.h">
      <Filter>99. Defines</Filter>
    </ClInclude>
    <ClInclude Include="..\Public\Engine_Enum.h">
      <Filter>99. Defines</Filter>
    </ClInclude>
    <ClInclude Include="..\Public\Engine_Function.h">
      <Filter>99. Defines</Filter>
    </ClInclude>
    <ClInclude Include="..\Public\Engine_Macro.h">
      <Filter>99. Defines</Filter>
    </ClInclude>
    <ClInclude Include="..\Public\Engine_Model_Data.h">
      <Filter>99. Defines</Filter>
    </ClInclude>
    <ClInclude Include="..\public\Engine_pch.h">
      <Filter>99. Defines\pch</Filter>
    </ClInclude>
    <ClInclude Include="..\Public\Engine_Struct.h">
      <Filter>99. Defines</Filter>
    </ClInclude>
    <ClInclude Include="..\Public\Engine_Typedef.h">
      <Filter>99. Defines</Filter>
    </ClInclude>
    <ClInclude Include="..\public\Environment_Manager.h">
      <Filter>17. Enviroment\Manager</Filter>
    </ClInclude>
    <ClInclude Include="..\public\EventBus.h">
      <Filter>11. EventBus</Filter>
    </ClInclude>
    <ClInclude Include="..\Public\Font_Manager.h">
      <Filter>10. Fonts\Manager</Filter>
    </ClInclude>
    <ClInclude Include="..\public\GameInstance.h">
      <Filter>00. GameInstance</Filter>
    </ClInclude>
    <ClInclude Include="..\public\GameInstance_Proxy.h">
      <Filter>00. GameInstance\Proxy</Filter>
    </ClInclude>
    <ClInclude Include="..\public\GameObject.h">
      <Filter>05. GameObject</Filter>
    </ClInclude>
    <ClInclude Include="..\Public\Geometry_Utils.h">
      <Filter>96. Utils</Filter>
    </ClInclude>
    <ClInclude Include="..\Public\Graphic_Device.h">
      <Filter>01. Device\Graphic</Filter>
    </ClInclude>
    <ClInclude Include="..\Public\Input_Device.h">
      <Filter>01. Device\Input</Filter>
    </ClInclude>
    <ClInclude Include="..\public\Layer.h">
      <Filter>05. GameObject\00. Manager\Layer</Filter>
    </ClInclude>
    <ClInclude Include="..\Public\Level.h">
      <Filter>03. Levels</Filter>
    </ClInclude>
    <ClInclude Include="..\Public\Level_Manager.h">
      <Filter>03. Levels\Manager</Filter>
    </ClInclude>
    <ClInclude Include="..\Public\Light.h">
      <Filter>09. Lights</Filter>
    </ClInclude>
    <ClInclude Include="..\Public\Light_Manager.h">
      <Filter>09. Lights\Manager</Filter>
    </ClInclude>
    <ClInclude Include="..\Public\Material.h">
      <Filter>07. Component\Model\Material</Filter>
    </ClInclude>
    <ClInclude Include="..\Public\MaterialEx.h">
      <Filter>07. Component\Model\MaterialEx</Filter>
    </ClInclude>
    <ClInclude Include="..\Public\Math_Utils.h">
      <Filter>96. Utils</Filter>
    </ClInclude>
    <ClInclude Include="..\Public\Mesh.h">
      <Filter>07. Component\Model\Mesh</Filter>
    </ClInclude>
    <ClInclude Include="..\Public\MeshLayer_Utils.h">
      <Filter>96. Utils</Filter>
    </ClInclude>
    <ClInclude Include="..\Public\Model.h">
      <Filter>07. Component\Model</Filter>
    </ClInclude>
    <ClInclude Include="..\public\Movement.h">
      <Filter>07. Component\Movement</Filter>
    </ClInclude>
    <ClInclude Include="..\Public\Navigation.h">
      <Filter>07. Component\Navigation</Filter>
    </ClInclude>
    <ClInclude Include="..\public\Object_Manager.h">
      <Filter>05. GameObject\00. Manager</Filter>
    </ClInclude>
    <ClInclude Include="..\Public\Parsing_Utils.h">
      <Filter>96. Utils</Filter>
    </ClInclude>
    <ClInclude Include="..\Public\PartObject.h">
      <Filter>05. GameObject\ContainerObject\PartObject</Filter>
    </ClInclude>
    <ClInclude Include="..\public\PhysX_Manager.h">
      <Filter>16. PhysX\Manager</Filter>
    </ClInclude>
    <ClInclude Include="..\public\Picking_Utils.h">
      <Filter>96. Utils</Filter>
    </ClInclude>
    <ClInclude Include="..\Public\Profiler_Defines.h">
      <Filter>94. Profiler</Filter>
    </ClInclude>
    <ClInclude Include="..\Public\Profiler_Manager.h">
      <Filter>94. Profiler</Filter>
    </ClInclude>
    <ClInclude Include="..\Public\Property.h">
      <Filter>05. GameObject\01. Property</Filter>
    </ClInclude>
    <ClInclude Include="..\public\Prototype_Manager.h">
      <Filter>04. Prototype\Manager</Filter>
    </ClInclude>
    <ClInclude Include="..\public\Renderer.h">
      <Filter>06. Renderer</Filter>
    </ClInclude>
    <ClInclude Include="..\Public\RenderTarget.h">
      <Filter>14. RenderTargets</Filter>
    </ClInclude>
    <ClInclude Include="..\Public\RigIdBody.h">
      <Filter>07. Component\RigidBody</Filter>
    </ClInclude>
    <ClInclude Include="..\Public\Shader.h">
      <Filter>07. Component\Shader</Filter>
    </ClInclude>
    <ClInclude Include="..\Public\ShaderCache_Utils.h">
      <Filter>96. Utils\ShaderCache</Filter>
    </ClInclude>
    <ClInclude Include="..\public\ShaderGlobal_Manager.h">
      <Filter>18. ShaderGlobal</Filter>
    </ClInclude>
    <ClInclude Include="..\public\Shadow_Dir.h">
      <Filter>15. Shadow</Filter>
    </ClInclude>
    <ClInclude Include="..\Public\Sound_Handle.h">
      <Filter>13. Sound\Handler</Filter>
    </ClInclude>
    <ClInclude Include="..\Public\Sound_Manager.h">
      <Filter>13. Sound\Manager</Filter>
    </ClInclude>
    <ClInclude Include="..\Public\Target_Manager.h">
      <Filter>14. RenderTargets\Manager</Filter>
    </ClInclude>
    <ClInclude Include="..\Public\Texture.h">
      <Filter>07. Component\Texture</Filter>
    </ClInclude>
    <ClInclude Include="..\Public\Texture_Hub.h">
      <Filter>07. Component\Model\MaterialEx</Filter>
    </ClInclude>
    <ClInclude Include="..\Public\Timer.h">
      <Filter>02. Timers</Filter>
    </ClInclude>
    <ClInclude Include="..\Public\Timer_Manager.h">
      <Filter>02. Timers\Manager</Filter>
    </ClInclude>
    <ClInclude Include="..\public\Transform.h">
      <Filter>07. Component\Transform</Filter>
    </ClInclude>
    <ClInclude Include="..\public\UIContainerObject.h">
      <Filter>05. GameObject\UIContainerObject</Filter>
    </ClInclude>
    <ClInclude Include="..\Public\UIObject.h">
      <Filter>05. GameObject\UIObject</Filter>
    </ClInclude>
    <ClInclude Include="..\Public\UIPartObject.h">
      <Filter>05. GameObject\UIContainerObject\UIPartObject</Filter>
    </ClInclude>
    <ClInclude Include="..\Public\VIBuffer.h">
      <Filter>07. Component\VIBuffer</Filter>
    </ClInclude>
    <ClInclude Include="..\Public\VIBuffer_Cell.h">
      <Filter>07. Component\VIBuffer\Cell</Filter>
    </ClInclude>
    <ClInclude Include="..\Public\VIBuffer_Instance.h">
      <Filter>07. Component\VIBuffer\Instance</Filter>
    </ClInclude>
    <ClInclude Include="..\public\VIBuffer_Point.h">
      <Filter>07. Component\VIBuffer\Point</Filter>
    </ClInclude>
    <ClInclude Include="..\Public\VIBuffer_Point_Instance.h">
      <Filter>07. Component\VIBuffer\Instance\Point</Filter>
    </ClInclude>
    <ClInclude Include="..\Public\VIBuffer_Rect.h">
      <Filter>07. Component\VIBuffer\Rect</Filter>
    </ClInclude>
    <ClInclude Include="..\Public\VIBuffer_Rect_Instance.h">
      <Filter>07. Component\VIBuffer\Instance\Rect</Filter>
    </ClInclude>
    <ClInclude Include="..\Public\VIBuffer_Terrain.h">
      <Filter>07. Component\VIBuffer\Terrain</Filter>
    </ClInclude>
    <ClInclude Include="..\public\VIBuffer_Trail.h">
      <Filter>07. Component\VIBuffer\Trail</Filter>
    </ClInclude>
  </ItemGroup>
  <ItemGroup>
    <ClCompile Include="..\Private\Animation.cpp">
      <Filter>07. Component\Model\Animation</Filter>
    </ClCompile>
    <ClCompile Include="..\private\Animator.cpp">
      <Filter>07. Component\Animator</Filter>
    </ClCompile>
    <ClCompile Include="..\private\Base.cpp">
      <Filter>98. SuperClass</Filter>
    </ClCompile>
    <ClCompile Include="..\private\BehaviorTree.cpp">
      <Filter>21. Behavior Tree</Filter>
    </ClCompile>
    <ClCompile Include="..\private\Blackboard.cpp">
      <Filter>21. Behavior Tree\00. Blackboard</Filter>
    </ClCompile>
    <ClCompile Include="..\Private\Bone.cpp">
      <Filter>07. Component\Model\Bone</Filter>
    </ClCompile>
    <ClCompile Include="..\Private\Bounding.cpp">
      <Filter>07. Component\Collider\Bounding</Filter>
    </ClCompile>
    <ClCompile Include="..\Private\Bounding_AABB.cpp">
      <Filter>07. Component\Collider\Bounding\AABB</Filter>
    </ClCompile>
    <ClCompile Include="..\private\Bounding_Capsule.cpp">
      <Filter>07. Component\Collider\Bounding\Capsule</Filter>
    </ClCompile>
    <ClCompile Include="..\Private\Bounding_OBB.cpp">
      <Filter>07. Component\Collider\Bounding\OBB</Filter>
    </ClCompile>
    <ClCompile Include="..\Private\Bounding_Sphere.cpp">
      <Filter>07. Component\Collider\Bounding\Sphere</Filter>
    </ClCompile>
    <ClCompile Include="..\private\BTComposite.cpp">
      <Filter>21. Behavior Tree\02. BTComposite</Filter>
    </ClCompile>
    <ClCompile Include="..\private\BTDecorator.cpp">
      <Filter>21. Behavior Tree\03. BTDecorator.h</Filter>
    </ClCompile>
    <ClCompile Include="..\private\BTNode.cpp">
      <Filter>21. Behavior Tree\01. BTNode</Filter>
    </ClCompile>
    <ClCompile Include="..\Private\Camera.cpp">
      <Filter>05. GameObject\Camera</Filter>
    </ClCompile>
    <ClCompile Include="..\private\Camera_Manager.cpp">
      <Filter>08. Camera_Manager</Filter>
    </ClCompile>
    <ClCompile Include="..\Private\Cell.cpp">
      <Filter>07. Component\Navigation\Cell</Filter>
    </ClCompile>
    <ClCompile Include="..\Private\Channel.cpp">
      <Filter>07. Component\Model\Animation\Channel</Filter>
    </ClCompile>
    <ClCompile Include="..\Private\Collider.cpp">
      <Filter>07. Component\Collider</Filter>
    </ClCompile>
    <ClCompile Include="..\private\Collision_Manager.cpp">
      <Filter>12. Collision\Manager</Filter>
    </ClCompile>
    <ClCompile Include="..\private\Component.cpp">
      <Filter>07. Component</Filter>
    </ClCompile>
    <ClCompile Include="..\private\ComputeShader.cpp">
      <Filter>19. ComputeShader</Filter>
    </ClCompile>
    <ClCompile Include="..\Private\ContainerObject.cpp">
      <Filter>05. GameObject\ContainerObject</Filter>
    </ClCompile>
    <ClCompile Include="..\private\Controller.cpp">
      <Filter>07. Component\Controller</Filter>
    </ClCompile>
    <ClCompile Include="..\Private\Culling_Manager.cpp">
      <Filter>20. Culling</Filter>
    </ClCompile>
    <ClCompile Include="..\Private\CustomFont.cpp">
      <Filter>10. Fonts</Filter>
    </ClCompile>
    <ClCompile Include="..\Private\DataExporter.cpp">
      <Filter>97. DataSystem\Exporter</Filter>
    </ClCompile>
    <ClCompile Include="..\Private\DataLoader.cpp">
      <Filter>97. DataSystem\Loader</Filter>
    </ClCompile>
    <ClCompile Include="..\Private\DebugDraw.cpp">
      <Filter>07. Component\Collider\DebugDraw</Filter>
    </ClCompile>
    <ClCompile Include="..\private\Effect_Allocator.cpp">
      <Filter>05. GameObject\Effect\Allocator</Filter>
    </ClCompile>
    <ClCompile Include="..\private\Effect_Container.cpp">
      <Filter>05. GameObject\Effect</Filter>
    </ClCompile>
    <ClCompile Include="..\Private\Effect_Emitter.cpp">
      <Filter>05. GameObject\Effect\EffectPart\Effect_Emitter</Filter>
    </ClCompile>
    <ClCompile Include="..\private\Effect_Manager.cpp">
      <Filter>05. GameObject\Effect\Manager</Filter>
    </ClCompile>
    <ClCompile Include="..\Private\Effect_Mesh.cpp">
      <Filter>05. GameObject\Effect\EffectPart\Effect_NoneParticle\Effect_Mesh</Filter>
    </ClCompile>
    <ClCompile Include="..\Private\Effect_MeshCommon.cpp">
      <Filter>05. GameObject\Effect\EffectPart</Filter>
    </ClCompile>
    <ClCompile Include="..\Private\Effect_RectCommon.cpp">
      <Filter>05. GameObject\Effect\EffectPart</Filter>
    </ClCompile>
    <ClCompile Include="..\Private\Effect_MeshEmitter.cpp">
      <Filter>05. GameObject\Effect\EffectPart\Effect_Emitter\Effect_MeshEmitter</Filter>
    </ClCompile>
    <ClCompile Include="..\Private\Effect_MeshParticle.cpp">
      <Filter>05. GameObject\Effect\EffectPart\Effect_Paricle\Effect_MeshParticle</Filter>
    </ClCompile>
    <ClCompile Include="..\Private\Effect_NonParticle.cpp">
      <Filter>05. GameObject\Effect\EffectPart\Effect_NoneParticle</Filter>
    </ClCompile>
    <ClCompile Include="..\Private\Effect_Part.cpp">
      <Filter>05. GameObject\Effect\EffectPart</Filter>
    </ClCompile>
    <ClCompile Include="..\Private\Effect_Particle.cpp">
      <Filter>05. GameObject\Effect\EffectPart\Effect_Paricle</Filter>
    </ClCompile>
    <ClCompile Include="..\Private\Effect_Quad.cpp">
      <Filter>05. GameObject\Effect\EffectPart\Effect_NoneParticle\Effect_Quad</Filter>
    </ClCompile>
    <ClCompile Include="..\Private\Effect_RectEmitter.cpp">
      <Filter>05. GameObject\Effect\EffectPart\Effect_Emitter\Effect_RectEmitter</Filter>
    </ClCompile>
    <ClCompile Include="..\Private\Effect_RectParticle.cpp">
      <Filter>05. GameObject\Effect\EffectPart\Effect_Paricle\Effect_RectParicle</Filter>
    </ClCompile>
    <ClCompile Include="..\private\Engine_pch.cpp">
      <Filter>99. Defines\pch</Filter>
    </ClCompile>
    <ClCompile Include="..\private\Environment_Manager.cpp">
      <Filter>17. Enviroment\Manager</Filter>
    </ClCompile>
    <ClCompile Include="..\private\EventBus.cpp">
      <Filter>11. EventBus</Filter>
    </ClCompile>
    <ClCompile Include="..\Private\Font_Manager.cpp">
      <Filter>10. Fonts\Manager</Filter>
    </ClCompile>
    <ClCompile Include="..\private\GameInstance.cpp">
      <Filter>00. GameInstance</Filter>
    </ClCompile>
    <ClCompile Include="..\private\GameInstance_Proxy.cpp">
      <Filter>00. GameInstance\Proxy</Filter>
    </ClCompile>
    <ClCompile Include="..\private\GameObject.cpp">
      <Filter>05. GameObject</Filter>
    </ClCompile>
    <ClCompile Include="..\Private\Graphic_Device.cpp">
      <Filter>01. Device\Graphic</Filter>
    </ClCompile>
    <ClCompile Include="..\Private\Input_Device.cpp">
      <Filter>01. Device\Input</Filter>
    </ClCompile>
    <ClCompile Include="..\private\Layer.cpp">
      <Filter>05. GameObject\00. Manager\Layer</Filter>
    </ClCompile>
    <ClCompile Include="..\Private\Level.cpp">
      <Filter>03. Levels</Filter>
    </ClCompile>
    <ClCompile Include="..\Private\Level_Manager.cpp">
      <Filter>03. Levels\Manager</Filter>
    </ClCompile>
    <ClCompile Include="..\Private\Light.cpp">
      <Filter>09. Lights</Filter>
    </ClCompile>
    <ClCompile Include="..\Private\Light_Manager.cpp">
      <Filter>09. Lights\Manager</Filter>
    </ClCompile>
    <ClCompile Include="..\Private\Material.cpp">
      <Filter>07. Component\Model\Material</Filter>
    </ClCompile>
    <ClCompile Include="..\Private\MaterialEx.cpp">
      <Filter>07. Component\Model\MaterialEx</Filter>
    </ClCompile>
    <ClCompile Include="..\Private\Mesh.cpp">
      <Filter>07. Component\Model\Mesh</Filter>
    </ClCompile>
    <ClCompile Include="..\Private\Model.cpp">
      <Filter>07. Component\Model</Filter>
    </ClCompile>
    <ClCompile Include="..\private\Movement.cpp">
      <Filter>07. Component\Movement</Filter>
    </ClCompile>
    <ClCompile Include="..\Private\Navigation.cpp">
      <Filter>07. Component\Navigation</Filter>
    </ClCompile>
    <ClCompile Include="..\private\Object_Manager.cpp">
      <Filter>05. GameObject\00. Manager</Filter>
    </ClCompile>
    <ClCompile Include="..\Private\PartObject.cpp">
      <Filter>05. GameObject\ContainerObject\PartObject</Filter>
    </ClCompile>
    <ClCompile Include="..\private\PhysX_Manager.cpp">
      <Filter>16. PhysX\Manager</Filter>
    </ClCompile>
    <ClCompile Include="..\private\Picking_Utils.cpp">
      <Filter>96. Utils</Filter>
    </ClCompile>
    <ClCompile Include="..\Private\Profiler_Manager.cpp">
      <Filter>94. Profiler</Filter>
    </ClCompile>
    <ClCompile Include="..\Private\Property.cpp">
      <Filter>05. GameObject\01. Property</Filter>
    </ClCompile>
    <ClCompile Include="..\private\Prototype_Manager.cpp">
      <Filter>04. Prototype\Manager</Filter>
    </ClCompile>
    <ClCompile Include="..\private\Renderer.cpp">
      <Filter>06. Renderer</Filter>
    </ClCompile>
    <ClCompile Include="..\Private\RenderTarget.cpp">
      <Filter>14. RenderTargets</Filter>
    </ClCompile>
    <ClCompile Include="..\private\RigIdBody.cpp">
      <Filter>07. Component\RigidBody</Filter>
    </ClCompile>
    <ClCompile Include="..\Private\Shader.cpp">
      <Filter>07. Component\Shader</Filter>
    </ClCompile>
    <ClCompile Include="..\private\ShaderGlobal_Manager.cpp">
      <Filter>18. ShaderGlobal</Filter>
    </ClCompile>
    <ClCompile Include="..\private\Shadow_Dir.cpp">
      <Filter>15. Shadow</Filter>
    </ClCompile>
    <ClCompile Include="..\Private\Sound_Handle.cpp">
      <Filter>13. Sound\Handler</Filter>
    </ClCompile>
    <ClCompile Include="..\Private\Sound_Manager.cpp">
      <Filter>13. Sound\Manager</Filter>
    </ClCompile>
    <ClCompile Include="..\Private\Target_Manager.cpp">
      <Filter>14. RenderTargets\Manager</Filter>
    </ClCompile>
    <ClCompile Include="..\Private\Texture.cpp">
      <Filter>07. Component\Texture</Filter>
    </ClCompile>
    <ClCompile Include="..\Private\Texture_Hub.cpp">
      <Filter>07. Component\Model\MaterialEx</Filter>
    </ClCompile>
    <ClCompile Include="..\Private\Timer.cpp">
      <Filter>02. Timers</Filter>
    </ClCompile>
    <ClCompile Include="..\Private\Timer_Manager.cpp">
      <Filter>02. Timers\Manager</Filter>
    </ClCompile>
    <ClCompile Include="..\private\Transform.cpp">
      <Filter>07. Component\Transform</Filter>
    </ClCompile>
    <ClCompile Include="..\private\UIContainerObject.cpp">
      <Filter>05. GameObject\UIContainerObject</Filter>
    </ClCompile>
    <ClCompile Include="..\Private\UIObject.cpp">
      <Filter>05. GameObject\UIObject</Filter>
    </ClCompile>
    <ClCompile Include="..\Private\UIPartObject.cpp">
      <Filter>05. GameObject\UIContainerObject\UIPartObject</Filter>
    </ClCompile>
    <ClCompile Include="..\Private\VIBuffer.cpp">
      <Filter>07. Component\VIBuffer</Filter>
    </ClCompile>
    <ClCompile Include="..\Private\VIBuffer_Cell.cpp">
      <Filter>07. Component\VIBuffer\Cell</Filter>
    </ClCompile>
    <ClCompile Include="..\Private\VIBuffer_Instance.cpp">
      <Filter>07. Component\VIBuffer\Instance</Filter>
    </ClCompile>
    <ClCompile Include="..\private\VIBuffer_Point.cpp">
      <Filter>07. Component\VIBuffer\Point</Filter>
    </ClCompile>
    <ClCompile Include="..\Private\VIBuffer_Point_Instance.cpp">
      <Filter>07. Component\VIBuffer\Instance\Point</Filter>
    </ClCompile>
    <ClCompile Include="..\Private\VIBuffer_Rect.cpp">
      <Filter>07. Component\VIBuffer\Rect</Filter>
    </ClCompile>
    <ClCompile Include="..\Private\VIBuffer_Rect_Instance.cpp">
      <Filter>07. Component\VIBuffer\Instance\Rect</Filter>
    </ClCompile>
    <ClCompile Include="..\Private\VIBuffer_Terrain.cpp">
      <Filter>07. Component\VIBuffer\Terrain</Filter>
    </ClCompile>
    <ClCompile Include="..\private\VIBuffer_Trail.cpp">
      <Filter>07. Component\VIBuffer\Trail</Filter>
    </ClCompile>
  </ItemGroup>
  <ItemGroup>
    <None Include="..\ShaderFiles\Engine_Shader_Defines.hlsli">
      <Filter>95. ShaderFiles</Filter>
    </None>
    <None Include="..\ShaderFiles\Shader_Cell.hlsl">
      <Filter>95. ShaderFiles</Filter>
    </None>
    <None Include="..\ShaderFiles\Shader_Deferred.hlsl">
      <Filter>95. ShaderFiles</Filter>
    </None>
    <None Include="..\ShaderFiles\Shader_Effect_Mesh.hlsl">
      <Filter>95. ShaderFiles</Filter>
    </None>
    <None Include="..\ShaderFiles\Shader_Effect_VtxTex.hlsl">
      <Filter>95. ShaderFiles</Filter>
    </None>
    <None Include="..\ShaderFiles\Shader_PostProsess.hlsl">
      <Filter>95. ShaderFiles</Filter>
    </None>
    <None Include="..\ShaderFiles\Shader_VolumetricFog.hlsl">
      <Filter>95. ShaderFiles\raw Shader</Filter>
    </None>
  </ItemGroup>
</Project>
