<?xml version="1.0" encoding="utf-8"?>
<Project ToolsVersion="4.0" xmlns="http://schemas.microsoft.com/developer/msbuild/2003">
  <ItemGroup>
    <Filter Include="99. Defines">
      <UniqueIdentifier>{6dddf281-8a73-4de2-a7d7-35e752969735}</UniqueIdentifier>
    </Filter>
    <Filter Include="00. GameObject">
      <UniqueIdentifier>{998c82c0-2ef5-457f-bbe6-45b63b21e082}</UniqueIdentifier>
    </Filter>
    <Filter Include="98. ShaderFiles">
      <UniqueIdentifier>{00e30270-76c4-4996-a09e-492e77484cc5}</UniqueIdentifier>
    </Filter>
    <Filter Include="97. DataSystem">
      <UniqueIdentifier>{2bc4e55e-b3fc-4cf9-af28-7e79ae4f5749}</UniqueIdentifier>
    </Filter>
    <Filter Include="97. DataSystem\DataLoader">
      <UniqueIdentifier>{65eb43f5-f4ed-41c4-9029-de8eeb174508}</UniqueIdentifier>
    </Filter>
    <Filter Include="00. GameObject\99. Factory">
      <UniqueIdentifier>{5114196d-bc6c-4998-93e1-18fd4a2e81f2}</UniqueIdentifier>
    </Filter>
    <Filter Include="00. GameObject\00. Camera">
      <UniqueIdentifier>{ba0c14f7-6cfd-4471-926f-3cbd3b632e55}</UniqueIdentifier>
    </Filter>
    <Filter Include="00. GameObject\Test">
      <UniqueIdentifier>{89f71a9d-8abf-42de-96db-ec93db453c6f}</UniqueIdentifier>
    </Filter>
    <Filter Include="00. GameObject\Test\TestFiona">
      <UniqueIdentifier>{0916bd2f-10ca-4681-a8f8-5b4d19f31718}</UniqueIdentifier>
    </Filter>
    <Filter Include="00. GameObject\Test\Terrain">
      <UniqueIdentifier>{61edf243-83b4-4191-9339-07578a04f915}</UniqueIdentifier>
    </Filter>
    <Filter Include="00. GameObject\Test\TestNonAnim">
      <UniqueIdentifier>{cb877a97-6b0e-4817-bb69-d7e6836d721f}</UniqueIdentifier>
    </Filter>
    <Filter Include="00. GameObject\00. Camera\Free">
      <UniqueIdentifier>{dd2cd863-482a-4286-b3df-f3f050dd4f56}</UniqueIdentifier>
    </Filter>
    <Filter Include="00. GameObject\Test\TestRect">
      <UniqueIdentifier>{e586cfae-6cf8-428a-b68e-29fbbff687e2}</UniqueIdentifier>
    </Filter>
    <Filter Include="98. ShaderFiles\Marb1e">
      <UniqueIdentifier>{c5ab5b79-8b3c-4a71-af78-735b22243355}</UniqueIdentifier>
    </Filter>
    <Filter Include="00. GameObject\Test\TestEffectQuad">
      <UniqueIdentifier>{0d1ac5b9-9bf3-49d1-848a-61300fc9ce8b}</UniqueIdentifier>
    </Filter>
    <Filter Include="00. GameObject\Test\TestMap">
      <UniqueIdentifier>{63727501-0cde-4d54-ba7a-2748b3341edb}</UniqueIdentifier>
    </Filter>
    <Filter Include="00. GameObject\Test\TestMarb1e">
      <UniqueIdentifier>{840c0faf-b354-4895-adb2-a5936fb65b71}</UniqueIdentifier>
    </Filter>
    <Filter Include="00. GameObject\Test\TestMarb1eMap">
      <UniqueIdentifier>{867f635d-c832-4d05-b596-a899a327f1a6}</UniqueIdentifier>
    </Filter>
    <Filter Include="00. GameObject\01. Map">
      <UniqueIdentifier>{52aa1b5e-9f41-4300-b321-d94a31de3ab2}</UniqueIdentifier>
    </Filter>
    <Filter Include="00. GameObject\UI">
      <UniqueIdentifier>{b3062cee-972c-4fb7-87e9-6219b23c53ca}</UniqueIdentifier>
    </Filter>
    <Filter Include="00. GameObject\UI\UIContainer">
      <UniqueIdentifier>{5ca0474a-ed3f-4d60-a221-b2411ba793c8}</UniqueIdentifier>
    </Filter>
    <Filter Include="00. GameObject\UI\UIPart">
      <UniqueIdentifier>{94c38715-2dd9-4f4e-8d6c-9d093835cbe4}</UniqueIdentifier>
    </Filter>
    <Filter Include="00. GameObject\UI\UIPart\Image">
      <UniqueIdentifier>{a5a2e4ed-68be-4718-95b0-6b592bbe34a3}</UniqueIdentifier>
    </Filter>
    <Filter Include="00. GameObject\UI\UIPart\Text">
      <UniqueIdentifier>{3b5135bf-091a-43f9-a1b4-477f575eacaa}</UniqueIdentifier>
    </Filter>
    <Filter Include="00. GameObject\UI\UIPart\SpriteAnim">
      <UniqueIdentifier>{7d5d177d-f408-4ec2-9309-c09bb6f04f26}</UniqueIdentifier>
    </Filter>
    <Filter Include="00. GameObject\UI\UIPart\Effect">
      <UniqueIdentifier>{0be37482-7fe4-4538-a085-a1d70dd6ef22}</UniqueIdentifier>
    </Filter>
    <Filter Include="98. ShaderFiles\Hojun">
      <UniqueIdentifier>{a6e24554-9141-4712-87e0-61e01d059777}</UniqueIdentifier>
    </Filter>
    <Filter Include="00. GameObject\Test\TestImageContainer">
      <UniqueIdentifier>{7f906e56-5e2d-404b-824c-cb4f519151e7}</UniqueIdentifier>
    </Filter>
    <Filter Include="00. GameObject\UI\UIContainer\Title">
      <UniqueIdentifier>{6621da30-94ec-4236-908b-f21c296456b0}</UniqueIdentifier>
    </Filter>
    <Filter Include="00. GameObject\02. EnvObject">
      <UniqueIdentifier>{ce9ba11f-9390-48f8-9a7f-e24b38b55608}</UniqueIdentifier>
    </Filter>
    <Filter Include="00. GameObject\02. EnvObject\EnvObj_Load">
      <UniqueIdentifier>{cad642eb-e745-4355-90b4-b1497ba3ef09}</UniqueIdentifier>
    </Filter>
    <Filter Include="00. GameObject\01. Map\MapDescriptor">
      <UniqueIdentifier>{077c1198-d891-486e-b491-c184ad619dd7}</UniqueIdentifier>
    </Filter>
    <Filter Include="00. GameObject\Test\Shader_Material">
      <UniqueIdentifier>{8e7d8120-ea3e-4545-ace5-aafa6c62179d}</UniqueIdentifier>
    </Filter>
    <Filter Include="00. GameObject\04. Character">
      <UniqueIdentifier>{12a38b09-ecf8-45dc-a08f-d9694ed433eb}</UniqueIdentifier>
    </Filter>
    <Filter Include="00. GameObject\04. Character\00. Kirby">
      <UniqueIdentifier>{12147d60-e62f-468f-83f3-929d881d4809}</UniqueIdentifier>
    </Filter>
    <Filter Include="00. GameObject\04. Character\00. Kirby\Parts">
      <UniqueIdentifier>{ce8838df-6dca-44f5-99b6-21707344efd7}</UniqueIdentifier>
    </Filter>
    <Filter Include="00. GameObject\01. Map\SkySphere">
      <UniqueIdentifier>{c77df806-0179-45ff-b02d-ef8c9d34da35}</UniqueIdentifier>
    </Filter>
    <Filter Include="99. Defines\Hojun">
      <UniqueIdentifier>{26b2915c-e86e-40e5-9846-5fc911ba428f}</UniqueIdentifier>
    </Filter>
    <Filter Include="00. GameObject\03. Effect">
      <UniqueIdentifier>{289ff231-82b4-41ae-806c-a6d26b461dfa}</UniqueIdentifier>
    </Filter>
    <Filter Include="00. GameObject\03. Effect\00. EffectContainer">
      <UniqueIdentifier>{48e671a4-0884-4bc5-9390-1d1119d15de8}</UniqueIdentifier>
    </Filter>
    <Filter Include="00. GameObject\03. Effect\00. EffectContainer\00. WalkSmoke">
      <UniqueIdentifier>{9f8fcf1c-0b3e-48eb-9310-44093cf6ed7a}</UniqueIdentifier>
    </Filter>
    <Filter Include="00. GameObject\03. Effect\01. Effect_Part">
      <UniqueIdentifier>{40aab48f-b6b1-4fe9-80fa-b4ca0ea5dad0}</UniqueIdentifier>
    </Filter>
    <Filter Include="00. GameObject\03. Effect\01. Effect_Part\00. SmokeSphereOriginal">
      <UniqueIdentifier>{362df019-e5fa-4be5-9f18-eea43e8e277e}</UniqueIdentifier>
    </Filter>
    <Filter Include="00. GameObject\03. Effect\01. Effect_Part\01. SmokeLowPoly">
      <UniqueIdentifier>{ff5efbd2-0596-453b-abf9-11fce4e0e720}</UniqueIdentifier>
    </Filter>
    <Filter Include="00. GameObject\03. Effect\01. Effect_Part\02. SmokeTail">
      <UniqueIdentifier>{d13a01c7-b84d-40fa-a0a4-51a1b67b7315}</UniqueIdentifier>
    </Filter>
    <Filter Include="00. GameObject\03. Effect\00. EffectContainer\01. SwordSlash">
      <UniqueIdentifier>{bd114556-93e2-4c7f-a452-7483746e046a}</UniqueIdentifier>
    </Filter>
    <Filter Include="00. GameObject\03. Effect\01. Effect_Part\04. Common_Circle01">
      <UniqueIdentifier>{29830c83-0212-4f5e-ad0d-0455cb58e043}</UniqueIdentifier>
    </Filter>
    <Filter Include="00. GameObject\03. Effect\01. Effect_Part\05. Common_Curve03">
      <UniqueIdentifier>{377b3a79-9ef3-4d43-a5a4-dd199fcf4342}</UniqueIdentifier>
    </Filter>
    <Filter Include="00. GameObject\03. Effect\01. Effect_Part\03. Vacuum">
      <UniqueIdentifier>{7f2948ff-51eb-4306-96e2-4d6fd2e69ead}</UniqueIdentifier>
    </Filter>
    <Filter Include="00. GameObject\03. Effect\00. EffectContainer\02. VacuumContainer">
      <UniqueIdentifier>{75fd20ba-5ae3-4c5f-bf95-b21a0b7e20ad}</UniqueIdentifier>
    </Filter>
  </ItemGroup>
  <ItemGroup>
    <ClInclude Include="..\Public\GameContent_Defines.h">
      <Filter>99. Defines</Filter>
    </ClInclude>
    <ClInclude Include="..\Public\GameContent_const.h">
      <Filter>99. Defines</Filter>
    </ClInclude>
    <ClInclude Include="..\Public\GameContent_Log.h">
      <Filter>99. Defines</Filter>
    </ClInclude>
    <ClInclude Include="..\Public\ResourceData.h">
      <Filter>97. DataSystem</Filter>
    </ClInclude>
    <ClInclude Include="..\Public\LevelData.h">
      <Filter>97. DataSystem</Filter>
    </ClInclude>
    <ClInclude Include="..\Public\ObjectData.h">
      <Filter>97. DataSystem</Filter>
    </ClInclude>
    <ClInclude Include="..\Public\GameObject_Factory.h">
      <Filter>00. GameObject\99. Factory</Filter>
    </ClInclude>
    <ClInclude Include="..\Public\Loader_Prototype.h">
      <Filter>97. DataSystem\DataLoader</Filter>
    </ClInclude>
    <ClInclude Include="..\Public\MapSection.h">
      <Filter>00. GameObject\01. Map</Filter>
    </ClInclude>
    <ClInclude Include="..\Public\Map_Defines.h">
      <Filter>00. GameObject\01. Map</Filter>
    </ClInclude>
    <ClInclude Include="..\Public\MapStage.h">
      <Filter>00. GameObject\01. Map</Filter>
    </ClInclude>
    <ClInclude Include="..\Public\Terrain.h">
      <Filter>00. GameObject\Test\Terrain</Filter>
    </ClInclude>
    <ClInclude Include="..\Public\TestFiona.h">
      <Filter>00. GameObject\Test\TestFiona</Filter>
    </ClInclude>
    <ClInclude Include="..\Public\GameContent_enum.h">
      <Filter>99. Defines</Filter>
    </ClInclude>
    <ClInclude Include="..\Public\TestNonAnim.h">
      <Filter>00. GameObject\Test\TestNonAnim</Filter>
    </ClInclude>
    <ClInclude Include="..\Public\GameContrnt_Events.h">
      <Filter>99. Defines</Filter>
    </ClInclude>
    <ClInclude Include="..\Public\Camera_Free.h">
      <Filter>00. GameObject\00. Camera\Free</Filter>
    </ClInclude>
    <ClInclude Include="..\public\TestRect.h">
      <Filter>00. GameObject\Test\TestRect</Filter>
    </ClInclude>
    <ClInclude Include="..\Public\TestEffectQuad.h">
      <Filter>00. GameObject\Test\TestEffectQuad</Filter>
    </ClInclude>
    <ClInclude Include="..\Public\TestMap.h">
      <Filter>00. GameObject\Test\TestMap</Filter>
    </ClInclude>
    <ClInclude Include="..\public\TestMarb1e.h">
      <Filter>00. GameObject\Test\TestMarb1e</Filter>
    </ClInclude>
    <ClInclude Include="..\Public\GameContent_AnimEvents.h">
      <Filter>99. Defines</Filter>
    </ClInclude>
    <ClInclude Include="..\public\TestMarb1eMap.h">
      <Filter>00. GameObject\Test\TestMarb1eMap</Filter>
    </ClInclude>
    <ClInclude Include="..\public\MapObject.h">
      <Filter>00. GameObject\01. Map</Filter>
    </ClInclude>
    <ClInclude Include="..\Public\UI_Image.h">
      <Filter>00. GameObject\UI\UIPart\Image</Filter>
    </ClInclude>
    <ClInclude Include="..\Public\UI_TestImageContainer.h">
      <Filter>00. GameObject\Test\TestImageContainer</Filter>
    </ClInclude>
    <ClInclude Include="..\Public\UI_Title.h">
      <Filter>00. GameObject\UI\UIContainer\Title</Filter>
    </ClInclude>
    <ClInclude Include="..\Public\WalkSmoke.h">
      <Filter>00. GameObject\03. Effect\00. EffectContainer\00. WalkSmoke</Filter>
    </ClInclude>
    <ClInclude Include="..\Public\SmokeSphereOriginal.h">
      <Filter>00. GameObject\03. Effect\01. Effect_Part\00. SmokeSphereOriginal</Filter>
    </ClInclude>
    <ClInclude Include="..\Public\EnvObject.h">
      <Filter>00. GameObject\02. EnvObject</Filter>
    </ClInclude>
    <ClInclude Include="..\Public\EnvObject_Defines.h">
      <Filter>00. GameObject\02. EnvObject</Filter>
    </ClInclude>
    <ClInclude Include="..\Public\EnvObject_Effect.h">
      <Filter>00. GameObject\02. EnvObject</Filter>
    </ClInclude>
    <ClInclude Include="..\Public\EnvObject_Interact.h">
      <Filter>00. GameObject\02. EnvObject</Filter>
    </ClInclude>
    <ClInclude Include="..\Public\EnvObject_Static.h">
      <Filter>00. GameObject\02. EnvObject</Filter>
    </ClInclude>
    <ClInclude Include="..\Public\YshModelValidator.h">
      <Filter>00. GameObject\02. EnvObject\EnvObj_Load</Filter>
    </ClInclude>
    <ClInclude Include="..\Public\EnvObjectLoader.h">
      <Filter>00. GameObject\02. EnvObject\EnvObj_Load</Filter>
    </ClInclude>
    <ClInclude Include="..\Public\MapDescriptor.h">
      <Filter>00. GameObject\01. Map\MapDescriptor</Filter>
    </ClInclude>
    <ClInclude Include="..\Public\SmokeLowPoly.h">
      <Filter>00. GameObject\03. Effect\01. Effect_Part\01. SmokeLowPoly</Filter>
    </ClInclude>
    <ClInclude Include="..\Public\SmokeTail.h">
      <Filter>00. GameObject\03. Effect\01. Effect_Part\02. SmokeTail</Filter>
    </ClInclude>
    <ClInclude Include="..\public\Material_Object.h">
      <Filter>00. GameObject\Test\Shader_Material</Filter>
    </ClInclude>
    <ClInclude Include="..\Public\Character.h">
      <Filter>00. GameObject\04. Character</Filter>
    </ClInclude>
    <ClInclude Include="..\Public\Kirby.h">
      <Filter>00. GameObject\04. Character\00. Kirby</Filter>
    </ClInclude>
    <ClInclude Include="..\Public\Kirby_Body.h">
      <Filter>00. GameObject\04. Character\00. Kirby\Parts</Filter>
    </ClInclude>
    <ClInclude Include="..\Public\SkySphere.h">
      <Filter>00. GameObject\01. Map\SkySphere</Filter>
    </ClInclude>
    <ClInclude Include="..\Public\Character_States.h">
      <Filter>99. Defines\Hojun</Filter>
    </ClInclude>
    <ClInclude Include="..\Public\Kirby_States.h">
      <Filter>99. Defines\Hojun</Filter>
    </ClInclude>
    <ClInclude Include="..\Public\SwordSlash.h">
      <Filter>00. GameObject\03. Effect\00. EffectContainer\01. SwordSlash</Filter>
    </ClInclude>
    <ClInclude Include="..\Public\Common_Curve03.h">
      <Filter>00. GameObject\03. Effect\01. Effect_Part\05. Common_Curve03</Filter>
    </ClInclude>
    <ClInclude Include="..\Public\Common_Circle01.h">
      <Filter>00. GameObject\03. Effect\01. Effect_Part\04. Common_Circle01</Filter>
    </ClInclude>
    <ClInclude Include="..\Public\Vacuum.h">
      <Filter>00. GameObject\03. Effect\01. Effect_Part\03. Vacuum</Filter>
    </ClInclude>
    <ClInclude Include="..\Public\VacuumContainer.h">
      <Filter>00. GameObject\03. Effect\00. EffectContainer\02. VacuumContainer</Filter>
    </ClInclude>
  </ItemGroup>
  <ItemGroup>
    <ClCompile Include="..\Private\GameObject_Factory.cpp">
      <Filter>00. GameObject\99. Factory</Filter>
    </ClCompile>
    <ClCompile Include="..\Private\GameContent_Log.cpp">
      <Filter>99. Defines</Filter>
    </ClCompile>
    <ClCompile Include="..\Private\Loader_Prototype.cpp">
      <Filter>97. DataSystem\DataLoader</Filter>
    </ClCompile>
    <ClCompile Include="..\Private\MapSection.cpp">
      <Filter>00. GameObject\01. Map</Filter>
    </ClCompile>
    <ClCompile Include="..\Private\MapStage.cpp">
      <Filter>00. GameObject\01. Map</Filter>
    </ClCompile>
    <ClCompile Include="..\Private\Terrain.cpp">
      <Filter>00. GameObject\Test\Terrain</Filter>
    </ClCompile>
    <ClCompile Include="..\Private\TestFiona.cpp">
      <Filter>00. GameObject\Test\TestFiona</Filter>
    </ClCompile>
    <ClCompile Include="..\Private\TestNonAnim.cpp">
      <Filter>00. GameObject\Test\TestNonAnim</Filter>
    </ClCompile>
    <ClCompile Include="..\Private\Camera_Free.cpp">
      <Filter>00. GameObject\00. Camera\Free</Filter>
    </ClCompile>
    <ClCompile Include="..\private\TestRect.cpp">
      <Filter>00. GameObject\Test\TestRect</Filter>
    </ClCompile>
    <ClCompile Include="..\Private\TestEffectQuad.cpp">
      <Filter>00. GameObject\Test\TestEffectQuad</Filter>
    </ClCompile>
    <ClCompile Include="..\private\TestMarb1e.cpp">
      <Filter>00. GameObject\Test\TestMarb1e</Filter>
    </ClCompile>
    <ClCompile Include="..\private\TestMarb1eMap.cpp">
      <Filter>00. GameObject\Test\TestMarb1eMap</Filter>
    </ClCompile>
    <ClCompile Include="..\private\MapObject.cpp">
      <Filter>00. GameObject\01. Map</Filter>
    </ClCompile>
    <ClCompile Include="..\Private\UI_Image.cpp">
      <Filter>00. GameObject\UI\UIPart\Image</Filter>
    </ClCompile>
    <ClCompile Include="..\Private\UI_TestImageContainer.cpp">
      <Filter>00. GameObject\Test\TestImageContainer</Filter>
    </ClCompile>
    <ClCompile Include="..\Private\UI_Title.cpp">
      <Filter>00. GameObject\UI\UIContainer\Title</Filter>
    </ClCompile>
    <ClCompile Include="..\Private\WalkSmoke.cpp">
      <Filter>00. GameObject\03. Effect\00. EffectContainer\00. WalkSmoke</Filter>
    </ClCompile>
    <ClCompile Include="..\Private\SmokeSphereOriginal.cpp">
      <Filter>00. GameObject\03. Effect\01. Effect_Part\00. SmokeSphereOriginal</Filter>
    </ClCompile>
    <ClCompile Include="..\Private\TestMap.cpp">
      <Filter>00. GameObject\Test\TestMap</Filter>
    </ClCompile>
    <ClCompile Include="..\Private\EnvObject.cpp">
      <Filter>00. GameObject\02. EnvObject</Filter>
    </ClCompile>
    <ClCompile Include="..\Private\EnvObject_Effect.cpp">
      <Filter>00. GameObject\02. EnvObject</Filter>
    </ClCompile>
    <ClCompile Include="..\Private\EnvObject_Interact.cpp">
      <Filter>00. GameObject\02. EnvObject</Filter>
    </ClCompile>
    <ClCompile Include="..\Private\EnvObject_Static.cpp">
      <Filter>00. GameObject\02. EnvObject</Filter>
    </ClCompile>
    <ClCompile Include="..\Private\EnvObjectLoader.cpp">
      <Filter>00. GameObject\02. EnvObject\EnvObj_Load</Filter>
    </ClCompile>
    <ClCompile Include="..\Private\MapDescriptor.cpp">
      <Filter>00. GameObject\01. Map\MapDescriptor</Filter>
    </ClCompile>
    <ClCompile Include="..\Private\SmokeLowPoly.cpp">
      <Filter>00. GameObject\03. Effect\01. Effect_Part\01. SmokeLowPoly</Filter>
    </ClCompile>
    <ClCompile Include="..\Private\SmokeTail.cpp">
      <Filter>00. GameObject\03. Effect\01. Effect_Part\02. SmokeTail</Filter>
    </ClCompile>
    <ClCompile Include="..\private\Material_Object.cpp">
      <Filter>00. GameObject\Test\Shader_Material</Filter>
    </ClCompile>
    <ClCompile Include="..\Private\Character.cpp">
      <Filter>00. GameObject\04. Character</Filter>
    </ClCompile>
    <ClCompile Include="..\Private\Kirby.cpp">
      <Filter>00. GameObject\04. Character\00. Kirby</Filter>
    </ClCompile>
    <ClCompile Include="..\Private\Kirby_Body.cpp">
      <Filter>00. GameObject\04. Character\00. Kirby\Parts</Filter>
    </ClCompile>
    <ClCompile Include="..\Private\SkySphere.cpp">
      <Filter>00. GameObject\01. Map\SkySphere</Filter>
    </ClCompile>
    <ClCompile Include="..\Private\SwordSlash.cpp">
      <Filter>00. GameObject\03. Effect\00. EffectContainer\01. SwordSlash</Filter>
    </ClCompile>
    <ClCompile Include="..\Private\Common_Curve03.cpp">
      <Filter>00. GameObject\03. Effect\01. Effect_Part\05. Common_Curve03</Filter>
    </ClCompile>
    <ClCompile Include="..\Private\Common_Circle01.cpp">
      <Filter>00. GameObject\03. Effect\01. Effect_Part\04. Common_Circle01</Filter>
    </ClCompile>
    <ClCompile Include="..\Private\Vacuum.cpp">
      <Filter>00. GameObject\03. Effect\01. Effect_Part\03. Vacuum</Filter>
    </ClCompile>
    <ClCompile Include="..\Private\VacuumContainer.cpp">
      <Filter>00. GameObject\03. Effect\00. EffectContainer\02. VacuumContainer</Filter>
    </ClCompile>
  </ItemGroup>
  <ItemGroup>
    <FxCompile Include="..\ShaderFiles\Shader_VtxTex.hlsl">
      <Filter>98. ShaderFiles</Filter>
    </FxCompile>
    <FxCompile Include="..\ShaderFiles\Shader_AnimMesh_PBR.hlsl">
      <Filter>98. ShaderFiles\Marb1e</Filter>
    </FxCompile>
    <FxCompile Include="..\ShaderFiles\Shader_NonAnim_PBR.hlsl">
      <Filter>98. ShaderFiles\Marb1e</Filter>
    </FxCompile>
    <FxCompile Include="..\ShaderFiles\Shader_Map.hlsl">
      <Filter>98. ShaderFiles\Marb1e</Filter>
    </FxCompile>
    <FxCompile Include="..\ShaderFiles\Shader_UI.hlsl">
      <Filter>98. ShaderFiles\Hojun</Filter>
    </FxCompile>
    <FxCompile Include="..\ShaderFiles\Shader_MaterialTest.hlsl">
      <Filter>98. ShaderFiles\Marb1e</Filter>
    </FxCompile>
    <FxCompile Include="..\ShaderFiles\Shader_Kirby.hlsl">
      <Filter>98. ShaderFiles\Marb1e</Filter>
    </FxCompile>
    <FxCompile Include="..\ShaderFiles\Shader_SkySphere.hlsl">
      <Filter>98. ShaderFiles\Marb1e</Filter>
    </FxCompile>
  </ItemGroup>
</Project>