<?xml version="1.0" encoding="utf-8"?>
<Project ToolsVersion="4.0" xmlns="http://schemas.microsoft.com/developer/msbuild/2003">
  <ItemGroup>
    <Filter Include="99. Defines">
      <UniqueIdentifier>{6dddf281-8a73-4de2-a7d7-35e752969735}</UniqueIdentifier>
    </Filter>
    <Filter Include="00. GameObject">
      <UniqueIdentifier>{998c82c0-2ef5-457f-bbe6-45b63b21e082}</UniqueIdentifier>
    </Filter>
    <Filter Include="98. ShaderFiles">
      <UniqueIdentifier>{00e30270-76c4-4996-a09e-492e77484cc5}</UniqueIdentifier>
    </Filter>
    <Filter Include="97. DataSystem">
      <UniqueIdentifier>{2bc4e55e-b3fc-4cf9-af28-7e79ae4f5749}</UniqueIdentifier>
    </Filter>
    <Filter Include="97. DataSystem\DataLoader">
      <UniqueIdentifier>{65eb43f5-f4ed-41c4-9029-de8eeb174508}</UniqueIdentifier>
    </Filter>
    <Filter Include="00. GameObject\99. Factory">
      <UniqueIdentifier>{5114196d-bc6c-4998-93e1-18fd4a2e81f2}</UniqueIdentifier>
    </Filter>
    <Filter Include="00. GameObject\00. Camera">
      <UniqueIdentifier>{ba0c14f7-6cfd-4471-926f-3cbd3b632e55}</UniqueIdentifier>
    </Filter>
    <Filter Include="00. GameObject\Test">
      <UniqueIdentifier>{89f71a9d-8abf-42de-96db-ec93db453c6f}</UniqueIdentifier>
    </Filter>
    <Filter Include="00. GameObject\Test\TestFiona">
      <UniqueIdentifier>{0916bd2f-10ca-4681-a8f8-5b4d19f31718}</UniqueIdentifier>
    </Filter>
    <Filter Include="00. GameObject\Test\Terrain">
      <UniqueIdentifier>{61edf243-83b4-4191-9339-07578a04f915}</UniqueIdentifier>
    </Filter>
    <Filter Include="00. GameObject\Test\TestNonAnim">
      <UniqueIdentifier>{cb877a97-6b0e-4817-bb69-d7e6836d721f}</UniqueIdentifier>
    </Filter>
    <Filter Include="00. GameObject\00. Camera\Free">
      <UniqueIdentifier>{dd2cd863-482a-4286-b3df-f3f050dd4f56}</UniqueIdentifier>
    </Filter>
    <Filter Include="00. GameObject\Test\TestRect">
      <UniqueIdentifier>{e586cfae-6cf8-428a-b68e-29fbbff687e2}</UniqueIdentifier>
    </Filter>
    <Filter Include="98. ShaderFiles\Marb1e">
      <UniqueIdentifier>{c5ab5b79-8b3c-4a71-af78-735b22243355}</UniqueIdentifier>
    </Filter>
    <Filter Include="00. GameObject\Test\TestEffectQuad">
      <UniqueIdentifier>{0d1ac5b9-9bf3-49d1-848a-61300fc9ce8b}</UniqueIdentifier>
    </Filter>
    <Filter Include="00. GameObject\Test\TestMap">
      <UniqueIdentifier>{63727501-0cde-4d54-ba7a-2748b3341edb}</UniqueIdentifier>
    </Filter>
    <Filter Include="00. GameObject\Test\TestMarb1e">
      <UniqueIdentifier>{840c0faf-b354-4895-adb2-a5936fb65b71}</UniqueIdentifier>
    </Filter>
    <Filter Include="00. GameObject\Test\TestMarb1eMap">
      <UniqueIdentifier>{867f635d-c832-4d05-b596-a899a327f1a6}</UniqueIdentifier>
    </Filter>
    <Filter Include="00. GameObject\01. Map">
      <UniqueIdentifier>{52aa1b5e-9f41-4300-b321-d94a31de3ab2}</UniqueIdentifier>
    </Filter>
    <Filter Include="98. ShaderFiles\Hojun">
      <UniqueIdentifier>{a6e24554-9141-4712-87e0-61e01d059777}</UniqueIdentifier>
    </Filter>
    <Filter Include="00. GameObject\Test\TestImageContainer">
      <UniqueIdentifier>{7f906e56-5e2d-404b-824c-cb4f519151e7}</UniqueIdentifier>
    </Filter>
    <Filter Include="00. GameObject\02. EnvObject">
      <UniqueIdentifier>{ce9ba11f-9390-48f8-9a7f-e24b38b55608}</UniqueIdentifier>
    </Filter>
    <Filter Include="00. GameObject\Test\Shader_Material">
      <UniqueIdentifier>{8e7d8120-ea3e-4545-ace5-aafa6c62179d}</UniqueIdentifier>
    </Filter>
    <Filter Include="00. GameObject\04. Character">
      <UniqueIdentifier>{12a38b09-ecf8-45dc-a08f-d9694ed433eb}</UniqueIdentifier>
    </Filter>
    <Filter Include="00. GameObject\01. Map\SkySphere">
      <UniqueIdentifier>{c77df806-0179-45ff-b02d-ef8c9d34da35}</UniqueIdentifier>
    </Filter>
    <Filter Include="00. GameObject\03. Effect">
      <UniqueIdentifier>{289ff231-82b4-41ae-806c-a6d26b461dfa}</UniqueIdentifier>
    </Filter>
    <Filter Include="00. GameObject\03. Effect\00. EffectContainer">
      <UniqueIdentifier>{48e671a4-0884-4bc5-9390-1d1119d15de8}</UniqueIdentifier>
    </Filter>
    <Filter Include="00. GameObject\03. Effect\00. EffectContainer\00. WalkSmoke">
      <UniqueIdentifier>{9f8fcf1c-0b3e-48eb-9310-44093cf6ed7a}</UniqueIdentifier>
    </Filter>
    <Filter Include="00. GameObject\03. Effect\01. Effect_Part">
      <UniqueIdentifier>{40aab48f-b6b1-4fe9-80fa-b4ca0ea5dad0}</UniqueIdentifier>
    </Filter>
    <Filter Include="00. GameObject\03. Effect\01. Effect_Part\00. SmokeSphereOriginal">
      <UniqueIdentifier>{362df019-e5fa-4be5-9f18-eea43e8e277e}</UniqueIdentifier>
    </Filter>
    <Filter Include="00. GameObject\03. Effect\01. Effect_Part\01. SmokeLowPoly">
      <UniqueIdentifier>{ff5efbd2-0596-453b-abf9-11fce4e0e720}</UniqueIdentifier>
    </Filter>
    <Filter Include="00. GameObject\03. Effect\01. Effect_Part\02. SmokeTail">
      <UniqueIdentifier>{d13a01c7-b84d-40fa-a0a4-51a1b67b7315}</UniqueIdentifier>
    </Filter>
    <Filter Include="99. Defines\Hojun">
      <UniqueIdentifier>{88dd6f60-69ca-48bd-96f3-47be9351a468}</UniqueIdentifier>
    </Filter>
    <Filter Include="00. GameObject\03. Effect">
      <UniqueIdentifier>{289ff231-82b4-41ae-806c-a6d26b461dfa}</UniqueIdentifier>
    </Filter>
    <Filter Include="00. GameObject\03. Effect\00. EffectContainer">
      <UniqueIdentifier>{48e671a4-0884-4bc5-9390-1d1119d15de8}</UniqueIdentifier>
    </Filter>
    <Filter Include="00. GameObject\03. Effect\00. EffectContainer\00. WalkSmoke">
      <UniqueIdentifier>{9f8fcf1c-0b3e-48eb-9310-44093cf6ed7a}</UniqueIdentifier>
    </Filter>
    <Filter Include="00. GameObject\03. Effect\01. Effect_Part">
      <UniqueIdentifier>{40aab48f-b6b1-4fe9-80fa-b4ca0ea5dad0}</UniqueIdentifier>
    </Filter>
    <Filter Include="00. GameObject\03. Effect\01. Effect_Part\00. SmokeSphereOriginal">
      <UniqueIdentifier>{362df019-e5fa-4be5-9f18-eea43e8e277e}</UniqueIdentifier>
    </Filter>
    <Filter Include="00. GameObject\03. Effect\01. Effect_Part\01. SmokeLowPoly">
      <UniqueIdentifier>{ff5efbd2-0596-453b-abf9-11fce4e0e720}</UniqueIdentifier>
    </Filter>
    <Filter Include="00. GameObject\03. Effect\01. Effect_Part\02. SmokeTail">
      <UniqueIdentifier>{d13a01c7-b84d-40fa-a0a4-51a1b67b7315}</UniqueIdentifier>
    </Filter>
    <Filter Include="00. GameObject\03. Effect\00. EffectContainer\01. SwordSlash">
      <UniqueIdentifier>{bd114556-93e2-4c7f-a452-7483746e046a}</UniqueIdentifier>
    </Filter>
    <Filter Include="00. GameObject\03. Effect\01. Effect_Part\04. Common_Circle01">
      <UniqueIdentifier>{29830c83-0212-4f5e-ad0d-0455cb58e043}</UniqueIdentifier>
    </Filter>
    <Filter Include="00. GameObject\03. Effect\01. Effect_Part\05. Common_Curve03">
      <UniqueIdentifier>{377b3a79-9ef3-4d43-a5a4-dd199fcf4342}</UniqueIdentifier>
    </Filter>
    <Filter Include="00. GameObject\03. Effect\01. Effect_Part\03. Vacuum">
      <UniqueIdentifier>{7f2948ff-51eb-4306-96e2-4d6fd2e69ead}</UniqueIdentifier>
    </Filter>
    <Filter Include="00. GameObject\03. Effect\00. EffectContainer\02. VacuumContainer">
      <UniqueIdentifier>{75fd20ba-5ae3-4c5f-bf95-b21a0b7e20ad}</UniqueIdentifier>
    </Filter>
    <Filter Include="00. GameObject\03. Effect\01. Effect_Part\06. InhaleEffect">
      <UniqueIdentifier>{eac9b9b7-bf0c-4d4c-bde8-6fc2eb74c3ed}</UniqueIdentifier>
    </Filter>
    <Filter Include="00. GameObject\03. Effect\01. Effect_Part\07. TornadoSpinReverse">
      <UniqueIdentifier>{787e47ba-9f50-4b14-8202-9fedb31d5864}</UniqueIdentifier>
    </Filter>
    <Filter Include="00. GameObject\05. Kirby">
      <UniqueIdentifier>{12147d60-e62f-468f-83f3-929d881d4809}</UniqueIdentifier>
    </Filter>
    <Filter Include="00. GameObject\05. Kirby\00. System">
      <UniqueIdentifier>{7648d490-820b-4c96-894c-045d0e801ece}</UniqueIdentifier>
    </Filter>
    <Filter Include="00. GameObject\05. Kirby\00. System\00. Kirby_Command">
      <UniqueIdentifier>{e0cdcdad-a6da-44ee-97c0-e62b3a4dd006}</UniqueIdentifier>
    </Filter>
    <Filter Include="00. GameObject\05. Kirby\00. System\01. Kirby_InputManager">
      <UniqueIdentifier>{f66a0972-8423-4e3e-9f13-3734efb87f5b}</UniqueIdentifier>
    </Filter>
    <Filter Include="00. GameObject\05. Kirby\00. System\02. Kirby_Controller">
      <UniqueIdentifier>{1215fa5f-4c0b-433e-8520-b64bea35bac0}</UniqueIdentifier>
    </Filter>
    <Filter Include="00. GameObject\05. Kirby\01. StateMachine">
      <UniqueIdentifier>{3e72c21b-58c2-46a4-91cc-99db8dbcffb4}</UniqueIdentifier>
    </Filter>
    <Filter Include="00. GameObject\05. Kirby\01. StateMachine\State">
      <UniqueIdentifier>{3fb8322f-bbfe-4bc3-963c-2c3d4d80cee2}</UniqueIdentifier>
    </Filter>
    <Filter Include="00. GameObject\00. Camera\AreaCam">
      <UniqueIdentifier>{712968f4-aac4-4c0d-b936-f670af432abf}</UniqueIdentifier>
    </Filter>
    <Filter Include="97. DataSystem\Header">
      <UniqueIdentifier>{c91d5dbf-3699-4f2f-88b0-29d981fe9ef4}</UniqueIdentifier>
    </Filter>
    <Filter Include="97. DataSystem\EffectLoader">
      <UniqueIdentifier>{298374c8-b224-4434-8524-9f3ddac16cd7}</UniqueIdentifier>
    </Filter>
    <Filter Include="00. GameObject\05. Kirby\02. Kirby_Ability">
      <UniqueIdentifier>{aec0ec4f-8364-4084-95b0-fba459e158d0}</UniqueIdentifier>
    </Filter>
    <Filter Include="00. GameObject\05. Kirby\02. Kirby_Ability\00. Kirby_Ability_Normal">
      <UniqueIdentifier>{1f1ebec8-785f-4d2a-be62-dc3edc8740d0}</UniqueIdentifier>
    </Filter>
    <Filter Include="00. GameObject\98. Component">
      <UniqueIdentifier>{fcf4220c-26a5-41a4-910d-b87dadeeb6d4}</UniqueIdentifier>
    </Filter>
    <Filter Include="00. GameObject\98. Component\00. Movement_Kirby">
      <UniqueIdentifier>{64b46192-c573-43d2-b69c-e80d42acca30}</UniqueIdentifier>
    </Filter>
    <Filter Include="97. DataSystem\MapLoader">
      <UniqueIdentifier>{077c1198-d891-486e-b491-c184ad619dd7}</UniqueIdentifier>
    </Filter>
    <Filter Include="97. DataSystem\MapLoader\API">
      <UniqueIdentifier>{09f4e761-18cf-4d6f-a43f-2e1b208fce8b}</UniqueIdentifier>
    </Filter>
    <Filter Include="99. Defines\Hojun\UI">
      <UniqueIdentifier>{cd0a7659-a8f0-4741-aa44-321f59e15d07}</UniqueIdentifier>
    </Filter>
    <Filter Include="00. GameObject\02. EnvObject\Instance">
      <UniqueIdentifier>{9df9d2af-5f82-4056-9d63-b9f7cc4c1544}</UniqueIdentifier>
    </Filter>
    <Filter Include="98. ShaderFiles\Leo">
      <UniqueIdentifier>{a3345da1-0cb7-4733-ac92-e971f6f0980d}</UniqueIdentifier>
    </Filter>
    <Filter Include="00. GameObject\05. Kirby\03. Parts">
      <UniqueIdentifier>{ce8838df-6dca-44f5-99b6-21707344efd7}</UniqueIdentifier>
    </Filter>
    <Filter Include="00. GameObject\05. Kirby\03. Parts\00. Body">
      <UniqueIdentifier>{81d949c1-1101-4e64-aa3f-d769238287d9}</UniqueIdentifier>
    </Filter>
    <Filter Include="00. GameObject\05. Kirby\03. Parts\KirbyOnOffParts">
      <UniqueIdentifier>{8c7ca4c1-aab7-415a-8406-92a604372a55}</UniqueIdentifier>
    </Filter>
    <Filter Include="00. GameObject\05. Kirby\03. Parts\KirbyOnOffParts\00. Sword">
      <UniqueIdentifier>{a70f7f84-5af6-4248-aa3c-e98abf86eb57}</UniqueIdentifier>
    </Filter>
    <Filter Include="00. GameObject\05. Kirby\03. Parts\KirbyOnOffParts\01. SwordHat">
      <UniqueIdentifier>{d12eb026-e157-4495-859c-6ae236366e96}</UniqueIdentifier>
    </Filter>
    <Filter Include="00. GameObject\05. Kirby\02. Kirby_Ability\01. Kirby_Ability_Sword">
      <UniqueIdentifier>{fcd6a4fd-d852-4910-bb95-c63423f00f06}</UniqueIdentifier>
    </Filter>
    <Filter Include="00. GameObject\05. Kirby\01. StateMachine\State\ControllableState">
      <UniqueIdentifier>{3ca1c2dd-321f-4630-b372-d441537bdff9}</UniqueIdentifier>
    </Filter>
    <Filter Include="00. GameObject\05. Kirby\01. StateMachine\State\ControllableState\Wait">
      <UniqueIdentifier>{8ba40596-ddff-412c-a0bc-883604bd1093}</UniqueIdentifier>
    </Filter>
    <Filter Include="00. GameObject\05. Kirby\01. StateMachine\State\ControllableState\Run">
      <UniqueIdentifier>{9e646af3-48ac-48e3-8513-45d75ec65f43}</UniqueIdentifier>
    </Filter>
    <Filter Include="00. GameObject\05. Kirby\01. StateMachine\State\ControllableState\Jump">
      <UniqueIdentifier>{3e17907c-bcba-459e-bf79-c4b706ede510}</UniqueIdentifier>
    </Filter>
    <Filter Include="00. GameObject\05. Kirby\01. StateMachine\State\ControllableState\Fall">
      <UniqueIdentifier>{90847b7a-deeb-40fd-9d4c-a4fb630d5f56}</UniqueIdentifier>
    </Filter>
    <Filter Include="00. GameObject\05. Kirby\01. StateMachine\State\Else">
      <UniqueIdentifier>{81932a37-a633-4e20-b93d-c5e42826e4f4}</UniqueIdentifier>
    </Filter>
    <Filter Include="00. GameObject\05. Kirby\01. StateMachine\State\Else\Attack">
      <UniqueIdentifier>{1a16a95c-467c-4517-b7e1-f705d612b308}</UniqueIdentifier>
    </Filter>
    <Filter Include="00. GameObject\05. Kirby\01. StateMachine\State\Else\AbilityDump">
      <UniqueIdentifier>{26490427-a373-403b-bd61-8303f0dffa59}</UniqueIdentifier>
    </Filter>
    <Filter Include="00. GameObject\05. Kirby\01. StateMachine\State\ControllableState\Hovering">
      <UniqueIdentifier>{7ab702f2-1ea4-4b6f-abc2-0a8e23722ed6}</UniqueIdentifier>
    </Filter>
    <Filter Include="00. GameObject\06. Monster">
      <UniqueIdentifier>{c69f6e1f-9250-40fa-90bd-8d408e832ff0}</UniqueIdentifier>
    </Filter>
    <Filter Include="00. GameObject\06. Monster\BladeKnight%28Sword%29">
      <UniqueIdentifier>{1138cc00-4713-44ca-a123-2f7be915075c}</UniqueIdentifier>
    </Filter>
    <Filter Include="00. GameObject\06. Monster\BladeKnight%28Sword%29\Parts">
      <UniqueIdentifier>{9b1d90f7-0e23-4287-92bd-9c96860e8ee1}</UniqueIdentifier>
    </Filter>
    <Filter Include="00. GameObject\06. Monster\BladeKnight%28Sword%29\Parts\Body">
      <UniqueIdentifier>{eb405b39-1a88-4929-bd60-51198f46fce6}</UniqueIdentifier>
    </Filter>
    <Filter Include="00. GameObject\06. Monster\BladeKnight%28Sword%29\Parts\Weapon">
      <UniqueIdentifier>{0cf226a6-c19e-4947-98cc-1d33fa4cb266}</UniqueIdentifier>
    </Filter>
    <Filter Include="00. GameObject\98. Component\01. Monster_Movement">
      <UniqueIdentifier>{0ec1c291-b11e-4b89-9dd5-3440689cb4ea}</UniqueIdentifier>
    </Filter>
    <Filter Include="00. GameObject\06. Monster\00. System">
      <UniqueIdentifier>{e318a0dd-87ae-4e91-ab68-74f564cf6724}</UniqueIdentifier>
    </Filter>
    <Filter Include="00. GameObject\06. Monster\00. System\Brain">
      <UniqueIdentifier>{c1437e9b-08e1-4763-a0a8-35f2b12048d8}</UniqueIdentifier>
    </Filter>
    <Filter Include="00. GameObject\06. Monster\00. System\Brain\FSM">
      <UniqueIdentifier>{94a92ea9-a60f-4600-bf61-99e593e73b26}</UniqueIdentifier>
    </Filter>
    <Filter Include="00. GameObject\06. Monster\00. System\BlackBoard">
      <UniqueIdentifier>{60eff175-b76d-44ed-a351-e638ac90bdd3}</UniqueIdentifier>
    </Filter>
    <Filter Include="00. GameObject\06. Monster\01. StateMachine">
      <UniqueIdentifier>{3d357cde-48bd-488a-95fd-c617d39c5ca9}</UniqueIdentifier>
    </Filter>
    <Filter Include="00. GameObject\06. Monster\01. StateMachine\State">
      <UniqueIdentifier>{09d66da9-60df-4b70-88a5-153a30f2860f}</UniqueIdentifier>
    </Filter>
    <Filter Include="99. Defines\Leo">
      <UniqueIdentifier>{ca69a650-f542-4ef4-9ce8-1c68bc5ca0a6}</UniqueIdentifier>
    </Filter>
    <Filter Include="00. GameObject\97. UI">
      <UniqueIdentifier>{b3062cee-972c-4fb7-87e9-6219b23c53ca}</UniqueIdentifier>
    </Filter>
    <Filter Include="00. GameObject\97. UI\UIContainer">
      <UniqueIdentifier>{5ca0474a-ed3f-4d60-a221-b2411ba793c8}</UniqueIdentifier>
    </Filter>
    <Filter Include="00. GameObject\97. UI\UIContainer\Title">
      <UniqueIdentifier>{6621da30-94ec-4236-908b-f21c296456b0}</UniqueIdentifier>
    </Filter>
    <Filter Include="00. GameObject\97. UI\UIContainer\GenericContainer">
      <UniqueIdentifier>{56dfa7a0-95de-45e5-bb90-e64da2be4597}</UniqueIdentifier>
    </Filter>
    <Filter Include="00. GameObject\97. UI\UIContainer\UI_PointStar">
      <UniqueIdentifier>{ad08d2a7-25f9-4d4f-bafc-4dbf686ad074}</UniqueIdentifier>
    </Filter>
    <Filter Include="00. GameObject\97. UI\UIContainer\UI_GaugeBar">
      <UniqueIdentifier>{c6318aa5-ad0e-44a8-adc5-81c167357c13}</UniqueIdentifier>
    </Filter>
    <Filter Include="00. GameObject\97. UI\UIContainer\UI_GaugeBar\KirbyStatus">
      <UniqueIdentifier>{829f9e0b-7ad3-4093-bd7e-05a27371a58e}</UniqueIdentifier>
    </Filter>
    <Filter Include="00. GameObject\97. UI\UIContainer\Sequence">
      <UniqueIdentifier>{a263c27a-7755-4cd3-9dca-ec5420934708}</UniqueIdentifier>
    </Filter>
    <Filter Include="00. GameObject\97. UI\UIContainer\Sequence\Fade">
      <UniqueIdentifier>{de591bb6-44ec-4bc9-8d69-d33d28aa6d89}</UniqueIdentifier>
    </Filter>
    <Filter Include="00. GameObject\97. UI\UIContainer\Sequence\Fade\FadeOut">
      <UniqueIdentifier>{c2ff4b5b-9012-4fb3-932a-63f2808a88f2}</UniqueIdentifier>
    </Filter>
    <Filter Include="00. GameObject\97. UI\UIContainer\Sequence\Fade\FadeIn">
      <UniqueIdentifier>{201bba17-07ba-4c89-9b01-b6f3eb0d319e}</UniqueIdentifier>
    </Filter>
    <Filter Include="00. GameObject\97. UI\UIContainer\Sequence\Loading">
      <UniqueIdentifier>{727cb6f0-106b-4ad2-86c4-c021458c69c4}</UniqueIdentifier>
    </Filter>
    <Filter Include="00. GameObject\97. UI\UIPart">
      <UniqueIdentifier>{94c38715-2dd9-4f4e-8d6c-9d093835cbe4}</UniqueIdentifier>
    </Filter>
    <Filter Include="00. GameObject\97. UI\UIPart\Image">
      <UniqueIdentifier>{a5a2e4ed-68be-4718-95b0-6b592bbe34a3}</UniqueIdentifier>
    </Filter>
    <Filter Include="00. GameObject\97. UI\UIPart\Text">
      <UniqueIdentifier>{3b5135bf-091a-43f9-a1b4-477f575eacaa}</UniqueIdentifier>
    </Filter>
    <Filter Include="00. GameObject\97. UI\UIPart\SpriteAnim">
      <UniqueIdentifier>{7d5d177d-f408-4ec2-9309-c09bb6f04f26}</UniqueIdentifier>
    </Filter>
    <Filter Include="00. GameObject\97. UI\UIPart\Effect">
      <UniqueIdentifier>{0be37482-7fe4-4538-a085-a1d70dd6ef22}</UniqueIdentifier>
    </Filter>
    <Filter Include="00. GameObject\97. UI\UIPart\GaugeFill">
      <UniqueIdentifier>{c26c9ef1-b276-4bc0-9e75-ee3d40797c24}</UniqueIdentifier>
    </Filter>
    <Filter Include="00. GameObject\97. UI\UIPart\Curtain">
      <UniqueIdentifier>{50e62849-c373-4657-829f-82a1ef120723}</UniqueIdentifier>
    </Filter>
    <Filter Include="00. GameObject\97. UI\UIPart\Curtain\SpriteAnim">
      <UniqueIdentifier>{4fcbe505-82ee-440a-a5d0-a9ffa573f348}</UniqueIdentifier>
    </Filter>
    <Filter Include="00. GameObject\97. UI\UIPart\Curtain\Anim">
      <UniqueIdentifier>{1dae57f3-f855-4352-afa2-5ed2eeeee3ce}</UniqueIdentifier>
    </Filter>
    <Filter Include="00. GameObject\97. UI\UIPart\Curtain\Anim\Eraser">
      <UniqueIdentifier>{9a4d44ca-fd80-4fdb-9d7d-9329be74e4c1}</UniqueIdentifier>
    </Filter>
    <Filter Include="00. GameObject\97. UI\UIPart\Curtain\Anim\Texture">
      <UniqueIdentifier>{b1b94500-8f62-4ab4-b98d-314399c987ff}</UniqueIdentifier>
    </Filter>
    <Filter Include="00. GameObject\97. UI\UIPart\Curtain\Anim\BG">
      <UniqueIdentifier>{608a4a2a-0e21-4b2b-a250-a9429a4b5c76}</UniqueIdentifier>
    </Filter>
    <Filter Include="00. GameObject\97. UI\Component">
      <UniqueIdentifier>{f8846c37-07a1-47ff-8883-5be2b741a76a}</UniqueIdentifier>
    </Filter>
    <Filter Include="00. GameObject\97. UI\Component\Animator">
      <UniqueIdentifier>{a0cc2fa3-e859-4ce0-bc75-268a9cc6fb1d}</UniqueIdentifier>
    </Filter>
    <Filter Include="00. GameObject\97. UI\Component\GaugeBar">
      <UniqueIdentifier>{0319824c-67e9-4142-8520-2c3bc1d47add}</UniqueIdentifier>
    </Filter>
    <Filter Include="00. GameObject\96. LevelDesign">
      <UniqueIdentifier>{df77a93d-c3e5-461c-a155-eb275851d047}</UniqueIdentifier>
    </Filter>
    <Filter Include="00. GameObject\96. LevelDesign\Breakable">
      <UniqueIdentifier>{41ac5899-75d9-43ae-ba35-d15a6f693112}</UniqueIdentifier>
    </Filter>
    <Filter Include="00. GameObject\96. LevelDesign\Unsupported">
      <UniqueIdentifier>{88670e70-c815-452c-88eb-8a17ac26a72d}</UniqueIdentifier>
    </Filter>
    <Filter Include="00. GameObject\07. MiniBoss">
      <UniqueIdentifier>{ab830d26-cbd1-45f8-8412-afec3357e9e4}</UniqueIdentifier>
    </Filter>
    <Filter Include="00. GameObject\07. MiniBoss\GigantEdge">
      <UniqueIdentifier>{866eb1da-db6b-42fc-8caa-c617ccadb430}</UniqueIdentifier>
    </Filter>
    <Filter Include="00. GameObject\07. MiniBoss\GigantEdge\Part">
      <UniqueIdentifier>{36b234a5-5536-4e67-94c1-8fd709cf127a}</UniqueIdentifier>
    </Filter>
    <Filter Include="00. GameObject\07. MiniBoss\GigantEdge\Part\Body">
      <UniqueIdentifier>{0741078a-3c4f-4119-b795-070f6e3f0278}</UniqueIdentifier>
    </Filter>
    <Filter Include="00. GameObject\07. MiniBoss\GigantEdge\Part\Sword">
      <UniqueIdentifier>{2467cdb3-b08d-4e58-b9a7-087dc6229e2a}</UniqueIdentifier>
    </Filter>
    <Filter Include="00. GameObject\07. MiniBoss\GigantEdge\Part\Shield">
      <UniqueIdentifier>{7372f538-6cbc-4eb7-8ea0-bc08a001350e}</UniqueIdentifier>
    </Filter>
    <Filter Include="00. GameObject\07. MiniBoss\GigantEdge\Brain">
      <UniqueIdentifier>{eb719185-a163-4056-9c87-941873823803}</UniqueIdentifier>
    </Filter>
    <Filter Include="00. GameObject\98. Component\01. Monster_Movement\Normal_Monster">
      <UniqueIdentifier>{83a598f0-f750-4825-b41b-816b07066be9}</UniqueIdentifier>
    </Filter>
    <Filter Include="00. GameObject\06. Monster\BladeKnight%28Sword%29\Brain">
      <UniqueIdentifier>{de157200-a056-4301-9a48-587a29b0a7f0}</UniqueIdentifier>
    </Filter>
    <Filter Include="00. GameObject\06. Monster\BladeKnight%28Sword%29\State">
      <UniqueIdentifier>{533932dd-cfb3-4312-9da1-e8b96cec46af}</UniqueIdentifier>
    </Filter>
    <Filter Include="00. GameObject\06. Monster\BladeKnight%28Sword%29\State\Attack">
      <UniqueIdentifier>{dd408402-1425-42a3-9147-6956e370fb21}</UniqueIdentifier>
    </Filter>
    <Filter Include="00. GameObject\06. Monster\BladeKnight%28Sword%29\State\DoubleAttack">
      <UniqueIdentifier>{6e258028-c856-4cd6-b619-4b040505f964}</UniqueIdentifier>
    </Filter>
    <Filter Include="00. GameObject\06. Monster\BladeKnight%28Sword%29\State\TornadoAttack">
      <UniqueIdentifier>{2b77b7f8-0c0f-4f0b-9910-b472e7bd25f3}</UniqueIdentifier>
    </Filter>
    <Filter Include="00. GameObject\Test\TestParticle">
      <UniqueIdentifier>{c3b2a3c6-b5a8-4b4a-82ac-7f8fd01b5452}</UniqueIdentifier>
    </Filter>
    <Filter Include="00. GameObject\06. Monster\01. StateMachine\State\Idle">
      <UniqueIdentifier>{c98b37f0-30aa-4b5a-9fca-09857aa902bf}</UniqueIdentifier>
    </Filter>
    <Filter Include="00. GameObject\06. Monster\01. StateMachine\State\Captured">
      <UniqueIdentifier>{879257a2-a8e4-4f88-bbb7-30452c0bccde}</UniqueIdentifier>
    </Filter>
    <Filter Include="00. GameObject\06. Monster\01. StateMachine\State\Fall">
      <UniqueIdentifier>{5c9cbfda-5036-4183-ad65-eef65efd80d6}</UniqueIdentifier>
    </Filter>
    <Filter Include="00. GameObject\06. Monster\01. StateMachine\State\Landing">
      <UniqueIdentifier>{0eb470de-c905-4503-be01-b9226fc00a6a}</UniqueIdentifier>
    </Filter>
    <Filter Include="00. GameObject\06. Monster\01. StateMachine\State\KnockBack">
      <UniqueIdentifier>{b19624c6-a631-447e-b28c-c98e93b839f7}</UniqueIdentifier>
    </Filter>
    <Filter Include="00. GameObject\06. Monster\01. StateMachine\State\KnockOut">
      <UniqueIdentifier>{e6dc4f8b-cd12-4921-9312-5328ed43df67}</UniqueIdentifier>
    </Filter>
    <Filter Include="00. GameObject\95. Interface">
      <UniqueIdentifier>{3f986a95-5219-485c-8719-2667dcade916}</UniqueIdentifier>
    </Filter>
    <Filter Include="00. GameObject\95. Interface\Damageable">
      <UniqueIdentifier>{aa32f8bd-7471-4860-9a7d-c599523a6293}</UniqueIdentifier>
    </Filter>
    <Filter Include="00. GameObject\06. Monster\01. StateMachine\State\Detect">
      <UniqueIdentifier>{6e90fbc0-097a-4226-a7d6-84ffb451aefb}</UniqueIdentifier>
    </Filter>
    <Filter Include="00. GameObject\06. Monster\01. StateMachine\State\Chase">
      <UniqueIdentifier>{b61cc78e-7768-477a-ac11-d29c9f07603b}</UniqueIdentifier>
    </Filter>
    <Filter Include="00. GameObject\06. Monster\01. StateMachine\State\Death">
      <UniqueIdentifier>{a8a873c7-fcc6-4434-8fdd-b289ad07473c}</UniqueIdentifier>
    </Filter>
    <Filter Include="00. GameObject\95. Interface\Inhalable">
      <UniqueIdentifier>{8c9a30b0-316d-445f-9cf9-b015a25e4fc3}</UniqueIdentifier>
    </Filter>
    <Filter Include="97. DataSystem\LevelDesignLoader">
      <UniqueIdentifier>{ac90f625-f08a-4a8a-89fd-03d9fa0dc850}</UniqueIdentifier>
    </Filter>
    <Filter Include="00. GameObject\96. LevelDesign\Rail">
      <UniqueIdentifier>{32387747-e76a-437f-8fc0-28fc7ecd1337}</UniqueIdentifier>
    </Filter>
    <Filter Include="00. GameObject\06. Monster\99. Monster_PartBase">
      <UniqueIdentifier>{de6fdd7b-10fb-45d6-ad3d-ed06421c157b}</UniqueIdentifier>
    </Filter>
    <Filter Include="00. GameObject\06. Monster\01. StateMachine\State\Find">
      <UniqueIdentifier>{6cd36b1a-1d3e-4d5a-963c-d67b94becb43}</UniqueIdentifier>
    </Filter>
    <Filter Include="00. GameObject\06. Monster\99. Monster_PartBase\MonsterHitPart">
      <UniqueIdentifier>{52230687-b4b4-4dcb-a790-a6981debf236}</UniqueIdentifier>
    </Filter>
    <Filter Include="00. GameObject\05. Kirby\01. StateMachine\State\Else\Full">
      <UniqueIdentifier>{7aaa2487-4849-48ce-acf4-559797cc9247}</UniqueIdentifier>
    </Filter>
    <Filter Include="00. GameObject\05. Kirby\01. StateMachine\State\Else\GetAbility">
      <UniqueIdentifier>{ef199045-e026-474a-9ec3-100f82b3ae9a}</UniqueIdentifier>
    </Filter>
    <Filter Include="00. GameObject\06. Monster\01. StateMachine\State\Spat">
      <UniqueIdentifier>{81b0629c-516a-4991-8c17-3bfbd6ecf5e9}</UniqueIdentifier>
    </Filter>
    <Filter Include="00. GameObject\06. Monster\01. StateMachine\State\Attack">
      <UniqueIdentifier>{765c8d67-517d-476b-ab97-3167b36bc8a1}</UniqueIdentifier>
    </Filter>
    <Filter Include="00. GameObject\06. Monster\01. StateMachine\State\Retreat">
      <UniqueIdentifier>{bdf27873-c46b-4fc8-bed7-7d19ef211827}</UniqueIdentifier>
    </Filter>
    <Filter Include="00. GameObject\06. Monster\01. StateMachine\State\KnockBack\Dead">
      <UniqueIdentifier>{f45699c1-0279-42f5-8174-aecc983bb4b3}</UniqueIdentifier>
    </Filter>
    <Filter Include="00. GameObject\06. Monster\NormalEnemy">
      <UniqueIdentifier>{66444ce9-9787-4e31-94d5-04f968389e66}</UniqueIdentifier>
    </Filter>
    <Filter Include="00. GameObject\06. Monster\NormalEnemy\Parts">
      <UniqueIdentifier>{c4f801b1-7d7f-4110-a9ba-12258e3f85f3}</UniqueIdentifier>
    </Filter>
    <Filter Include="00. GameObject\06. Monster\NormalEnemy\Parts\Body">
      <UniqueIdentifier>{ec28b6dd-3536-48e9-b482-a120c9f9a36a}</UniqueIdentifier>
    </Filter>
    <Filter Include="00. GameObject\06. Monster\NormalEnemy\Brain">
      <UniqueIdentifier>{f7593e7a-fc6e-4d1d-ab31-8f45704556ac}</UniqueIdentifier>
    </Filter>
  </ItemGroup>
  <ItemGroup>
    <ClInclude Include="..\Public\GameContent_Defines.h">
      <Filter>99. Defines</Filter>
    </ClInclude>
    <ClInclude Include="..\Public\GameContent_const.h">
      <Filter>99. Defines</Filter>
    </ClInclude>
    <ClInclude Include="..\Public\GameContent_Log.h">
      <Filter>99. Defines</Filter>
    </ClInclude>
    <ClInclude Include="..\Public\GameObject_Factory.h">
      <Filter>00. GameObject\99. Factory</Filter>
    </ClInclude>
    <ClInclude Include="..\Public\Loader_Prototype.h">
      <Filter>97. DataSystem\DataLoader</Filter>
    </ClInclude>
    <ClInclude Include="..\Public\MapSection.h">
      <Filter>00. GameObject\01. Map</Filter>
    </ClInclude>
    <ClInclude Include="..\Public\Map_Defines.h">
      <Filter>00. GameObject\01. Map</Filter>
    </ClInclude>
    <ClInclude Include="..\Public\MapStage.h">
      <Filter>00. GameObject\01. Map</Filter>
    </ClInclude>
    <ClInclude Include="..\Public\Terrain.h">
      <Filter>00. GameObject\Test\Terrain</Filter>
    </ClInclude>
    <ClInclude Include="..\Public\TestFiona.h">
      <Filter>00. GameObject\Test\TestFiona</Filter>
    </ClInclude>
    <ClInclude Include="..\Public\GameContent_enum.h">
      <Filter>99. Defines</Filter>
    </ClInclude>
    <ClInclude Include="..\Public\TestNonAnim.h">
      <Filter>00. GameObject\Test\TestNonAnim</Filter>
    </ClInclude>
    <ClInclude Include="..\Public\GameContrnt_Events.h">
      <Filter>99. Defines</Filter>
    </ClInclude>
    <ClInclude Include="..\Public\Camera_Free.h">
      <Filter>00. GameObject\00. Camera\Free</Filter>
    </ClInclude>
    <ClInclude Include="..\public\TestRect.h">
      <Filter>00. GameObject\Test\TestRect</Filter>
    </ClInclude>
    <ClInclude Include="..\Public\TestEffectQuad.h">
      <Filter>00. GameObject\Test\TestEffectQuad</Filter>
    </ClInclude>
    <ClInclude Include="..\Public\TestMap.h">
      <Filter>00. GameObject\Test\TestMap</Filter>
    </ClInclude>
    <ClInclude Include="..\public\TestMarb1e.h">
      <Filter>00. GameObject\Test\TestMarb1e</Filter>
    </ClInclude>
    <ClInclude Include="..\Public\GameContent_AnimEvents.h">
      <Filter>99. Defines</Filter>
    </ClInclude>
    <ClInclude Include="..\public\TestMarb1eMap.h">
      <Filter>00. GameObject\Test\TestMarb1eMap</Filter>
    </ClInclude>
    <ClInclude Include="..\public\MapObject.h">
      <Filter>00. GameObject\01. Map</Filter>
    </ClInclude>
    <ClInclude Include="..\Public\UI_Image.h">
      <Filter>00. GameObject\97. UI\UIPart\Image</Filter>
    </ClInclude>
    <ClInclude Include="..\Public\UI_TestImageContainer.h">
      <Filter>00. GameObject\Test\TestImageContainer</Filter>
    </ClInclude>
    <ClInclude Include="..\Public\UI_Title.h">
      <Filter>00. GameObject\97. UI\UIContainer\Title</Filter>
    </ClInclude>
    <ClInclude Include="..\Public\WalkSmoke.h">
      <Filter>00. GameObject\03. Effect\00. EffectContainer\00. WalkSmoke</Filter>
    </ClInclude>
    <ClInclude Include="..\Public\SmokeSphereOriginal.h">
      <Filter>00. GameObject\03. Effect\01. Effect_Part\00. SmokeSphereOriginal</Filter>
    </ClInclude>
    <ClInclude Include="..\Public\EnvObject.h">
      <Filter>00. GameObject\02. EnvObject</Filter>
    </ClInclude>
    <ClInclude Include="..\Public\EnvObject_Defines.h">
      <Filter>00. GameObject\02. EnvObject</Filter>
    </ClInclude>
    <ClInclude Include="..\Public\EnvObject_Trigger.h">
      <Filter>00. GameObject\02. EnvObject</Filter>
    </ClInclude>
    <ClInclude Include="..\Public\EnvObject_Interact.h">
      <Filter>00. GameObject\02. EnvObject</Filter>
    </ClInclude>
    <ClInclude Include="..\Public\EnvObject_Static.h">
      <Filter>00. GameObject\02. EnvObject</Filter>
    </ClInclude>
    <ClInclude Include="..\Public\SmokeLowPoly.h">
      <Filter>00. GameObject\03. Effect\01. Effect_Part\01. SmokeLowPoly</Filter>
    </ClInclude>
    <ClInclude Include="..\Public\SmokeTail.h">
      <Filter>00. GameObject\03. Effect\01. Effect_Part\02. SmokeTail</Filter>
    </ClInclude>
    <ClInclude Include="..\public\Material_Object.h">
      <Filter>00. GameObject\Test\Shader_Material</Filter>
    </ClInclude>
    <ClInclude Include="..\Public\Character.h">
      <Filter>00. GameObject\04. Character</Filter>
    </ClInclude>
    <ClInclude Include="..\Public\Kirby.h">
      <Filter>00. GameObject\05. Kirby</Filter>
    </ClInclude>
    <ClInclude Include="..\Public\SkySphere.h">
      <Filter>00. GameObject\01. Map\SkySphere</Filter>
    </ClInclude>
    <ClInclude Include="..\Public\Character_States.h">
      <Filter>99. Defines\Hojun</Filter>
    </ClInclude>
    <ClInclude Include="..\Public\Kirby_States.h">
      <Filter>99. Defines\Hojun</Filter>
    </ClInclude>
    <ClInclude Include="..\Public\SwordSlash.h">
      <Filter>00. GameObject\03. Effect\00. EffectContainer\01. SwordSlash</Filter>
    </ClInclude>
    <ClInclude Include="..\Public\Common_Curve03.h">
      <Filter>00. GameObject\03. Effect\01. Effect_Part\05. Common_Curve03</Filter>
    </ClInclude>
    <ClInclude Include="..\Public\Common_Circle01.h">
      <Filter>00. GameObject\03. Effect\01. Effect_Part\04. Common_Circle01</Filter>
    </ClInclude>
    <ClInclude Include="..\Public\Vacuum.h">
      <Filter>00. GameObject\03. Effect\01. Effect_Part\03. Vacuum</Filter>
    </ClInclude>
    <ClInclude Include="..\Public\VacuumContainer.h">
      <Filter>00. GameObject\03. Effect\00. EffectContainer\02. VacuumContainer</Filter>
    </ClInclude>
    <ClInclude Include="..\Public\Map_Builder.h">
      <Filter>97. DataSystem\MapLoader\API</Filter>
    </ClInclude>
    <ClInclude Include="..\Public\Map_ModelResolver.h">
      <Filter>97. DataSystem\MapLoader\API</Filter>
    </ClInclude>
    <ClInclude Include="..\Public\Map_Parser.h">
      <Filter>97. DataSystem\MapLoader\API</Filter>
    </ClInclude>
    <ClInclude Include="..\Public\Map_ProtoRegister.h">
      <Filter>97. DataSystem\MapLoader\API</Filter>
    </ClInclude>
    <ClInclude Include="..\Public\Map_Spawner.h">
      <Filter>97. DataSystem\MapLoader\API</Filter>
    </ClInclude>
    <ClInclude Include="..\Public\Map_LoadTypes.h">
      <Filter>97. DataSystem\MapLoader</Filter>
    </ClInclude>
    <ClInclude Include="..\Public\Map_Loader.h">
      <Filter>97. DataSystem\MapLoader</Filter>
    </ClInclude>
    <ClInclude Include="..\Public\UI_Text.h">
      <Filter>00. GameObject\97. UI\UIPart\Text</Filter>
    </ClInclude>
    <ClInclude Include="..\Public\UI_SpriteAnim.h">
      <Filter>00. GameObject\97. UI\UIPart\SpriteAnim</Filter>
    </ClInclude>
    <ClInclude Include="..\Public\UI_Effect.h">
      <Filter>00. GameObject\97. UI\UIPart\Effect</Filter>
    </ClInclude>
    <ClInclude Include="..\Public\UI_GenericContainer.h">
      <Filter>00. GameObject\97. UI\UIContainer\GenericContainer</Filter>
    </ClInclude>
    <ClInclude Include="..\Public\UI_Fonts.h">
      <Filter>99. Defines\Hojun</Filter>
    </ClInclude>
    <ClInclude Include="..\Public\UIAnimatorCom.h">
      <Filter>00. GameObject\97. UI\Component\Animator</Filter>
    </ClInclude>
    <ClInclude Include="..\Public\InhaleEffect.h">
      <Filter>00. GameObject\03. Effect\01. Effect_Part\06. InhaleEffect</Filter>
    </ClInclude>
    <ClInclude Include="..\Public\TornadoSpinReverse.h">
      <Filter>00. GameObject\03. Effect\01. Effect_Part\07. TornadoSpinReverse</Filter>
    </ClInclude>
    <ClInclude Include="..\Public\Kirby_InputManager.h">
      <Filter>00. GameObject\05. Kirby\00. System\01. Kirby_InputManager</Filter>
    </ClInclude>
    <ClInclude Include="..\Public\Kirby_Controller.h">
      <Filter>00. GameObject\05. Kirby\00. System\02. Kirby_Controller</Filter>
    </ClInclude>
    <ClInclude Include="..\Public\Kirby_Command.h">
      <Filter>00. GameObject\05. Kirby\00. System\00. Kirby_Command</Filter>
    </ClInclude>
    <ClInclude Include="..\Public\Kirby_State.h">
      <Filter>00. GameObject\05. Kirby\01. StateMachine\State</Filter>
    </ClInclude>
    <ClInclude Include="..\Public\Kirby_StateMachine.h">
      <Filter>00. GameObject\05. Kirby\01. StateMachine</Filter>
    </ClInclude>
    <ClInclude Include="..\Public\Kirby_Wait.h">
      <Filter>00. GameObject\05. Kirby\01. StateMachine\State\ControllableState\Wait</Filter>
    </ClInclude>
    <ClInclude Include="..\Public\Kirby_Run.h">
      <Filter>00. GameObject\05. Kirby\01. StateMachine\State\ControllableState\Run</Filter>
    </ClInclude>
    <ClInclude Include="..\Public\Kirby_Ability.h">
      <Filter>00. GameObject\05. Kirby\02. Kirby_Ability</Filter>
    </ClInclude>
    <ClInclude Include="..\Public\Kirby_Ability_Normal.h">
      <Filter>00. GameObject\05. Kirby\02. Kirby_Ability\00. Kirby_Ability_Normal</Filter>
    </ClInclude>
    <ClInclude Include="..\Public\Kirby_Jump.h">
      <Filter>00. GameObject\05. Kirby\01. StateMachine\State\ControllableState\Jump</Filter>
    </ClInclude>
    <ClInclude Include="..\Public\Kirby_Attack.h">
      <Filter>00. GameObject\05. Kirby\01. StateMachine\State\Else\Attack</Filter>
    </ClInclude>
    <ClInclude Include="..\Public\Kirby_Fall.h">
      <Filter>00. GameObject\05. Kirby\01. StateMachine\State\ControllableState\Fall</Filter>
    </ClInclude>
    <ClInclude Include="..\Public\Kirby_Hovering.h">
      <Filter>00. GameObject\05. Kirby\01. StateMachine\State\ControllableState\Hovering</Filter>
    </ClInclude>
    <ClInclude Include="..\Public\Movement_Child.h">
      <Filter>00. GameObject\98. Component</Filter>
    </ClInclude>
    <ClInclude Include="..\public\Camera_AreaCam.h">
      <Filter>00. GameObject\00. Camera\AreaCam</Filter>
    </ClInclude>
    <ClInclude Include="..\Public\Camera_AreaData.h">
      <Filter>00. GameObject\00. Camera\AreaCam</Filter>
    </ClInclude>
    <ClInclude Include="..\Public\ResourceData.h">
      <Filter>97. DataSystem\Header</Filter>
    </ClInclude>
    <ClInclude Include="..\Public\ObjectData.h">
      <Filter>97. DataSystem\Header</Filter>
    </ClInclude>
    <ClInclude Include="..\Public\LevelData.h">
      <Filter>97. DataSystem\Header</Filter>
    </ClInclude>
    <ClInclude Include="..\public\Effect_Loader.h">
      <Filter>97. DataSystem\EffectLoader</Filter>
    </ClInclude>
    <ClInclude Include="..\Public\TestTriggerBox.h">
      <Filter>00. GameObject\Test\TestRect</Filter>
    </ClInclude>
    <ClInclude Include="..\Public\Env_CollisionCatalog.h">
      <Filter>97. DataSystem\MapLoader\API</Filter>
    </ClInclude>
    <ClInclude Include="..\Public\Map_PresetCatalog.h">
      <Filter>97. DataSystem\MapLoader\API</Filter>
    </ClInclude>
    <ClInclude Include="..\Public\Map_EditSession.h">
      <Filter>97. DataSystem\MapLoader</Filter>
    </ClInclude>
    <ClInclude Include="..\Public\UI_PointStar.h">
      <Filter>00. GameObject\97. UI\UIContainer\UI_PointStar</Filter>
    </ClInclude>
    <ClInclude Include="..\Public\UI_KirbyStatus.h">
      <Filter>00. GameObject\97. UI\UIContainer\UI_GaugeBar\KirbyStatus</Filter>
    </ClInclude>
    <ClInclude Include="..\Public\UI_GaugeFill.h">
      <Filter>00. GameObject\97. UI\UIPart\GaugeFill</Filter>
    </ClInclude>
    <ClInclude Include="..\Public\UI_Structs.h">
      <Filter>99. Defines\Hojun\UI</Filter>
    </ClInclude>
    <ClInclude Include="..\Public\UI_Enums.h">
      <Filter>99. Defines\Hojun\UI</Filter>
    </ClInclude>
    <ClInclude Include="..\public\UI_GaugeBarCom.h">
      <Filter>00. GameObject\97. UI\Component\GaugeBar</Filter>
    </ClInclude>
    <ClInclude Include="..\Public\Env_InstanceBatch.h">
      <Filter>00. GameObject\02. EnvObject\Instance</Filter>
    </ClInclude>
    <ClInclude Include="..\Public\Env_InstanceController.h">
      <Filter>00. GameObject\02. EnvObject\Instance</Filter>
    </ClInclude>
    <ClInclude Include="..\Public\Kirby_Body.h">
      <Filter>00. GameObject\05. Kirby\03. Parts\00. Body</Filter>
    </ClInclude>
    <ClInclude Include="..\Public\Kirby_Sword.h">
      <Filter>00. GameObject\05. Kirby\03. Parts\KirbyOnOffParts\00. Sword</Filter>
    </ClInclude>
    <ClInclude Include="..\Public\Kirby_SwordHat.h">
      <Filter>00. GameObject\05. Kirby\03. Parts\KirbyOnOffParts\01. SwordHat</Filter>
    </ClInclude>
    <ClInclude Include="..\Public\Kirby_OnOffPart.h">
      <Filter>00. GameObject\05. Kirby\03. Parts\KirbyOnOffParts</Filter>
    </ClInclude>
    <ClInclude Include="..\Public\Kirby_GetAbility.h">
      <Filter>00. GameObject\05. Kirby\01. StateMachine\State\Else\GetAbility</Filter>
    </ClInclude>
    <ClInclude Include="..\Public\Kirby_Ability_Sword.h">
      <Filter>00. GameObject\05. Kirby\02. Kirby_Ability\01. Kirby_Ability_Sword</Filter>
    </ClInclude>
    <ClInclude Include="..\Public\Kirby_AbilityDump.h">
      <Filter>00. GameObject\05. Kirby\01. StateMachine\State\Else\AbilityDump</Filter>
    </ClInclude>
    <ClInclude Include="..\Public\Kirby_ControllableState.h">
      <Filter>00. GameObject\05. Kirby\01. StateMachine\State\ControllableState</Filter>
    </ClInclude>
    <ClInclude Include="..\public\UI_SpriteAnimCurtain.h">
      <Filter>00. GameObject\97. UI\UIPart\Curtain\SpriteAnim</Filter>
    </ClInclude>
    <ClInclude Include="..\public\UI_Curtain.h">
      <Filter>00. GameObject\97. UI\UIPart\Curtain\Anim\BG</Filter>
    </ClInclude>
    <ClInclude Include="..\public\UI_Eraser.h">
      <Filter>00. GameObject\97. UI\UIPart\Curtain\Anim\Eraser</Filter>
    </ClInclude>
    <ClInclude Include="..\public\UI_CurtainAnimBase.h">
      <Filter>00. GameObject\97. UI\UIPart\Curtain\Anim</Filter>
    </ClInclude>
    <ClInclude Include="..\public\UI_CurtainTexture.h">
      <Filter>00. GameObject\97. UI\UIPart\Curtain\Anim\Texture</Filter>
    </ClInclude>
    <ClInclude Include="..\public\UI_FadeOut.h">
      <Filter>00. GameObject\97. UI\UIContainer\Sequence\Fade\FadeOut</Filter>
    </ClInclude>
    <ClInclude Include="..\Public\ICurtainPart.h">
      <Filter>00. GameObject\97. UI\UIPart\Curtain</Filter>
    </ClInclude>
    <ClInclude Include="..\public\UI_LoadingCurtain.h">
      <Filter>00. GameObject\97. UI\UIContainer\Sequence\Loading</Filter>
    </ClInclude>
    <ClInclude Include="..\public\UI_CurtainSequenceBase.h">
      <Filter>00. GameObject\97. UI\UIContainer\Sequence</Filter>
    </ClInclude>
    <ClInclude Include="..\public\UI_FadeIn.h">
      <Filter>00. GameObject\97. UI\UIContainer\Sequence\Fade\FadeIn</Filter>
    </ClInclude>
    <ClInclude Include="..\Public\BladeKnight.h">
      <Filter>00. GameObject\06. Monster\BladeKnight%28Sword%29</Filter>
    </ClInclude>
    <ClInclude Include="..\Public\BladeKnight_Body.h">
      <Filter>00. GameObject\06. Monster\BladeKnight%28Sword%29\Parts\Body</Filter>
    </ClInclude>
    <ClInclude Include="..\Public\Map_EditFile.h">
      <Filter>97. DataSystem\MapLoader\API</Filter>
    </ClInclude>
    <ClInclude Include="..\Public\Monster_BlackBoard.h">
      <Filter>00. GameObject\06. Monster\00. System\BlackBoard</Filter>
    </ClInclude>
    <ClInclude Include="..\Public\Monster_Brain.h">
      <Filter>00. GameObject\06. Monster\00. System\Brain</Filter>
    </ClInclude>
    <ClInclude Include="..\Public\Monster_Brain_FSM.h">
      <Filter>00. GameObject\06. Monster\00. System\Brain\FSM</Filter>
    </ClInclude>
    <ClInclude Include="..\Public\Monster_State.h">
      <Filter>00. GameObject\06. Monster\01. StateMachine\State</Filter>
    </ClInclude>
    <ClInclude Include="..\Public\Monster_StateMachine.h">
      <Filter>00. GameObject\06. Monster\01. StateMachine</Filter>
    </ClInclude>
    <ClInclude Include="..\Public\Monster_Movement.h">
      <Filter>00. GameObject\98. Component\01. Monster_Movement</Filter>
    </ClInclude>
    <ClInclude Include="..\Public\BladeKnight_Sword.h">
      <Filter>00. GameObject\06. Monster\BladeKnight%28Sword%29\Parts\Weapon</Filter>
    </ClInclude>
    <ClInclude Include="..\Public\Monster.h">
      <Filter>00. GameObject\06. Monster</Filter>
    </ClInclude>
    <ClInclude Include="..\Public\LevelDesignObject.h">
      <Filter>00. GameObject\96. LevelDesign</Filter>
    </ClInclude>
    <ClInclude Include="..\Public\LevelDesign_Defines.h">
      <Filter>00. GameObject\96. LevelDesign</Filter>
    </ClInclude>
    <ClInclude Include="..\Public\LevelDesign_Breakable.h">
      <Filter>00. GameObject\96. LevelDesign\Breakable</Filter>
    </ClInclude>
    <ClInclude Include="..\Public\LevelDesign_Unsupported.h">
      <Filter>00. GameObject\96. LevelDesign\Unsupported</Filter>
    </ClInclude>
    <ClInclude Include="..\Public\Shader_PassMeta.h">
      <Filter>99. Defines\Leo</Filter>
    </ClInclude>
    <ClInclude Include="..\public\GigantEdge.h">
      <Filter>00. GameObject\07. MiniBoss\GigantEdge</Filter>
    </ClInclude>
    <ClInclude Include="..\public\GigantEdge_Body.h">
      <Filter>00. GameObject\07. MiniBoss\GigantEdge\Part\Body</Filter>
    </ClInclude>
    <ClInclude Include="..\public\GigantEdge_Shield.h">
      <Filter>00. GameObject\07. MiniBoss\GigantEdge\Part\Shield</Filter>
    </ClInclude>
    <ClInclude Include="..\public\GigantEdge_Sword.h">
      <Filter>00. GameObject\07. MiniBoss\GigantEdge\Part\Sword</Filter>
    </ClInclude>
    <ClInclude Include="..\public\MiniBoss.h">
      <Filter>00. GameObject\07. MiniBoss</Filter>
    </ClInclude>
    <ClInclude Include="..\public\GigantEdge_Brain.h">
      <Filter>00. GameObject\07. MiniBoss\GigantEdge\Brain</Filter>
    </ClInclude>
    <ClInclude Include="..\Public\BladeKnight_FSM.h">
      <Filter>00. GameObject\06. Monster\BladeKnight%28Sword%29\Brain</Filter>
    </ClInclude>
    <ClInclude Include="..\Public\BladeKnight_State_Attack.h">
      <Filter>00. GameObject\06. Monster\BladeKnight%28Sword%29\State\Attack</Filter>
    </ClInclude>
    <ClInclude Include="..\Public\BladeKnight_State_DoubleAttack.h">
      <Filter>00. GameObject\06. Monster\BladeKnight%28Sword%29\State\DoubleAttack</Filter>
    </ClInclude>
    <ClInclude Include="..\Public\BladeKnight_State_TornadoAttack.h">
      <Filter>00. GameObject\06. Monster\BladeKnight%28Sword%29\State\TornadoAttack</Filter>
    </ClInclude>
    <ClInclude Include="..\Public\TestParticle.h">
      <Filter>00. GameObject\Test\TestParticle</Filter>
    </ClInclude>
    <ClInclude Include="..\public\Damageable.h">
      <Filter>00. GameObject\95. Interface\Damageable</Filter>
    </ClInclude>
    <ClInclude Include="..\Public\Monster_State_Idle.h">
      <Filter>00. GameObject\06. Monster\01. StateMachine\State\Idle</Filter>
    </ClInclude>
    <ClInclude Include="..\Public\Monster_State_Detect.h">
      <Filter>00. GameObject\06. Monster\01. StateMachine\State\Detect</Filter>
    </ClInclude>
    <ClInclude Include="..\Public\Monster_State_Landing.h">
      <Filter>00. GameObject\06. Monster\01. StateMachine\State\Landing</Filter>
    </ClInclude>
    <ClInclude Include="..\Public\Monster_State_Fall.h">
      <Filter>00. GameObject\06. Monster\01. StateMachine\State\Fall</Filter>
    </ClInclude>
    <ClInclude Include="..\Public\Monster_State_Chase.h">
      <Filter>00. GameObject\06. Monster\01. StateMachine\State\Chase</Filter>
    </ClInclude>
    <ClInclude Include="..\Public\Monster_State_KnockBack.h">
      <Filter>00. GameObject\06. Monster\01. StateMachine\State\KnockBack</Filter>
    </ClInclude>
    <ClInclude Include="..\Public\Monster_State_KnockOut.h">
      <Filter>00. GameObject\06. Monster\01. StateMachine\State\KnockOut</Filter>
    </ClInclude>
    <ClInclude Include="..\Public\Monster_State_Captured.h">
      <Filter>00. GameObject\06. Monster\01. StateMachine\State\Captured</Filter>
    </ClInclude>
    <ClInclude Include="..\public\Inhalable.h">
      <Filter>00. GameObject\95. Interface\Inhalable</Filter>
    </ClInclude>
    <ClInclude Include="..\Public\Parsing_Utils.h">
      <Filter>99. Defines\Leo</Filter>
    </ClInclude>
    <ClInclude Include="..\Public\LevelDesign_Parser.h">
      <Filter>97. DataSystem\LevelDesignLoader</Filter>
    </ClInclude>
    <ClInclude Include="..\Public\LevelDesign_Registry.h">
      <Filter>97. DataSystem\LevelDesignLoader</Filter>
    </ClInclude>
    <ClInclude Include="..\Public\LevelDesign_Loader.h">
      <Filter>97. DataSystem\LevelDesignLoader</Filter>
    </ClInclude>
    <ClInclude Include="..\Public\LevelDesign_Spawner.h">
      <Filter>97. DataSystem\LevelDesignLoader</Filter>
    </ClInclude>
    <ClInclude Include="..\Public\LevelDesign_ProtoRegister.h">
      <Filter>97. DataSystem\LevelDesignLoader</Filter>
    </ClInclude>
    <ClInclude Include="..\Public\LevelDesign_LoadTypes.h">
      <Filter>97. DataSystem\LevelDesignLoader</Filter>
    </ClInclude>
    <ClInclude Include="..\Public\LevelDesign_Rail.h">
      <Filter>00. GameObject\96. LevelDesign\Rail</Filter>
    </ClInclude>
    <ClInclude Include="..\Public\RailDataReceiver.h">
      <Filter>00. GameObject\96. LevelDesign\Rail</Filter>
    </ClInclude>
    <ClInclude Include="..\public\MonsterPart.h">
      <Filter>00. GameObject\06. Monster\99. Monster_PartBase</Filter>
    </ClInclude>
    <ClInclude Include="..\public\MonsterHitPart.h">
      <Filter>00. GameObject\06. Monster\99. Monster_PartBase\MonsterHitPart</Filter>
    </ClInclude>
    <ClInclude Include="..\Public\Kirby_Stuffed.h">
      <Filter>00. GameObject\05. Kirby\01. StateMachine\State\Else\Full</Filter>
    </ClInclude>
    <ClInclude Include="..\public\Monster_State_Spat.h">
      <Filter>00. GameObject\06. Monster\01. StateMachine\State\Spat</Filter>
    </ClInclude>
    <ClInclude Include="..\Public\Monster_State_Attack.h">
      <Filter>00. GameObject\06. Monster\01. StateMachine\State\Attack</Filter>
    </ClInclude>
    <ClInclude Include="..\Public\Monster_State_Retreat.h">
      <Filter>00. GameObject\06. Monster\01. StateMachine\State\Retreat</Filter>
    </ClInclude>
    <ClInclude Include="..\Public\NormalEnemy.h">
      <Filter>00. GameObject\06. Monster\NormalEnemy</Filter>
    </ClInclude>
    <ClInclude Include="..\Public\NormalEnemy_Body.h">
      <Filter>00. GameObject\06. Monster\NormalEnemy\Parts\Body</Filter>
    </ClInclude>
  </ItemGroup>
  <ItemGroup>
    <ClCompile Include="..\Private\GameObject_Factory.cpp">
      <Filter>00. GameObject\99. Factory</Filter>
    </ClCompile>
    <ClCompile Include="..\Private\GameContent_Log.cpp">
      <Filter>99. Defines</Filter>
    </ClCompile>
    <ClCompile Include="..\Private\Loader_Prototype.cpp">
      <Filter>97. DataSystem\DataLoader</Filter>
    </ClCompile>
    <ClCompile Include="..\Private\MapSection.cpp">
      <Filter>00. GameObject\01. Map</Filter>
    </ClCompile>
    <ClCompile Include="..\Private\MapStage.cpp">
      <Filter>00. GameObject\01. Map</Filter>
    </ClCompile>
    <ClCompile Include="..\Private\Terrain.cpp">
      <Filter>00. GameObject\Test\Terrain</Filter>
    </ClCompile>
    <ClCompile Include="..\Private\TestFiona.cpp">
      <Filter>00. GameObject\Test\TestFiona</Filter>
    </ClCompile>
    <ClCompile Include="..\Private\TestNonAnim.cpp">
      <Filter>00. GameObject\Test\TestNonAnim</Filter>
    </ClCompile>
    <ClCompile Include="..\Private\Camera_Free.cpp">
      <Filter>00. GameObject\00. Camera\Free</Filter>
    </ClCompile>
    <ClCompile Include="..\private\TestRect.cpp">
      <Filter>00. GameObject\Test\TestRect</Filter>
    </ClCompile>
    <ClCompile Include="..\Private\TestEffectQuad.cpp">
      <Filter>00. GameObject\Test\TestEffectQuad</Filter>
    </ClCompile>
    <ClCompile Include="..\private\TestMarb1e.cpp">
      <Filter>00. GameObject\Test\TestMarb1e</Filter>
    </ClCompile>
    <ClCompile Include="..\private\TestMarb1eMap.cpp">
      <Filter>00. GameObject\Test\TestMarb1eMap</Filter>
    </ClCompile>
    <ClCompile Include="..\private\MapObject.cpp">
      <Filter>00. GameObject\01. Map</Filter>
    </ClCompile>
    <ClCompile Include="..\Private\UI_Image.cpp">
      <Filter>00. GameObject\97. UI\UIPart\Image</Filter>
    </ClCompile>
    <ClCompile Include="..\Private\UI_TestImageContainer.cpp">
      <Filter>00. GameObject\Test\TestImageContainer</Filter>
    </ClCompile>
    <ClCompile Include="..\Private\UI_Title.cpp">
      <Filter>00. GameObject\97. UI\UIContainer\Title</Filter>
    </ClCompile>
    <ClCompile Include="..\Private\WalkSmoke.cpp">
      <Filter>00. GameObject\03. Effect\00. EffectContainer\00. WalkSmoke</Filter>
    </ClCompile>
    <ClCompile Include="..\Private\SmokeSphereOriginal.cpp">
      <Filter>00. GameObject\03. Effect\01. Effect_Part\00. SmokeSphereOriginal</Filter>
    </ClCompile>
    <ClCompile Include="..\Private\TestMap.cpp">
      <Filter>00. GameObject\Test\TestMap</Filter>
    </ClCompile>
    <ClCompile Include="..\Private\EnvObject.cpp">
      <Filter>00. GameObject\02. EnvObject</Filter>
    </ClCompile>
    <ClCompile Include="..\Private\EnvObject_Trigger.cpp">
      <Filter>00. GameObject\02. EnvObject</Filter>
    </ClCompile>
    <ClCompile Include="..\Private\EnvObject_Interact.cpp">
      <Filter>00. GameObject\02. EnvObject</Filter>
    </ClCompile>
    <ClCompile Include="..\Private\EnvObject_Static.cpp">
      <Filter>00. GameObject\02. EnvObject</Filter>
    </ClCompile>
    <ClCompile Include="..\Private\SmokeLowPoly.cpp">
      <Filter>00. GameObject\03. Effect\01. Effect_Part\01. SmokeLowPoly</Filter>
    </ClCompile>
    <ClCompile Include="..\Private\SmokeTail.cpp">
      <Filter>00. GameObject\03. Effect\01. Effect_Part\02. SmokeTail</Filter>
    </ClCompile>
    <ClCompile Include="..\private\Material_Object.cpp">
      <Filter>00. GameObject\Test\Shader_Material</Filter>
    </ClCompile>
    <ClCompile Include="..\Private\Character.cpp">
      <Filter>00. GameObject\04. Character</Filter>
    </ClCompile>
    <ClCompile Include="..\Private\SkySphere.cpp">
      <Filter>00. GameObject\01. Map\SkySphere</Filter>
    </ClCompile>
    <ClCompile Include="..\Private\SwordSlash.cpp">
      <Filter>00. GameObject\03. Effect\00. EffectContainer\01. SwordSlash</Filter>
    </ClCompile>
    <ClCompile Include="..\Private\Common_Curve03.cpp">
      <Filter>00. GameObject\03. Effect\01. Effect_Part\05. Common_Curve03</Filter>
    </ClCompile>
    <ClCompile Include="..\Private\Common_Circle01.cpp">
      <Filter>00. GameObject\03. Effect\01. Effect_Part\04. Common_Circle01</Filter>
    </ClCompile>
    <ClCompile Include="..\Private\Vacuum.cpp">
      <Filter>00. GameObject\03. Effect\01. Effect_Part\03. Vacuum</Filter>
    </ClCompile>
    <ClCompile Include="..\Private\VacuumContainer.cpp">
      <Filter>00. GameObject\03. Effect\00. EffectContainer\02. VacuumContainer</Filter>
    </ClCompile>
    <ClCompile Include="..\Private\Map_Builder.cpp">
      <Filter>97. DataSystem\MapLoader\API</Filter>
    </ClCompile>
    <ClCompile Include="..\Private\Map_ModelResolver.cpp">
      <Filter>97. DataSystem\MapLoader\API</Filter>
    </ClCompile>
    <ClCompile Include="..\Private\Map_Parser.cpp">
      <Filter>97. DataSystem\MapLoader\API</Filter>
    </ClCompile>
    <ClCompile Include="..\Private\Map_ProtoRegister.cpp">
      <Filter>97. DataSystem\MapLoader\API</Filter>
    </ClCompile>
    <ClCompile Include="..\Private\Map_Spawner.cpp">
      <Filter>97. DataSystem\MapLoader\API</Filter>
    </ClCompile>
    <ClCompile Include="..\Private\Map_Loader.cpp">
      <Filter>97. DataSystem\MapLoader</Filter>
    </ClCompile>
    <ClCompile Include="..\Private\UI_Text.cpp">
      <Filter>00. GameObject\97. UI\UIPart\Text</Filter>
    </ClCompile>
    <ClCompile Include="..\Private\UI_SpriteAnim.cpp">
      <Filter>00. GameObject\97. UI\UIPart\SpriteAnim</Filter>
    </ClCompile>
    <ClCompile Include="..\Private\UI_Effect.cpp">
      <Filter>00. GameObject\97. UI\UIPart\Effect</Filter>
    </ClCompile>
    <ClCompile Include="..\Private\UI_GenericContainer.cpp">
      <Filter>00. GameObject\97. UI\UIContainer\GenericContainer</Filter>
    </ClCompile>
    <ClCompile Include="..\Private\UIAnimatorCom.cpp">
      <Filter>00. GameObject\97. UI\Component\Animator</Filter>
    </ClCompile>
    <ClCompile Include="..\Private\InhaleEffect.cpp">
      <Filter>00. GameObject\03. Effect\01. Effect_Part\06. InhaleEffect</Filter>
    </ClCompile>
    <ClCompile Include="..\Private\TornadoSpinReverse.cpp">
      <Filter>00. GameObject\03. Effect\01. Effect_Part\07. TornadoSpinReverse</Filter>
    </ClCompile>
    <ClCompile Include="..\Private\Kirby_InputManager.cpp">
      <Filter>00. GameObject\05. Kirby\00. System\01. Kirby_InputManager</Filter>
    </ClCompile>
    <ClCompile Include="..\Private\Kirby_Controller.cpp">
      <Filter>00. GameObject\05. Kirby\00. System\02. Kirby_Controller</Filter>
    </ClCompile>
    <ClCompile Include="..\Private\Kirby_StateMachine.cpp">
      <Filter>00. GameObject\05. Kirby\01. StateMachine</Filter>
    </ClCompile>
    <ClCompile Include="..\Private\Kirby_Wait.cpp">
      <Filter>00. GameObject\05. Kirby\01. StateMachine\State\ControllableState\Wait</Filter>
    </ClCompile>
    <ClCompile Include="..\Private\Kirby_Run.cpp">
      <Filter>00. GameObject\05. Kirby\01. StateMachine\State\ControllableState\Run</Filter>
    </ClCompile>
    <ClCompile Include="..\Private\Kirby_Ability_Normal.cpp">
      <Filter>00. GameObject\05. Kirby\02. Kirby_Ability\00. Kirby_Ability_Normal</Filter>
    </ClCompile>
    <ClCompile Include="..\Private\Kirby_Jump.cpp">
      <Filter>00. GameObject\05. Kirby\01. StateMachine\State\ControllableState\Jump</Filter>
    </ClCompile>
    <ClCompile Include="..\Private\Kirby.cpp">
      <Filter>00. GameObject\05. Kirby</Filter>
    </ClCompile>
    <ClCompile Include="..\Private\Kirby_Attack.cpp">
      <Filter>00. GameObject\05. Kirby\01. StateMachine\State\Else\Attack</Filter>
    </ClCompile>
    <ClCompile Include="..\Private\Kirby_Fall.cpp">
      <Filter>00. GameObject\05. Kirby\01. StateMachine\State\ControllableState\Fall</Filter>
    </ClCompile>
    <ClCompile Include="..\Private\Kirby_Hovering.cpp">
      <Filter>00. GameObject\05. Kirby\01. StateMachine\State\ControllableState\Hovering</Filter>
    </ClCompile>
    <ClCompile Include="..\Private\Movement_Child.cpp">
      <Filter>00. GameObject\98. Component</Filter>
    </ClCompile>
    <ClCompile Include="..\private\Camera_AreaCam.cpp">
      <Filter>00. GameObject\00. Camera\AreaCam</Filter>
    </ClCompile>
    <ClCompile Include="..\Private\Camera_AreaSolver.cpp">
      <Filter>00. GameObject\00. Camera\AreaCam</Filter>
    </ClCompile>
    <ClCompile Include="..\private\Effect_Loader.cpp">
      <Filter>97. DataSystem\EffectLoader</Filter>
    </ClCompile>
    <ClCompile Include="..\Private\TestTriggerBox.cpp">
      <Filter>00. GameObject\Test\TestRect</Filter>
    </ClCompile>
    <ClCompile Include="..\Private\Env_CollisionCatalog.cpp">
      <Filter>97. DataSystem\MapLoader\API</Filter>
    </ClCompile>
    <ClCompile Include="..\Private\Map_PresetCatalog.cpp">
      <Filter>97. DataSystem\MapLoader\API</Filter>
    </ClCompile>
    <ClCompile Include="..\Private\Map_EditSession.cpp">
      <Filter>97. DataSystem\MapLoader</Filter>
    </ClCompile>
    <ClCompile Include="..\Private\UI_PointStar.cpp">
      <Filter>00. GameObject\97. UI\UIContainer\UI_PointStar</Filter>
    </ClCompile>
    <ClCompile Include="..\Private\UI_KirbyStatus.cpp">
      <Filter>00. GameObject\97. UI\UIContainer\UI_GaugeBar\KirbyStatus</Filter>
    </ClCompile>
    <ClCompile Include="..\Private\UI_GaugeFill.cpp">
      <Filter>00. GameObject\97. UI\UIPart\GaugeFill</Filter>
    </ClCompile>
    <ClCompile Include="..\private\UI_GaugeBarCom.cpp">
      <Filter>00. GameObject\97. UI\Component\GaugeBar</Filter>
    </ClCompile>
    <ClCompile Include="..\Private\Env_InstanceBatch.cpp">
      <Filter>00. GameObject\02. EnvObject\Instance</Filter>
    </ClCompile>
    <ClCompile Include="..\Private\Env_InstanceController.cpp">
      <Filter>00. GameObject\02. EnvObject\Instance</Filter>
    </ClCompile>
    <ClCompile Include="..\Private\Kirby_Body.cpp">
      <Filter>00. GameObject\05. Kirby\03. Parts\00. Body</Filter>
    </ClCompile>
    <ClCompile Include="..\Private\Kirby_Sword.cpp">
      <Filter>00. GameObject\05. Kirby\03. Parts\KirbyOnOffParts\00. Sword</Filter>
    </ClCompile>
    <ClCompile Include="..\Private\Kirby_SwordHat.cpp">
      <Filter>00. GameObject\05. Kirby\03. Parts\KirbyOnOffParts\01. SwordHat</Filter>
    </ClCompile>
    <ClCompile Include="..\Private\Kirby_OnOffPart.cpp">
      <Filter>00. GameObject\05. Kirby\03. Parts\KirbyOnOffParts</Filter>
    </ClCompile>
    <ClCompile Include="..\Private\Kirby_GetAbility.cpp">
      <Filter>00. GameObject\05. Kirby\01. StateMachine\State\Else\GetAbility</Filter>
    </ClCompile>
    <ClCompile Include="..\Private\Kirby_State.cpp">
      <Filter>00. GameObject\05. Kirby\01. StateMachine\State</Filter>
    </ClCompile>
    <ClCompile Include="..\Private\Kirby_Ability_Sword.cpp">
      <Filter>00. GameObject\05. Kirby\02. Kirby_Ability\01. Kirby_Ability_Sword</Filter>
    </ClCompile>
    <ClCompile Include="..\Private\Kirby_AbilityDump.cpp">
      <Filter>00. GameObject\05. Kirby\01. StateMachine\State\Else\AbilityDump</Filter>
    </ClCompile>
    <ClCompile Include="..\Private\Kirby_ControllableState.cpp">
      <Filter>00. GameObject\05. Kirby\01. StateMachine\State\ControllableState</Filter>
    </ClCompile>
    <ClCompile Include="..\private\UI_SpriteAnimCurtain.cpp">
      <Filter>00. GameObject\97. UI\UIPart\Curtain\SpriteAnim</Filter>
    </ClCompile>
    <ClCompile Include="..\private\UI_Curtain.cpp">
      <Filter>00. GameObject\97. UI\UIPart\Curtain\Anim\BG</Filter>
    </ClCompile>
    <ClCompile Include="..\private\UI_Eraser.cpp">
      <Filter>00. GameObject\97. UI\UIPart\Curtain\Anim\Eraser</Filter>
    </ClCompile>
    <ClCompile Include="..\private\UI_CurtainAnimBase.cpp">
      <Filter>00. GameObject\97. UI\UIPart\Curtain\Anim</Filter>
    </ClCompile>
    <ClCompile Include="..\private\UI_CurtainTexture.cpp">
      <Filter>00. GameObject\97. UI\UIPart\Curtain\Anim\Texture</Filter>
    </ClCompile>
    <ClCompile Include="..\private\UI_FadeOut.cpp">
      <Filter>00. GameObject\97. UI\UIContainer\Sequence\Fade\FadeOut</Filter>
    </ClCompile>
    <ClCompile Include="..\private\UI_LoadingCurtain.cpp">
      <Filter>00. GameObject\97. UI\UIContainer\Sequence\Loading</Filter>
    </ClCompile>
    <ClCompile Include="..\private\UI_CurtainSequenceBase.cpp">
      <Filter>00. GameObject\97. UI\UIContainer\Sequence</Filter>
    </ClCompile>
    <ClCompile Include="..\private\UI_FadeIn.cpp">
      <Filter>00. GameObject\97. UI\UIContainer\Sequence\Fade\FadeIn</Filter>
    </ClCompile>
    <ClCompile Include="..\Private\BladeKnight.cpp">
      <Filter>00. GameObject\06. Monster\BladeKnight%28Sword%29</Filter>
    </ClCompile>
    <ClCompile Include="..\Private\BladeKnight_Body.cpp">
      <Filter>00. GameObject\06. Monster\BladeKnight%28Sword%29\Parts\Body</Filter>
    </ClCompile>
    <ClCompile Include="..\Private\Map_EditFile.cpp">
      <Filter>97. DataSystem\MapLoader\API</Filter>
    </ClCompile>
    <ClCompile Include="..\Private\Monster_Brain.cpp">
      <Filter>00. GameObject\06. Monster\00. System\Brain</Filter>
    </ClCompile>
    <ClCompile Include="..\Private\Monster_Brain_FSM.cpp">
      <Filter>00. GameObject\06. Monster\00. System\Brain\FSM</Filter>
    </ClCompile>
    <ClCompile Include="..\Private\Monster_State.cpp">
      <Filter>00. GameObject\06. Monster\01. StateMachine\State</Filter>
    </ClCompile>
    <ClCompile Include="..\Private\Monster_StateMachine.cpp">
      <Filter>00. GameObject\06. Monster\01. StateMachine</Filter>
    </ClCompile>
    <ClCompile Include="..\Private\Monster_Movement.cpp">
      <Filter>00. GameObject\98. Component\01. Monster_Movement</Filter>
    </ClCompile>
    <ClCompile Include="..\Private\BladeKnight_Sword.cpp">
      <Filter>00. GameObject\06. Monster\BladeKnight%28Sword%29\Parts\Weapon</Filter>
    </ClCompile>
    <ClCompile Include="..\Private\Monster.cpp">
      <Filter>00. GameObject\06. Monster</Filter>
    </ClCompile>
    <ClCompile Include="..\Private\LevelDesignObject.cpp">
      <Filter>00. GameObject\96. LevelDesign</Filter>
    </ClCompile>
    <ClCompile Include="..\Private\LevelDesign_Breakable.cpp">
      <Filter>00. GameObject\96. LevelDesign\Breakable</Filter>
    </ClCompile>
    <ClCompile Include="..\Private\LevelDesign_Unsupported.cpp">
      <Filter>00. GameObject\96. LevelDesign\Unsupported</Filter>
    </ClCompile>
    <ClCompile Include="..\private\GigantEdge.cpp">
      <Filter>00. GameObject\07. MiniBoss\GigantEdge</Filter>
    </ClCompile>
    <ClCompile Include="..\private\GigantEdge_Body.cpp">
      <Filter>00. GameObject\07. MiniBoss\GigantEdge\Part\Body</Filter>
    </ClCompile>
    <ClCompile Include="..\private\GigantEdge_Shield.cpp">
      <Filter>00. GameObject\07. MiniBoss\GigantEdge\Part\Shield</Filter>
    </ClCompile>
    <ClCompile Include="..\private\GigantEdge_Sword.cpp">
      <Filter>00. GameObject\07. MiniBoss\GigantEdge\Part\Sword</Filter>
    </ClCompile>
    <ClCompile Include="..\private\MiniBoss.cpp">
      <Filter>00. GameObject\07. MiniBoss</Filter>
    </ClCompile>
    <ClCompile Include="..\private\GigantEdge_Brain.cpp">
      <Filter>00. GameObject\07. MiniBoss\GigantEdge\Brain</Filter>
    </ClCompile>
    <ClCompile Include="..\Private\BladeKnight_FSM.cpp">
      <Filter>00. GameObject\06. Monster\BladeKnight%28Sword%29\Brain</Filter>
    </ClCompile>
    <ClCompile Include="..\Private\BladeKnight_State_Attack.cpp">
      <Filter>00. GameObject\06. Monster\BladeKnight%28Sword%29\State\Attack</Filter>
    </ClCompile>
    <ClCompile Include="..\Private\BladeKnight_State_DoubleAttack.cpp">
      <Filter>00. GameObject\06. Monster\BladeKnight%28Sword%29\State\DoubleAttack</Filter>
    </ClCompile>
    <ClCompile Include="..\Private\BladeKnight_State_TornadoAttack.cpp">
      <Filter>00. GameObject\06. Monster\BladeKnight%28Sword%29\State\TornadoAttack</Filter>
    </ClCompile>
    <ClCompile Include="..\Private\Kirby_Ability.cpp">
      <Filter>00. GameObject\05. Kirby\02. Kirby_Ability</Filter>
    </ClCompile>
    <ClCompile Include="..\Private\TestParticle.cpp">
      <Filter>00. GameObject\Test\TestParticle</Filter>
    </ClCompile>
    <ClCompile Include="..\private\Damageable.cpp">
      <Filter>00. GameObject\95. Interface\Damageable</Filter>
    </ClCompile>
    <ClCompile Include="..\Private\Monster_State_Idle.cpp">
      <Filter>00. GameObject\06. Monster\01. StateMachine\State\Idle</Filter>
    </ClCompile>
    <ClCompile Include="..\Private\Monster_State_Detect.cpp">
      <Filter>00. GameObject\06. Monster\01. StateMachine\State\Detect</Filter>
    </ClCompile>
    <ClCompile Include="..\Private\Monster_State_Landing.cpp">
      <Filter>00. GameObject\06. Monster\01. StateMachine\State\Landing</Filter>
    </ClCompile>
    <ClCompile Include="..\Private\Monster_State_Fall.cpp">
      <Filter>00. GameObject\06. Monster\01. StateMachine\State\Fall</Filter>
    </ClCompile>
    <ClCompile Include="..\Private\Monster_State_Chase.cpp">
      <Filter>00. GameObject\06. Monster\01. StateMachine\State\Chase</Filter>
    </ClCompile>
    <ClCompile Include="..\Private\Monster_State_KnockBack.cpp">
      <Filter>00. GameObject\06. Monster\01. StateMachine\State\KnockBack</Filter>
    </ClCompile>
    <ClCompile Include="..\Private\Monster_State_KnockOut.cpp">
      <Filter>00. GameObject\06. Monster\01. StateMachine\State\KnockOut</Filter>
    </ClCompile>
    <ClCompile Include="..\Private\Monster_State_Captured.cpp">
      <Filter>00. GameObject\06. Monster\01. StateMachine\State\Captured</Filter>
    </ClCompile>
    <ClCompile Include="..\private\Inhalable.cpp">
      <Filter>00. GameObject\95. Interface\Inhalable</Filter>
    </ClCompile>
    <ClCompile Include="..\Private\LevelDesign_Parser.cpp">
      <Filter>97. DataSystem\LevelDesignLoader</Filter>
    </ClCompile>
    <ClCompile Include="..\Private\LevelDesign_Registry.cpp">
      <Filter>97. DataSystem\LevelDesignLoader</Filter>
    </ClCompile>
    <ClCompile Include="..\Private\LevelDesign_Loader.cpp">
      <Filter>97. DataSystem\LevelDesignLoader</Filter>
    </ClCompile>
    <ClCompile Include="..\Private\LevelDesign_Spawner.cpp">
      <Filter>97. DataSystem\LevelDesignLoader</Filter>
    </ClCompile>
    <ClCompile Include="..\Private\LevelDesign_ProtoRegister.cpp">
      <Filter>97. DataSystem\LevelDesignLoader</Filter>
    </ClCompile>
    <ClCompile Include="..\Private\LevelDesign_Rail.cpp">
      <Filter>00. GameObject\96. LevelDesign\Rail</Filter>
    </ClCompile>
    <ClCompile Include="..\Private\RailDataReceiver.cpp">
      <Filter>00. GameObject\96. LevelDesign\Rail</Filter>
    </ClCompile>
    <ClCompile Include="..\private\MonsterPart.cpp">
      <Filter>00. GameObject\06. Monster\99. Monster_PartBase</Filter>
    </ClCompile>
    <ClCompile Include="..\private\MonsterHitPart.cpp">
      <Filter>00. GameObject\06. Monster\99. Monster_PartBase\MonsterHitPart</Filter>
    </ClCompile>
    <ClCompile Include="..\Private\Kirby_Stuffed.cpp">
      <Filter>00. GameObject\05. Kirby\01. StateMachine\State\Else\Full</Filter>
    </ClCompile>
    <ClCompile Include="..\private\Monster_State_Spat.cpp">
      <Filter>00. GameObject\06. Monster\01. StateMachine\State\Spat</Filter>
    </ClCompile>
    <ClCompile Include="..\Private\Monster_State_Attack.cpp">
      <Filter>00. GameObject\06. Monster\01. StateMachine\State\Attack</Filter>
    </ClCompile>
    <ClCompile Include="..\Private\Monster_State_Retreat.cpp">
      <Filter>00. GameObject\06. Monster\01. StateMachine\State\Retreat</Filter>
    </ClCompile>
    <ClCompile Include="..\Private\NormalEnemy.cpp">
      <Filter>00. GameObject\06. Monster\NormalEnemy</Filter>
    </ClCompile>
    <ClCompile Include="..\Private\NormalEnemy_Body.cpp">
      <Filter>00. GameObject\06. Monster\NormalEnemy\Parts\Body</Filter>
    </ClCompile>
  </ItemGroup>
  <ItemGroup>
    <FxCompile Include="..\ShaderFiles\Shader_VtxTex.hlsl">
      <Filter>98. ShaderFiles</Filter>
    </FxCompile>
    <FxCompile Include="..\ShaderFiles\Shader_AnimMesh_PBR.hlsl">
      <Filter>98. ShaderFiles\Marb1e</Filter>
    </FxCompile>
    <FxCompile Include="..\ShaderFiles\Shader_NonAnim_PBR.hlsl">
      <Filter>98. ShaderFiles\Marb1e</Filter>
    </FxCompile>
    <FxCompile Include="..\ShaderFiles\Shader_Map.hlsl">
      <Filter>98. ShaderFiles\Marb1e</Filter>
    </FxCompile>
    <FxCompile Include="..\ShaderFiles\Shader_UI.hlsl">
      <Filter>98. ShaderFiles\Hojun</Filter>
    </FxCompile>
    <FxCompile Include="..\ShaderFiles\Shader_MaterialTest.hlsl">
      <Filter>98. ShaderFiles\Marb1e</Filter>
    </FxCompile>
    <FxCompile Include="..\ShaderFiles\Shader_Kirby.hlsl">
      <Filter>98. ShaderFiles\Marb1e</Filter>
    </FxCompile>
    <FxCompile Include="..\ShaderFiles\Shader_SkySphere.hlsl">
      <Filter>98. ShaderFiles\Marb1e</Filter>
    </FxCompile>
    <FxCompile Include="..\ShaderFiles\Shader_EnvInstance.hlsl">
      <Filter>98. ShaderFiles\Leo</Filter>
    </FxCompile>
    <FxCompile Include="..\ShaderFiles\Shader_MapEx.hlsl">
      <Filter>98. ShaderFiles\Leo</Filter>
    </FxCompile>
  </ItemGroup>
</Project>