<?xml version="1.0" encoding="utf-8"?>
<Project ToolsVersion="4.0" xmlns="http://schemas.microsoft.com/developer/msbuild/2003">
  <ItemGroup>
    <Filter Include="99. Defines">
      <UniqueIdentifier>{6dddf281-8a73-4de2-a7d7-35e752969735}</UniqueIdentifier>
    </Filter>
    <Filter Include="00. GameObject">
      <UniqueIdentifier>{998c82c0-2ef5-457f-bbe6-45b63b21e082}</UniqueIdentifier>
    </Filter>
    <Filter Include="98. ShaderFiles">
      <UniqueIdentifier>{00e30270-76c4-4996-a09e-492e77484cc5}</UniqueIdentifier>
    </Filter>
    <Filter Include="97. DataSystem">
      <UniqueIdentifier>{2bc4e55e-b3fc-4cf9-af28-7e79ae4f5749}</UniqueIdentifier>
    </Filter>
    <Filter Include="97. DataSystem\DataLoader">
      <UniqueIdentifier>{65eb43f5-f4ed-41c4-9029-de8eeb174508}</UniqueIdentifier>
    </Filter>
    <Filter Include="00. GameObject\99. Factory">
      <UniqueIdentifier>{5114196d-bc6c-4998-93e1-18fd4a2e81f2}</UniqueIdentifier>
    </Filter>
    <Filter Include="00. GameObject\00. Camera">
      <UniqueIdentifier>{ba0c14f7-6cfd-4471-926f-3cbd3b632e55}</UniqueIdentifier>
    </Filter>
    <Filter Include="00. GameObject\Test">
      <UniqueIdentifier>{89f71a9d-8abf-42de-96db-ec93db453c6f}</UniqueIdentifier>
    </Filter>
    <Filter Include="00. GameObject\Test\TestFiona">
      <UniqueIdentifier>{0916bd2f-10ca-4681-a8f8-5b4d19f31718}</UniqueIdentifier>
    </Filter>
    <Filter Include="00. GameObject\Test\Terrain">
      <UniqueIdentifier>{61edf243-83b4-4191-9339-07578a04f915}</UniqueIdentifier>
    </Filter>
    <Filter Include="00. GameObject\Test\TestNonAnim">
      <UniqueIdentifier>{cb877a97-6b0e-4817-bb69-d7e6836d721f}</UniqueIdentifier>
    </Filter>
    <Filter Include="00. GameObject\00. Camera\Free">
      <UniqueIdentifier>{dd2cd863-482a-4286-b3df-f3f050dd4f56}</UniqueIdentifier>
    </Filter>
    <Filter Include="00. GameObject\Test\TestRect">
      <UniqueIdentifier>{e586cfae-6cf8-428a-b68e-29fbbff687e2}</UniqueIdentifier>
    </Filter>
    <Filter Include="98. ShaderFiles\Marb1e">
      <UniqueIdentifier>{c5ab5b79-8b3c-4a71-af78-735b22243355}</UniqueIdentifier>
    </Filter>
    <Filter Include="00. GameObject\Test\TestEffectQuad">
      <UniqueIdentifier>{0d1ac5b9-9bf3-49d1-848a-61300fc9ce8b}</UniqueIdentifier>
    </Filter>
    <Filter Include="00. GameObject\Test\TestMap">
      <UniqueIdentifier>{63727501-0cde-4d54-ba7a-2748b3341edb}</UniqueIdentifier>
    </Filter>
    <Filter Include="00. GameObject\Test\TestMarb1e">
      <UniqueIdentifier>{840c0faf-b354-4895-adb2-a5936fb65b71}</UniqueIdentifier>
    </Filter>
    <Filter Include="00. GameObject\Test\TestMarb1eMap">
      <UniqueIdentifier>{867f635d-c832-4d05-b596-a899a327f1a6}</UniqueIdentifier>
    </Filter>
    <Filter Include="00. GameObject\01. Map">
      <UniqueIdentifier>{52aa1b5e-9f41-4300-b321-d94a31de3ab2}</UniqueIdentifier>
    </Filter>
    <Filter Include="00. GameObject\UI">
      <UniqueIdentifier>{b3062cee-972c-4fb7-87e9-6219b23c53ca}</UniqueIdentifier>
    </Filter>
    <Filter Include="00. GameObject\UI\UIContainer">
      <UniqueIdentifier>{5ca0474a-ed3f-4d60-a221-b2411ba793c8}</UniqueIdentifier>
    </Filter>
    <Filter Include="98. ShaderFiles\Hojun">
      <UniqueIdentifier>{a6e24554-9141-4712-87e0-61e01d059777}</UniqueIdentifier>
    </Filter>
    <Filter Include="00. GameObject\Test\TestImageContainer">
      <UniqueIdentifier>{7f906e56-5e2d-404b-824c-cb4f519151e7}</UniqueIdentifier>
    </Filter>
    <Filter Include="00. GameObject\UI\UIContainer\Title">
      <UniqueIdentifier>{6621da30-94ec-4236-908b-f21c296456b0}</UniqueIdentifier>
    </Filter>
    <Filter Include="00. GameObject\02. EnvObject">
      <UniqueIdentifier>{ce9ba11f-9390-48f8-9a7f-e24b38b55608}</UniqueIdentifier>
    </Filter>
    <Filter Include="00. GameObject\Test\Shader_Material">
      <UniqueIdentifier>{8e7d8120-ea3e-4545-ace5-aafa6c62179d}</UniqueIdentifier>
    </Filter>
    <Filter Include="00. GameObject\04. Character">
      <UniqueIdentifier>{12a38b09-ecf8-45dc-a08f-d9694ed433eb}</UniqueIdentifier>
    </Filter>
    <Filter Include="00. GameObject\01. Map\SkySphere">
      <UniqueIdentifier>{c77df806-0179-45ff-b02d-ef8c9d34da35}</UniqueIdentifier>
    </Filter>
    <Filter Include="00. GameObject\03. Effect">
      <UniqueIdentifier>{289ff231-82b4-41ae-806c-a6d26b461dfa}</UniqueIdentifier>
    </Filter>
    <Filter Include="00. GameObject\03. Effect\00. EffectContainer">
      <UniqueIdentifier>{48e671a4-0884-4bc5-9390-1d1119d15de8}</UniqueIdentifier>
    </Filter>
    <Filter Include="00. GameObject\03. Effect\00. EffectContainer\00. WalkSmoke">
      <UniqueIdentifier>{9f8fcf1c-0b3e-48eb-9310-44093cf6ed7a}</UniqueIdentifier>
    </Filter>
    <Filter Include="00. GameObject\03. Effect\01. Effect_Part">
      <UniqueIdentifier>{40aab48f-b6b1-4fe9-80fa-b4ca0ea5dad0}</UniqueIdentifier>
    </Filter>
    <Filter Include="00. GameObject\03. Effect\01. Effect_Part\00. SmokeSphereOriginal">
      <UniqueIdentifier>{362df019-e5fa-4be5-9f18-eea43e8e277e}</UniqueIdentifier>
    </Filter>
    <Filter Include="00. GameObject\03. Effect\01. Effect_Part\01. SmokeLowPoly">
      <UniqueIdentifier>{ff5efbd2-0596-453b-abf9-11fce4e0e720}</UniqueIdentifier>
    </Filter>
    <Filter Include="00. GameObject\03. Effect\01. Effect_Part\02. SmokeTail">
      <UniqueIdentifier>{d13a01c7-b84d-40fa-a0a4-51a1b67b7315}</UniqueIdentifier>
    </Filter>
    <Filter Include="99. Defines\Hojun">
      <UniqueIdentifier>{88dd6f60-69ca-48bd-96f3-47be9351a468}</UniqueIdentifier>
    </Filter>
    <Filter Include="00. GameObject\03. Effect">
      <UniqueIdentifier>{289ff231-82b4-41ae-806c-a6d26b461dfa}</UniqueIdentifier>
    </Filter>
    <Filter Include="00. GameObject\03. Effect\00. EffectContainer">
      <UniqueIdentifier>{48e671a4-0884-4bc5-9390-1d1119d15de8}</UniqueIdentifier>
    </Filter>
    <Filter Include="00. GameObject\03. Effect\00. EffectContainer\00. WalkSmoke">
      <UniqueIdentifier>{9f8fcf1c-0b3e-48eb-9310-44093cf6ed7a}</UniqueIdentifier>
    </Filter>
    <Filter Include="00. GameObject\03. Effect\01. Effect_Part">
      <UniqueIdentifier>{40aab48f-b6b1-4fe9-80fa-b4ca0ea5dad0}</UniqueIdentifier>
    </Filter>
    <Filter Include="00. GameObject\03. Effect\01. Effect_Part\00. SmokeSphereOriginal">
      <UniqueIdentifier>{362df019-e5fa-4be5-9f18-eea43e8e277e}</UniqueIdentifier>
    </Filter>
    <Filter Include="00. GameObject\03. Effect\01. Effect_Part\01. SmokeLowPoly">
      <UniqueIdentifier>{ff5efbd2-0596-453b-abf9-11fce4e0e720}</UniqueIdentifier>
    </Filter>
    <Filter Include="00. GameObject\03. Effect\01. Effect_Part\02. SmokeTail">
      <UniqueIdentifier>{d13a01c7-b84d-40fa-a0a4-51a1b67b7315}</UniqueIdentifier>
    </Filter>
    <Filter Include="00. GameObject\03. Effect\00. EffectContainer\01. SwordSlash">
      <UniqueIdentifier>{bd114556-93e2-4c7f-a452-7483746e046a}</UniqueIdentifier>
    </Filter>
    <Filter Include="00. GameObject\03. Effect\01. Effect_Part\04. Common_Circle01">
      <UniqueIdentifier>{29830c83-0212-4f5e-ad0d-0455cb58e043}</UniqueIdentifier>
    </Filter>
    <Filter Include="00. GameObject\03. Effect\01. Effect_Part\05. Common_Curve03">
      <UniqueIdentifier>{377b3a79-9ef3-4d43-a5a4-dd199fcf4342}</UniqueIdentifier>
    </Filter>
    <Filter Include="00. GameObject\03. Effect\01. Effect_Part\03. Vacuum">
      <UniqueIdentifier>{7f2948ff-51eb-4306-96e2-4d6fd2e69ead}</UniqueIdentifier>
    </Filter>
    <Filter Include="00. GameObject\03. Effect\00. EffectContainer\02. VacuumContainer">
      <UniqueIdentifier>{75fd20ba-5ae3-4c5f-bf95-b21a0b7e20ad}</UniqueIdentifier>
    </Filter>
    <Filter Include="00. GameObject\03. Effect\01. Effect_Part\06. InhaleEffect">
      <UniqueIdentifier>{eac9b9b7-bf0c-4d4c-bde8-6fc2eb74c3ed}</UniqueIdentifier>
    </Filter>
    <Filter Include="00. GameObject\UI\UIContainer\GenericContainer">
      <UniqueIdentifier>{56dfa7a0-95de-45e5-bb90-e64da2be4597}</UniqueIdentifier>
    </Filter>
    <Filter Include="00. GameObject\03. Effect\01. Effect_Part\07. TornadoSpinReverse">
      <UniqueIdentifier>{787e47ba-9f50-4b14-8202-9fedb31d5864}</UniqueIdentifier>
    </Filter>
    <Filter Include="00. GameObject\05. Kirby">
      <UniqueIdentifier>{12147d60-e62f-468f-83f3-929d881d4809}</UniqueIdentifier>
    </Filter>
    <Filter Include="00. GameObject\05. Kirby\00. System">
      <UniqueIdentifier>{7648d490-820b-4c96-894c-045d0e801ece}</UniqueIdentifier>
    </Filter>
    <Filter Include="00. GameObject\05. Kirby\00. System\00. Kirby_Command">
      <UniqueIdentifier>{e0cdcdad-a6da-44ee-97c0-e62b3a4dd006}</UniqueIdentifier>
    </Filter>
    <Filter Include="00. GameObject\05. Kirby\00. System\01. Kirby_InputManager">
      <UniqueIdentifier>{f66a0972-8423-4e3e-9f13-3734efb87f5b}</UniqueIdentifier>
    </Filter>
    <Filter Include="00. GameObject\05. Kirby\00. System\02. Kirby_Controller">
      <UniqueIdentifier>{1215fa5f-4c0b-433e-8520-b64bea35bac0}</UniqueIdentifier>
    </Filter>
    <Filter Include="00. GameObject\05. Kirby\04. Parts">
      <UniqueIdentifier>{ce8838df-6dca-44f5-99b6-21707344efd7}</UniqueIdentifier>
    </Filter>
    <Filter Include="00. GameObject\05. Kirby\01. StateMachine">
      <UniqueIdentifier>{3e72c21b-58c2-46a4-91cc-99db8dbcffb4}</UniqueIdentifier>
    </Filter>
    <Filter Include="00. GameObject\05. Kirby\01. StateMachine\State">
      <UniqueIdentifier>{3fb8322f-bbfe-4bc3-963c-2c3d4d80cee2}</UniqueIdentifier>
    </Filter>
    <Filter Include="00. GameObject\05. Kirby\01. StateMachine\State\00. Wait">
      <UniqueIdentifier>{8ba40596-ddff-412c-a0bc-883604bd1093}</UniqueIdentifier>
    </Filter>
    <Filter Include="00. GameObject\05. Kirby\01. StateMachine\State\01. Run">
      <UniqueIdentifier>{9e646af3-48ac-48e3-8513-45d75ec65f43}</UniqueIdentifier>
    </Filter>
    <Filter Include="00. GameObject\05. Kirby\01. StateMachine\State\02. Jump">
      <UniqueIdentifier>{3e17907c-bcba-459e-bf79-c4b706ede510}</UniqueIdentifier>
    </Filter>
    <Filter Include="00. GameObject\05. Kirby\01. StateMachine\State\03. Fall">
      <UniqueIdentifier>{90847b7a-deeb-40fd-9d4c-a4fb630d5f56}</UniqueIdentifier>
    </Filter>
    <Filter Include="00. GameObject\05. Kirby\01. StateMachine\State\04. Attack">
      <UniqueIdentifier>{1a16a95c-467c-4517-b7e1-f705d612b308}</UniqueIdentifier>
    </Filter>
    <Filter Include="00. GameObject\05. Kirby\01. StateMachine\State\05. Hovering">
      <UniqueIdentifier>{7ab702f2-1ea4-4b6f-abc2-0a8e23722ed6}</UniqueIdentifier>
    </Filter>
    <Filter Include="00. GameObject\00. Camera\AreaCam">
      <UniqueIdentifier>{712968f4-aac4-4c0d-b936-f670af432abf}</UniqueIdentifier>
    </Filter>
    <Filter Include="97. DataSystem\Header">
      <UniqueIdentifier>{c91d5dbf-3699-4f2f-88b0-29d981fe9ef4}</UniqueIdentifier>
    </Filter>
    <Filter Include="97. DataSystem\EffectLoader">
      <UniqueIdentifier>{298374c8-b224-4434-8524-9f3ddac16cd7}</UniqueIdentifier>
    </Filter>
    <Filter Include="00. GameObject\05. Kirby\02. Kirby_Ability">
      <UniqueIdentifier>{aec0ec4f-8364-4084-95b0-fba459e158d0}</UniqueIdentifier>
    </Filter>
    <Filter Include="00. GameObject\05. Kirby\02. Kirby_Ability\00. Kirby_Ability_Normal">
      <UniqueIdentifier>{1f1ebec8-785f-4d2a-be62-dc3edc8740d0}</UniqueIdentifier>
    </Filter>
    <Filter Include="00. GameObject\99. Component">
      <UniqueIdentifier>{fcf4220c-26a5-41a4-910d-b87dadeeb6d4}</UniqueIdentifier>
    </Filter>
    <Filter Include="00. GameObject\99. Component\00. Movement_Kirby">
      <UniqueIdentifier>{64b46192-c573-43d2-b69c-e80d42acca30}</UniqueIdentifier>
    </Filter>
    <Filter Include="97. DataSystem\MapLoader">
      <UniqueIdentifier>{077c1198-d891-486e-b491-c184ad619dd7}</UniqueIdentifier>
    </Filter>
    <Filter Include="97. DataSystem\MapLoader\API">
      <UniqueIdentifier>{09f4e761-18cf-4d6f-a43f-2e1b208fce8b}</UniqueIdentifier>
    </Filter>
    <Filter Include="00. GameObject\UI\UIContainer\UI_PointStar">
      <UniqueIdentifier>{ad08d2a7-25f9-4d4f-bafc-4dbf686ad074}</UniqueIdentifier>
    </Filter>
    <Filter Include="00. GameObject\UI\UIPart">
      <UniqueIdentifier>{94c38715-2dd9-4f4e-8d6c-9d093835cbe4}</UniqueIdentifier>
    </Filter>
    <Filter Include="00. GameObject\UI\UIPart\Image">
      <UniqueIdentifier>{a5a2e4ed-68be-4718-95b0-6b592bbe34a3}</UniqueIdentifier>
    </Filter>
    <Filter Include="00. GameObject\UI\UIPart\Text">
      <UniqueIdentifier>{3b5135bf-091a-43f9-a1b4-477f575eacaa}</UniqueIdentifier>
    </Filter>
    <Filter Include="00. GameObject\UI\UIPart\SpriteAnim">
      <UniqueIdentifier>{7d5d177d-f408-4ec2-9309-c09bb6f04f26}</UniqueIdentifier>
    </Filter>
    <Filter Include="00. GameObject\UI\UIPart\Effect">
      <UniqueIdentifier>{0be37482-7fe4-4538-a085-a1d70dd6ef22}</UniqueIdentifier>
    </Filter>
    <Filter Include="00. GameObject\UI\UIContainer\UI_GaugeBar">
      <UniqueIdentifier>{c6318aa5-ad0e-44a8-adc5-81c167357c13}</UniqueIdentifier>
    </Filter>
    <Filter Include="00. GameObject\UI\UIContainer\UI_GaugeBar\KirbyStatus">
      <UniqueIdentifier>{829f9e0b-7ad3-4093-bd7e-05a27371a58e}</UniqueIdentifier>
    </Filter>
    <Filter Include="00. GameObject\UI\UIPart\GaugeFill">
      <UniqueIdentifier>{c26c9ef1-b276-4bc0-9e75-ee3d40797c24}</UniqueIdentifier>
    </Filter>
    <Filter Include="99. Defines\Hojun\UI">
      <UniqueIdentifier>{cd0a7659-a8f0-4741-aa44-321f59e15d07}</UniqueIdentifier>
    </Filter>
    <Filter Include="00. GameObject\UI\Component">
      <UniqueIdentifier>{f8846c37-07a1-47ff-8883-5be2b741a76a}</UniqueIdentifier>
    </Filter>
    <Filter Include="00. GameObject\UI\Component\Animator">
      <UniqueIdentifier>{a0cc2fa3-e859-4ce0-bc75-268a9cc6fb1d}</UniqueIdentifier>
    </Filter>
    <Filter Include="00. GameObject\UI\Component\GaugeBar">
      <UniqueIdentifier>{0319824c-67e9-4142-8520-2c3bc1d47add}</UniqueIdentifier>
    </Filter>
    <Filter Include="00. GameObject\UI\UIPart\Curtain">
      <UniqueIdentifier>{50e62849-c373-4657-829f-82a1ef120723}</UniqueIdentifier>
    </Filter>
    <Filter Include="00. GameObject\UI\UIPart\Curtain\SpriteAnim">
      <UniqueIdentifier>{4fcbe505-82ee-440a-a5d0-a9ffa573f348}</UniqueIdentifier>
    </Filter>
    <Filter Include="00. GameObject\UI\UIPart\Curtain\Anim">
      <UniqueIdentifier>{1dae57f3-f855-4352-afa2-5ed2eeeee3ce}</UniqueIdentifier>
    </Filter>
    <Filter Include="00. GameObject\UI\UIPart\Curtain\Anim\Eraser">
      <UniqueIdentifier>{9a4d44ca-fd80-4fdb-9d7d-9329be74e4c1}</UniqueIdentifier>
    </Filter>
    <Filter Include="00. GameObject\UI\UIPart\Curtain\Anim\Texture">
      <UniqueIdentifier>{b1b94500-8f62-4ab4-b98d-314399c987ff}</UniqueIdentifier>
    </Filter>
    <Filter Include="00. GameObject\UI\UIContainer\FadeOut">
      <UniqueIdentifier>{c2ff4b5b-9012-4fb3-932a-63f2808a88f2}</UniqueIdentifier>
    </Filter>
    <Filter Include="00. GameObject\UI\UIPart\Curtain\Anim\BG">
      <UniqueIdentifier>{608a4a2a-0e21-4b2b-a250-a9429a4b5c76}</UniqueIdentifier>
    </Filter>
  </ItemGroup>
  <ItemGroup>
    <ClInclude Include="..\Public\GameContent_Defines.h">
      <Filter>99. Defines</Filter>
    </ClInclude>
    <ClInclude Include="..\Public\GameContent_const.h">
      <Filter>99. Defines</Filter>
    </ClInclude>
    <ClInclude Include="..\Public\GameContent_Log.h">
      <Filter>99. Defines</Filter>
    </ClInclude>
    <ClInclude Include="..\Public\GameObject_Factory.h">
      <Filter>00. GameObject\99. Factory</Filter>
    </ClInclude>
    <ClInclude Include="..\Public\Loader_Prototype.h">
      <Filter>97. DataSystem\DataLoader</Filter>
    </ClInclude>
    <ClInclude Include="..\Public\MapSection.h">
      <Filter>00. GameObject\01. Map</Filter>
    </ClInclude>
    <ClInclude Include="..\Public\Map_Defines.h">
      <Filter>00. GameObject\01. Map</Filter>
    </ClInclude>
    <ClInclude Include="..\Public\MapStage.h">
      <Filter>00. GameObject\01. Map</Filter>
    </ClInclude>
    <ClInclude Include="..\Public\Terrain.h">
      <Filter>00. GameObject\Test\Terrain</Filter>
    </ClInclude>
    <ClInclude Include="..\Public\TestFiona.h">
      <Filter>00. GameObject\Test\TestFiona</Filter>
    </ClInclude>
    <ClInclude Include="..\Public\GameContent_enum.h">
      <Filter>99. Defines</Filter>
    </ClInclude>
    <ClInclude Include="..\Public\TestNonAnim.h">
      <Filter>00. GameObject\Test\TestNonAnim</Filter>
    </ClInclude>
    <ClInclude Include="..\Public\GameContrnt_Events.h">
      <Filter>99. Defines</Filter>
    </ClInclude>
    <ClInclude Include="..\Public\Camera_Free.h">
      <Filter>00. GameObject\00. Camera\Free</Filter>
    </ClInclude>
    <ClInclude Include="..\public\TestRect.h">
      <Filter>00. GameObject\Test\TestRect</Filter>
    </ClInclude>
    <ClInclude Include="..\Public\TestEffectQuad.h">
      <Filter>00. GameObject\Test\TestEffectQuad</Filter>
    </ClInclude>
    <ClInclude Include="..\Public\TestMap.h">
      <Filter>00. GameObject\Test\TestMap</Filter>
    </ClInclude>
    <ClInclude Include="..\public\TestMarb1e.h">
      <Filter>00. GameObject\Test\TestMarb1e</Filter>
    </ClInclude>
    <ClInclude Include="..\Public\GameContent_AnimEvents.h">
      <Filter>99. Defines</Filter>
    </ClInclude>
    <ClInclude Include="..\public\TestMarb1eMap.h">
      <Filter>00. GameObject\Test\TestMarb1eMap</Filter>
    </ClInclude>
    <ClInclude Include="..\public\MapObject.h">
      <Filter>00. GameObject\01. Map</Filter>
    </ClInclude>
    <ClInclude Include="..\Public\UI_Image.h">
      <Filter>00. GameObject\UI\UIPart\Image</Filter>
    </ClInclude>
    <ClInclude Include="..\Public\UI_TestImageContainer.h">
      <Filter>00. GameObject\Test\TestImageContainer</Filter>
    </ClInclude>
    <ClInclude Include="..\Public\UI_Title.h">
      <Filter>00. GameObject\UI\UIContainer\Title</Filter>
    </ClInclude>
    <ClInclude Include="..\Public\WalkSmoke.h">
      <Filter>00. GameObject\03. Effect\00. EffectContainer\00. WalkSmoke</Filter>
    </ClInclude>
    <ClInclude Include="..\Public\SmokeSphereOriginal.h">
      <Filter>00. GameObject\03. Effect\01. Effect_Part\00. SmokeSphereOriginal</Filter>
    </ClInclude>
    <ClInclude Include="..\Public\EnvObject.h">
      <Filter>00. GameObject\02. EnvObject</Filter>
    </ClInclude>
    <ClInclude Include="..\Public\EnvObject_Defines.h">
      <Filter>00. GameObject\02. EnvObject</Filter>
    </ClInclude>
    <ClInclude Include="..\Public\EnvObject_Trigger.h">
      <Filter>00. GameObject\02. EnvObject</Filter>
    </ClInclude>
    <ClInclude Include="..\Public\EnvObject_Interact.h">
      <Filter>00. GameObject\02. EnvObject</Filter>
    </ClInclude>
    <ClInclude Include="..\Public\EnvObject_Static.h">
      <Filter>00. GameObject\02. EnvObject</Filter>
    </ClInclude>
    <ClInclude Include="..\Public\SmokeLowPoly.h">
      <Filter>00. GameObject\03. Effect\01. Effect_Part\01. SmokeLowPoly</Filter>
    </ClInclude>
    <ClInclude Include="..\Public\SmokeTail.h">
      <Filter>00. GameObject\03. Effect\01. Effect_Part\02. SmokeTail</Filter>
    </ClInclude>
    <ClInclude Include="..\public\Material_Object.h">
      <Filter>00. GameObject\Test\Shader_Material</Filter>
    </ClInclude>
    <ClInclude Include="..\Public\Character.h">
      <Filter>00. GameObject\04. Character</Filter>
    </ClInclude>
    <ClInclude Include="..\Public\Kirby.h">
      <Filter>00. GameObject\05. Kirby</Filter>
    </ClInclude>
    <ClInclude Include="..\Public\Kirby_Body.h">
      <Filter>00. GameObject\05. Kirby\04. Parts</Filter>
    </ClInclude>
    <ClInclude Include="..\Public\SkySphere.h">
      <Filter>00. GameObject\01. Map\SkySphere</Filter>
    </ClInclude>
    <ClInclude Include="..\Public\Character_States.h">
      <Filter>99. Defines\Hojun</Filter>
    </ClInclude>
    <ClInclude Include="..\Public\Kirby_States.h">
      <Filter>99. Defines\Hojun</Filter>
    </ClInclude>
    <ClInclude Include="..\Public\SwordSlash.h">
      <Filter>00. GameObject\03. Effect\00. EffectContainer\01. SwordSlash</Filter>
    </ClInclude>
    <ClInclude Include="..\Public\Common_Curve03.h">
      <Filter>00. GameObject\03. Effect\01. Effect_Part\05. Common_Curve03</Filter>
    </ClInclude>
    <ClInclude Include="..\Public\Common_Circle01.h">
      <Filter>00. GameObject\03. Effect\01. Effect_Part\04. Common_Circle01</Filter>
    </ClInclude>
    <ClInclude Include="..\Public\Vacuum.h">
      <Filter>00. GameObject\03. Effect\01. Effect_Part\03. Vacuum</Filter>
    </ClInclude>
    <ClInclude Include="..\Public\VacuumContainer.h">
      <Filter>00. GameObject\03. Effect\00. EffectContainer\02. VacuumContainer</Filter>
    </ClInclude>
    <ClInclude Include="..\Public\Map_Builder.h">
      <Filter>97. DataSystem\MapLoader\API</Filter>
    </ClInclude>
    <ClInclude Include="..\Public\Map_ModelResolver.h">
      <Filter>97. DataSystem\MapLoader\API</Filter>
    </ClInclude>
    <ClInclude Include="..\Public\Map_Parser.h">
      <Filter>97. DataSystem\MapLoader\API</Filter>
    </ClInclude>
    <ClInclude Include="..\Public\Map_ProtoRegister.h">
      <Filter>97. DataSystem\MapLoader\API</Filter>
    </ClInclude>
    <ClInclude Include="..\Public\Map_Spawner.h">
      <Filter>97. DataSystem\MapLoader\API</Filter>
    </ClInclude>
    <ClInclude Include="..\Public\Map_LoadTypes.h">
      <Filter>97. DataSystem\MapLoader</Filter>
    </ClInclude>
    <ClInclude Include="..\Public\Map_Loader.h">
      <Filter>97. DataSystem\MapLoader</Filter>
    </ClInclude>
    <ClInclude Include="..\Public\UI_Text.h">
      <Filter>00. GameObject\UI\UIPart\Text</Filter>
    </ClInclude>
    <ClInclude Include="..\Public\UI_SpriteAnim.h">
      <Filter>00. GameObject\UI\UIPart\SpriteAnim</Filter>
    </ClInclude>
    <ClInclude Include="..\Public\UI_Effect.h">
      <Filter>00. GameObject\UI\UIPart\Effect</Filter>
    </ClInclude>
    <ClInclude Include="..\Public\UI_GenericContainer.h">
      <Filter>00. GameObject\UI\UIContainer\GenericContainer</Filter>
    </ClInclude>
    <ClInclude Include="..\Public\UI_Fonts.h">
      <Filter>99. Defines\Hojun</Filter>
    </ClInclude>
    <ClInclude Include="..\Public\UIAnimatorCom.h">
      <Filter>00. GameObject\UI\Component\Animator</Filter>
    </ClInclude>
    <ClInclude Include="..\Public\InhaleEffect.h">
      <Filter>00. GameObject\03. Effect\01. Effect_Part\06. InhaleEffect</Filter>
    </ClInclude>
    <ClInclude Include="..\Public\TornadoSpinReverse.h">
      <Filter>00. GameObject\03. Effect\01. Effect_Part\07. TornadoSpinReverse</Filter>
    </ClInclude>
    <ClInclude Include="..\Public\Kirby_InputManager.h">
      <Filter>00. GameObject\05. Kirby\00. System\01. Kirby_InputManager</Filter>
    </ClInclude>
    <ClInclude Include="..\Public\Kirby_Controller.h">
      <Filter>00. GameObject\05. Kirby\00. System\02. Kirby_Controller</Filter>
    </ClInclude>
    <ClInclude Include="..\Public\Kirby_Command.h">
      <Filter>00. GameObject\05. Kirby\00. System\00. Kirby_Command</Filter>
    </ClInclude>
    <ClInclude Include="..\Public\Kirby_State.h">
      <Filter>00. GameObject\05. Kirby\01. StateMachine\State</Filter>
    </ClInclude>
    <ClInclude Include="..\Public\Kirby_StateMachine.h">
      <Filter>00. GameObject\05. Kirby\01. StateMachine</Filter>
    </ClInclude>
    <ClInclude Include="..\Public\Kirby_Wait.h">
      <Filter>00. GameObject\05. Kirby\01. StateMachine\State\00. Wait</Filter>
    </ClInclude>
    <ClInclude Include="..\Public\Kirby_Run.h">
      <Filter>00. GameObject\05. Kirby\01. StateMachine\State\01. Run</Filter>
    </ClInclude>
    <ClInclude Include="..\Public\Kirby_Ability.h">
      <Filter>00. GameObject\05. Kirby\02. Kirby_Ability</Filter>
    </ClInclude>
    <ClInclude Include="..\Public\Kirby_Ability_Normal.h">
      <Filter>00. GameObject\05. Kirby\02. Kirby_Ability\00. Kirby_Ability_Normal</Filter>
    </ClInclude>
    <ClInclude Include="..\Public\Kirby_Jump.h">
      <Filter>00. GameObject\05. Kirby\01. StateMachine\State\02. Jump</Filter>
    </ClInclude>
    <ClInclude Include="..\Public\Kirby_Attack.h">
      <Filter>00. GameObject\05. Kirby\01. StateMachine\State\04. Attack</Filter>
    </ClInclude>
    <ClInclude Include="..\Public\Kirby_Fall.h">
      <Filter>00. GameObject\05. Kirby\01. StateMachine\State\03. Fall</Filter>
    </ClInclude>
    <ClInclude Include="..\Public\Kirby_Hovering.h">
      <Filter>00. GameObject\05. Kirby\01. StateMachine\State\05. Hovering</Filter>
    </ClInclude>
    <ClInclude Include="..\Public\Movement_Child.h">
      <Filter>00. GameObject\99. Component</Filter>
    </ClInclude>
    <ClInclude Include="..\public\Camera_AreaCam.h">
      <Filter>00. GameObject\00. Camera\AreaCam</Filter>
    </ClInclude>
    <ClInclude Include="..\Public\Camera_AreaData.h">
      <Filter>00. GameObject\00. Camera\AreaCam</Filter>
    </ClInclude>
    <ClInclude Include="..\Public\ResourceData.h">
      <Filter>97. DataSystem\Header</Filter>
    </ClInclude>
    <ClInclude Include="..\Public\ObjectData.h">
      <Filter>97. DataSystem\Header</Filter>
    </ClInclude>
    <ClInclude Include="..\Public\LevelData.h">
      <Filter>97. DataSystem\Header</Filter>
    </ClInclude>
    <ClInclude Include="..\public\Effect_Loader.h">
      <Filter>97. DataSystem\EffectLoader</Filter>
    </ClInclude>
    <ClInclude Include="..\Public\Map_Override.h">
      <Filter>97. DataSystem\MapLoader\API</Filter>
    </ClInclude>
    <ClInclude Include="..\Public\TestTriggerBox.h">
      <Filter>00. GameObject\Test\TestRect</Filter>
    </ClInclude>
    <ClInclude Include="..\Public\Map_LevelContent.h">
      <Filter>97. DataSystem\MapLoader\API</Filter>
    </ClInclude>
    <ClInclude Include="..\Public\Map_DeltaIO.h">
      <Filter>97. DataSystem\MapLoader\API</Filter>
    </ClInclude>
    <ClInclude Include="..\Public\Env_CollisionCatalog.h">
      <Filter>97. DataSystem\MapLoader\API</Filter>
    </ClInclude>
    <ClInclude Include="..\Public\Map_LayerPolicy.h">
      <Filter>97. DataSystem\MapLoader\API</Filter>
    </ClInclude>
    <ClInclude Include="..\Public\Map_OverrideStore.h">
      <Filter>97. DataSystem\MapLoader\API</Filter>
    </ClInclude>
    <ClInclude Include="..\Public\Map_StageOverrideSerializer.h">
      <Filter>97. DataSystem\MapLoader\API</Filter>
    </ClInclude>
    <ClInclude Include="..\Public\Map_PresetCatalog.h">
      <Filter>97. DataSystem\MapLoader\API</Filter>
    </ClInclude>
    <ClInclude Include="..\Public\Map_EditSession.h">
      <Filter>97. DataSystem\MapLoader</Filter>
    </ClInclude>
    <ClInclude Include="..\Public\UI_PointStar.h">
      <Filter>00. GameObject\UI\UIContainer\UI_PointStar</Filter>
    </ClInclude>
    <ClInclude Include="..\Public\UI_KirbyStatus.h">
      <Filter>00. GameObject\UI\UIContainer\UI_GaugeBar\KirbyStatus</Filter>
    </ClInclude>
    <ClInclude Include="..\Public\UI_GaugeFill.h">
      <Filter>00. GameObject\UI\UIPart\GaugeFill</Filter>
    </ClInclude>
    <ClInclude Include="..\Public\UI_Structs.h">
      <Filter>99. Defines\Hojun\UI</Filter>
    </ClInclude>
    <ClInclude Include="..\Public\UI_Enums.h">
      <Filter>99. Defines\Hojun\UI</Filter>
    </ClInclude>
    <ClInclude Include="..\public\UI_GaugeBarCom.h">
      <Filter>00. GameObject\UI\Component\GaugeBar</Filter>
    </ClInclude>
    <ClInclude Include="..\public\UI_SpriteAnimCurtain.h">
      <Filter>00. GameObject\UI\UIPart\Curtain\SpriteAnim</Filter>
    </ClInclude>
    <ClInclude Include="..\public\UI_Curtain.h">
      <Filter>00. GameObject\UI\UIPart\Curtain\Anim\BG</Filter>
    </ClInclude>
    <ClInclude Include="..\public\UI_Eraser.h">
      <Filter>00. GameObject\UI\UIPart\Curtain\Anim\Eraser</Filter>
    </ClInclude>
    <ClInclude Include="..\public\UI_CurtainAnimBase.h">
      <Filter>00. GameObject\UI\UIPart\Curtain\Anim</Filter>
    </ClInclude>
    <ClInclude Include="..\public\UI_CurtainTexture.h">
      <Filter>00. GameObject\UI\UIPart\Curtain\Anim\Texture</Filter>
    </ClInclude>
    <ClInclude Include="..\public\UI_FadeOut.h">
      <Filter>00. GameObject\UI\UIContainer\FadeOut</Filter>
    </ClInclude>
    <ClInclude Include="..\Public\ICurtainPart.h">
      <Filter>00. GameObject\UI\UIPart\Curtain</Filter>
    </ClInclude>
  </ItemGroup>
  <ItemGroup>
    <ClCompile Include="..\Private\GameObject_Factory.cpp">
      <Filter>00. GameObject\99. Factory</Filter>
    </ClCompile>
    <ClCompile Include="..\Private\GameContent_Log.cpp">
      <Filter>99. Defines</Filter>
    </ClCompile>
    <ClCompile Include="..\Private\Loader_Prototype.cpp">
      <Filter>97. DataSystem\DataLoader</Filter>
    </ClCompile>
    <ClCompile Include="..\Private\MapSection.cpp">
      <Filter>00. GameObject\01. Map</Filter>
    </ClCompile>
    <ClCompile Include="..\Private\MapStage.cpp">
      <Filter>00. GameObject\01. Map</Filter>
    </ClCompile>
    <ClCompile Include="..\Private\Terrain.cpp">
      <Filter>00. GameObject\Test\Terrain</Filter>
    </ClCompile>
    <ClCompile Include="..\Private\TestFiona.cpp">
      <Filter>00. GameObject\Test\TestFiona</Filter>
    </ClCompile>
    <ClCompile Include="..\Private\TestNonAnim.cpp">
      <Filter>00. GameObject\Test\TestNonAnim</Filter>
    </ClCompile>
    <ClCompile Include="..\Private\Camera_Free.cpp">
      <Filter>00. GameObject\00. Camera\Free</Filter>
    </ClCompile>
    <ClCompile Include="..\private\TestRect.cpp">
      <Filter>00. GameObject\Test\TestRect</Filter>
    </ClCompile>
    <ClCompile Include="..\Private\TestEffectQuad.cpp">
      <Filter>00. GameObject\Test\TestEffectQuad</Filter>
    </ClCompile>
    <ClCompile Include="..\private\TestMarb1e.cpp">
      <Filter>00. GameObject\Test\TestMarb1e</Filter>
    </ClCompile>
    <ClCompile Include="..\private\TestMarb1eMap.cpp">
      <Filter>00. GameObject\Test\TestMarb1eMap</Filter>
    </ClCompile>
    <ClCompile Include="..\private\MapObject.cpp">
      <Filter>00. GameObject\01. Map</Filter>
    </ClCompile>
    <ClCompile Include="..\Private\UI_Image.cpp">
      <Filter>00. GameObject\UI\UIPart\Image</Filter>
    </ClCompile>
    <ClCompile Include="..\Private\UI_TestImageContainer.cpp">
      <Filter>00. GameObject\Test\TestImageContainer</Filter>
    </ClCompile>
    <ClCompile Include="..\Private\UI_Title.cpp">
      <Filter>00. GameObject\UI\UIContainer\Title</Filter>
    </ClCompile>
    <ClCompile Include="..\Private\WalkSmoke.cpp">
      <Filter>00. GameObject\03. Effect\00. EffectContainer\00. WalkSmoke</Filter>
    </ClCompile>
    <ClCompile Include="..\Private\SmokeSphereOriginal.cpp">
      <Filter>00. GameObject\03. Effect\01. Effect_Part\00. SmokeSphereOriginal</Filter>
    </ClCompile>
    <ClCompile Include="..\Private\TestMap.cpp">
      <Filter>00. GameObject\Test\TestMap</Filter>
    </ClCompile>
    <ClCompile Include="..\Private\EnvObject.cpp">
      <Filter>00. GameObject\02. EnvObject</Filter>
    </ClCompile>
    <ClCompile Include="..\Private\EnvObject_Trigger.cpp">
      <Filter>00. GameObject\02. EnvObject</Filter>
    </ClCompile>
    <ClCompile Include="..\Private\EnvObject_Interact.cpp">
      <Filter>00. GameObject\02. EnvObject</Filter>
    </ClCompile>
    <ClCompile Include="..\Private\EnvObject_Static.cpp">
      <Filter>00. GameObject\02. EnvObject</Filter>
    </ClCompile>
    <ClCompile Include="..\Private\SmokeLowPoly.cpp">
      <Filter>00. GameObject\03. Effect\01. Effect_Part\01. SmokeLowPoly</Filter>
    </ClCompile>
    <ClCompile Include="..\Private\SmokeTail.cpp">
      <Filter>00. GameObject\03. Effect\01. Effect_Part\02. SmokeTail</Filter>
    </ClCompile>
    <ClCompile Include="..\private\Material_Object.cpp">
      <Filter>00. GameObject\Test\Shader_Material</Filter>
    </ClCompile>
    <ClCompile Include="..\Private\Character.cpp">
      <Filter>00. GameObject\04. Character</Filter>
    </ClCompile>
    <ClCompile Include="..\Private\Kirby_Body.cpp">
      <Filter>00. GameObject\05. Kirby\04. Parts</Filter>
    </ClCompile>
    <ClCompile Include="..\Private\SkySphere.cpp">
      <Filter>00. GameObject\01. Map\SkySphere</Filter>
    </ClCompile>
    <ClCompile Include="..\Private\SwordSlash.cpp">
      <Filter>00. GameObject\03. Effect\00. EffectContainer\01. SwordSlash</Filter>
    </ClCompile>
    <ClCompile Include="..\Private\Common_Curve03.cpp">
      <Filter>00. GameObject\03. Effect\01. Effect_Part\05. Common_Curve03</Filter>
    </ClCompile>
    <ClCompile Include="..\Private\Common_Circle01.cpp">
      <Filter>00. GameObject\03. Effect\01. Effect_Part\04. Common_Circle01</Filter>
    </ClCompile>
    <ClCompile Include="..\Private\Vacuum.cpp">
      <Filter>00. GameObject\03. Effect\01. Effect_Part\03. Vacuum</Filter>
    </ClCompile>
    <ClCompile Include="..\Private\VacuumContainer.cpp">
      <Filter>00. GameObject\03. Effect\00. EffectContainer\02. VacuumContainer</Filter>
    </ClCompile>
    <ClCompile Include="..\Private\Map_Builder.cpp">
      <Filter>97. DataSystem\MapLoader\API</Filter>
    </ClCompile>
    <ClCompile Include="..\Private\Map_ModelResolver.cpp">
      <Filter>97. DataSystem\MapLoader\API</Filter>
    </ClCompile>
    <ClCompile Include="..\Private\Map_Parser.cpp">
      <Filter>97. DataSystem\MapLoader\API</Filter>
    </ClCompile>
    <ClCompile Include="..\Private\Map_ProtoRegister.cpp">
      <Filter>97. DataSystem\MapLoader\API</Filter>
    </ClCompile>
    <ClCompile Include="..\Private\Map_Spawner.cpp">
      <Filter>97. DataSystem\MapLoader\API</Filter>
    </ClCompile>
    <ClCompile Include="..\Private\Map_Loader.cpp">
      <Filter>97. DataSystem\MapLoader</Filter>
    </ClCompile>
    <ClCompile Include="..\Private\UI_Text.cpp">
      <Filter>00. GameObject\UI\UIPart\Text</Filter>
    </ClCompile>
    <ClCompile Include="..\Private\UI_SpriteAnim.cpp">
      <Filter>00. GameObject\UI\UIPart\SpriteAnim</Filter>
    </ClCompile>
    <ClCompile Include="..\Private\UI_Effect.cpp">
      <Filter>00. GameObject\UI\UIPart\Effect</Filter>
    </ClCompile>
    <ClCompile Include="..\Private\UI_GenericContainer.cpp">
      <Filter>00. GameObject\UI\UIContainer\GenericContainer</Filter>
    </ClCompile>
    <ClCompile Include="..\Private\UIAnimatorCom.cpp">
      <Filter>00. GameObject\UI\Component\Animator</Filter>
    </ClCompile>
    <ClCompile Include="..\Private\InhaleEffect.cpp">
      <Filter>00. GameObject\03. Effect\01. Effect_Part\06. InhaleEffect</Filter>
    </ClCompile>
    <ClCompile Include="..\Private\TornadoSpinReverse.cpp">
      <Filter>00. GameObject\03. Effect\01. Effect_Part\07. TornadoSpinReverse</Filter>
    </ClCompile>
    <ClCompile Include="..\Private\Kirby_InputManager.cpp">
      <Filter>00. GameObject\05. Kirby\00. System\01. Kirby_InputManager</Filter>
    </ClCompile>
    <ClCompile Include="..\Private\Kirby_Controller.cpp">
      <Filter>00. GameObject\05. Kirby\00. System\02. Kirby_Controller</Filter>
    </ClCompile>
    <ClCompile Include="..\Private\Kirby_State.cpp">
      <Filter>00. GameObject\05. Kirby\01. StateMachine\State</Filter>
    </ClCompile>
    <ClCompile Include="..\Private\Kirby_StateMachine.cpp">
      <Filter>00. GameObject\05. Kirby\01. StateMachine</Filter>
    </ClCompile>
    <ClCompile Include="..\Private\Kirby_Wait.cpp">
      <Filter>00. GameObject\05. Kirby\01. StateMachine\State\00. Wait</Filter>
    </ClCompile>
    <ClCompile Include="..\Private\Kirby_Run.cpp">
      <Filter>00. GameObject\05. Kirby\01. StateMachine\State\01. Run</Filter>
    </ClCompile>
    <ClCompile Include="..\Private\Kirby_Ability.cpp">
      <Filter>00. GameObject\05. Kirby\02. Kirby_Ability</Filter>
    </ClCompile>
    <ClCompile Include="..\Private\Kirby_Ability_Normal.cpp">
      <Filter>00. GameObject\05. Kirby\02. Kirby_Ability\00. Kirby_Ability_Normal</Filter>
    </ClCompile>
    <ClCompile Include="..\Private\Kirby_Jump.cpp">
      <Filter>00. GameObject\05. Kirby\01. StateMachine\State\02. Jump</Filter>
    </ClCompile>
    <ClCompile Include="..\Private\Kirby.cpp">
      <Filter>00. GameObject\05. Kirby</Filter>
    </ClCompile>
    <ClCompile Include="..\Private\Kirby_Attack.cpp">
      <Filter>00. GameObject\05. Kirby\01. StateMachine\State\04. Attack</Filter>
    </ClCompile>
    <ClCompile Include="..\Private\Kirby_Fall.cpp">
      <Filter>00. GameObject\05. Kirby\01. StateMachine\State\03. Fall</Filter>
    </ClCompile>
    <ClCompile Include="..\Private\Kirby_Hovering.cpp">
      <Filter>00. GameObject\05. Kirby\01. StateMachine\State\05. Hovering</Filter>
    </ClCompile>
    <ClCompile Include="..\Private\Movement_Child.cpp">
      <Filter>00. GameObject\99. Component</Filter>
    </ClCompile>
    <ClCompile Include="..\private\Camera_AreaCam.cpp">
      <Filter>00. GameObject\00. Camera\AreaCam</Filter>
    </ClCompile>
    <ClCompile Include="..\Private\Camera_AreaSolver.cpp">
      <Filter>00. GameObject\00. Camera\AreaCam</Filter>
    </ClCompile>
    <ClCompile Include="..\private\Effect_Loader.cpp">
      <Filter>97. DataSystem\EffectLoader</Filter>
    </ClCompile>
    <ClCompile Include="..\Private\Map_Override.cpp">
      <Filter>97. DataSystem\MapLoader\API</Filter>
    </ClCompile>
    <ClCompile Include="..\Private\TestTriggerBox.cpp">
      <Filter>00. GameObject\Test\TestRect</Filter>
    </ClCompile>
    <ClCompile Include="..\Private\Map_LevelContent.cpp">
      <Filter>97. DataSystem\MapLoader\API</Filter>
    </ClCompile>
    <ClCompile Include="..\Private\Map_DeltaIO.cpp">
      <Filter>97. DataSystem\MapLoader\API</Filter>
    </ClCompile>
    <ClCompile Include="..\Private\Env_CollisionCatalog.cpp">
      <Filter>97. DataSystem\MapLoader\API</Filter>
    </ClCompile>
    <ClCompile Include="..\Private\Map_LayerPolicy.cpp">
      <Filter>97. DataSystem\MapLoader\API</Filter>
    </ClCompile>
    <ClCompile Include="..\Private\Map_OverrideStore.cpp">
      <Filter>97. DataSystem\MapLoader\API</Filter>
    </ClCompile>
    <ClCompile Include="..\Private\Map_StageOverrideSerializer.cpp">
      <Filter>97. DataSystem\MapLoader\API</Filter>
    </ClCompile>
    <ClCompile Include="..\Private\Map_PresetCatalog.cpp">
      <Filter>97. DataSystem\MapLoader\API</Filter>
    </ClCompile>
    <ClCompile Include="..\Private\Map_EditSession.cpp">
      <Filter>97. DataSystem\MapLoader</Filter>
    </ClCompile>
    <ClCompile Include="..\Private\UI_PointStar.cpp">
      <Filter>00. GameObject\UI\UIContainer\UI_PointStar</Filter>
    </ClCompile>
    <ClCompile Include="..\Private\UI_KirbyStatus.cpp">
      <Filter>00. GameObject\UI\UIContainer\UI_GaugeBar\KirbyStatus</Filter>
    </ClCompile>
    <ClCompile Include="..\Private\UI_GaugeFill.cpp">
      <Filter>00. GameObject\UI\UIPart\GaugeFill</Filter>
    </ClCompile>
    <ClCompile Include="..\private\UI_GaugeBarCom.cpp">
      <Filter>00. GameObject\UI\Component\GaugeBar</Filter>
    </ClCompile>
    <ClCompile Include="..\private\UI_SpriteAnimCurtain.cpp">
      <Filter>00. GameObject\UI\UIPart\Curtain\SpriteAnim</Filter>
    </ClCompile>
    <ClCompile Include="..\private\UI_Curtain.cpp">
      <Filter>00. GameObject\UI\UIPart\Curtain\Anim\BG</Filter>
    </ClCompile>
    <ClCompile Include="..\private\UI_Eraser.cpp">
      <Filter>00. GameObject\UI\UIPart\Curtain\Anim\Eraser</Filter>
    </ClCompile>
    <ClCompile Include="..\private\UI_CurtainAnimBase.cpp">
      <Filter>00. GameObject\UI\UIPart\Curtain\Anim</Filter>
    </ClCompile>
    <ClCompile Include="..\private\UI_CurtainTexture.cpp">
      <Filter>00. GameObject\UI\UIPart\Curtain\Anim\Texture</Filter>
    </ClCompile>
    <ClCompile Include="..\private\UI_FadeOut.cpp">
      <Filter>00. GameObject\UI\UIContainer\FadeOut</Filter>
    </ClCompile>
  </ItemGroup>
  <ItemGroup>
    <FxCompile Include="..\ShaderFiles\Shader_VtxTex.hlsl">
      <Filter>98. ShaderFiles</Filter>
    </FxCompile>
    <FxCompile Include="..\ShaderFiles\Shader_AnimMesh_PBR.hlsl">
      <Filter>98. ShaderFiles\Marb1e</Filter>
    </FxCompile>
    <FxCompile Include="..\ShaderFiles\Shader_NonAnim_PBR.hlsl">
      <Filter>98. ShaderFiles\Marb1e</Filter>
    </FxCompile>
    <FxCompile Include="..\ShaderFiles\Shader_Map.hlsl">
      <Filter>98. ShaderFiles\Marb1e</Filter>
    </FxCompile>
    <FxCompile Include="..\ShaderFiles\Shader_UI.hlsl">
      <Filter>98. ShaderFiles\Hojun</Filter>
    </FxCompile>
    <FxCompile Include="..\ShaderFiles\Shader_MaterialTest.hlsl">
      <Filter>98. ShaderFiles\Marb1e</Filter>
    </FxCompile>
    <FxCompile Include="..\ShaderFiles\Shader_Kirby.hlsl">
      <Filter>98. ShaderFiles\Marb1e</Filter>
    </FxCompile>
    <FxCompile Include="..\ShaderFiles\Shader_SkySphere.hlsl">
      <Filter>98. ShaderFiles\Marb1e</Filter>
    </FxCompile>
  </ItemGroup>
</Project>