<?xml version="1.0" encoding="utf-8"?>
<Project xmlns="http://schemas.microsoft.com/developer/msbuild/2003" ToolsVersion="4.0">
  <ItemGroup>
    <Filter Include="00. MainApp">
      <UniqueIdentifier>{284c66b7-ea26-411d-a7d7-8636a5e68c61}</UniqueIdentifier>
    </Filter>
    <Filter Include="01. Levels">
      <UniqueIdentifier>{6769411e-280f-41fa-b123-d40807003d11}</UniqueIdentifier>
    </Filter>
    <Filter Include="01. Levels\00. Loading">
      <UniqueIdentifier>{a79fe858-6a0b-4a57-9a9f-42489aa477a0}</UniqueIdentifier>
    </Filter>
    <Filter Include="01. Levels\00. Loading\Loader">
      <UniqueIdentifier>{bbcb6122-f796-4e3c-8b19-46c7fd937361}</UniqueIdentifier>
    </Filter>
    <Filter Include="01. Levels\01. FirstLoading">
      <UniqueIdentifier>{a7cb1d8a-8375-40c0-b82c-9ca99a2a2d2d}</UniqueIdentifier>
    </Filter>
    <Filter Include="01. Levels\02. Stage">
      <UniqueIdentifier>{865959bb-a7f5-486e-8d7e-80d5c958fbb3}</UniqueIdentifier>
    </Filter>
    <Filter Include="01. Levels\02. Stage\Boss">
      <UniqueIdentifier>{e24525fc-85c7-47c2-b9b6-33f08e443a64}</UniqueIdentifier>
    </Filter>
    <Filter Include="01. Levels\02. Stage\Boss\BossStage1">
      <UniqueIdentifier>{7d14fc3e-b77e-433a-b29d-0eea28c85532}</UniqueIdentifier>
    </Filter>
    <Filter Include="01. Levels\02. Stage\Stage0">
      <UniqueIdentifier>{af2c614f-8453-4070-b98f-8cfdc429e90f}</UniqueIdentifier>
    </Filter>
    <Filter Include="01. Levels\02. Stage\Stage0\Step1">
      <UniqueIdentifier>{c64012a1-fd5f-4469-9bfa-9b5bf29412c6}</UniqueIdentifier>
    </Filter>
    <Filter Include="01. Levels\02. Stage\Stage0\Step2">
      <UniqueIdentifier>{6d55a08f-131c-4560-a1b6-3bd1f7f8b9ac}</UniqueIdentifier>
    </Filter>
    <Filter Include="01. Levels\02. Stage\Stage1">
      <UniqueIdentifier>{06985dac-141f-4434-aa61-c7258f882ca9}</UniqueIdentifier>
    </Filter>
    <Filter Include="01. Levels\02. Stage\Stage1\Step1">
      <UniqueIdentifier>{d9c71d7a-1fa7-4d2a-ab06-20cf0171bbfd}</UniqueIdentifier>
    </Filter>
    <Filter Include="01. Levels\02. Stage\Stage1\Step2">
      <UniqueIdentifier>{7d635cf2-26a5-40a6-af0a-29a68827dc75}</UniqueIdentifier>
    </Filter>
    <Filter Include="01. Levels\02. Stage\Stage1\Step3">
      <UniqueIdentifier>{8c2569c1-b0da-4935-9ed8-d2d5460b56cf}</UniqueIdentifier>
    </Filter>
    <Filter Include="01. Levels\02. Stage\Town">
      <UniqueIdentifier>{81fad0a1-e0d1-4ac4-ae20-35684e0b277a}</UniqueIdentifier>
    </Filter>
    <Filter Include="01. Levels\02. Stage\Town\Step1">
      <UniqueIdentifier>{25f4ce75-f72b-478f-9b83-acd4b3d201e6}</UniqueIdentifier>
    </Filter>
    <Filter Include="01. Levels\02. Stage\Town\Step2">
      <UniqueIdentifier>{1b8c9dca-188a-4f78-8570-33b958d68890}</UniqueIdentifier>
    </Filter>
    <Filter Include="01. Levels\99. Test">
      <UniqueIdentifier>{5b60027e-bb0a-4b40-ae62-1996f862b6a5}</UniqueIdentifier>
    </Filter>
    <Filter Include="98. Default">
      <UniqueIdentifier>{df510748-1c6f-46a8-9f05-1ea005a53eee}</UniqueIdentifier>
    </Filter>
    <Filter Include="99. Defines">
      <UniqueIdentifier>{dd6aa0aa-c4c2-46b8-b52c-7511d9ad0e05}</UniqueIdentifier>
    </Filter>
  </ItemGroup>
  <ItemGroup>
    <ClInclude Include="..\public\Boss_Stage1.h">
      <Filter>01. Levels\02. Stage\Boss\BossStage1</Filter>
    </ClInclude>
    <ClInclude Include="..\Public\Launcher_Defines.h">
      <Filter>99. Defines</Filter>
    </ClInclude>
    <ClInclude Include="..\Public\Launcher_LevelProfiles.h">
      <Filter>99. Defines</Filter>
    </ClInclude>
    <ClInclude Include="..\Public\Level_Defines.h">
      <Filter>01. Levels</Filter>
    </ClInclude>
    <ClInclude Include="..\public\Level_FirstLoading.h">
      <Filter>01. Levels\01. FirstLoading</Filter>
    </ClInclude>
    <ClInclude Include="..\Public\Level_Loading.h">
      <Filter>01. Levels\00. Loading</Filter>
    </ClInclude>
    <ClInclude Include="..\Public\Level_Test.h">
      <Filter>01. Levels\99. Test</Filter>
    </ClInclude>
    <ClInclude Include="..\Public\Loader.h">
      <Filter>01. Levels\00. Loading\Loader</Filter>
    </ClInclude>
    <ClInclude Include="..\Public\MainApp.h">
      <Filter>00. MainApp</Filter>
    </ClInclude>
    <ClInclude Include="..\Public\Stage0_Step1.h">
      <Filter>01. Levels\02. Stage\Stage0\Step1</Filter>
    </ClInclude>
    <ClInclude Include="..\public\Stage0_Step2.h">
      <Filter>01. Levels\02. Stage\Stage0\Step2</Filter>
    </ClInclude>
    <ClInclude Include="..\public\Stage1_Step1.h">
      <Filter>01. Levels\02. Stage\Stage1\Step1</Filter>
    </ClInclude>
    <ClInclude Include="..\public\Stage1_Step2.h">
      <Filter>01. Levels\02. Stage\Stage1\Step2</Filter>
    </ClInclude>
    <ClInclude Include="..\public\Stage1_Step3.h">
      <Filter>01. Levels\02. Stage\Stage1\Step3</Filter>
    </ClInclude>
    <ClInclude Include="..\public\Town_Step1.h">
      <Filter>01. Levels\02. Stage\Town\Step1</Filter>
    </ClInclude>
    <ClInclude Include="..\public\Town_Step2.h">
      <Filter>01. Levels\02. Stage\Town\Step2</Filter>
    </ClInclude>
    <ClInclude Include="framework.h">
      <Filter>98. Default</Filter>
    </ClInclude>
    <ClInclude Include="Launcher.h">
      <Filter>98. Default</Filter>
    </ClInclude>
    <ClInclude Include="Resource.h">
      <Filter>98. Default</Filter>
    </ClInclude>
    <ClInclude Include="targetver.h">
      <Filter>98. Default</Filter>
    </ClInclude>
  </ItemGroup>
  <ItemGroup>
    <Image Include="Launcher.ico">
      <Filter>98. Default</Filter>
    </Image>
    <Image Include="small.ico">
      <Filter>98. Default</Filter>
    </Image>
  </ItemGroup>
  <ItemGroup>
    <ResourceCompile Include="Launcher.rc">
      <Filter>98. Default</Filter>
    </ResourceCompile>
  </ItemGroup>
  <ItemGroup>
    <ClCompile Include="..\private\Boss_Stage1.cpp">
      <Filter>01. Levels\02. Stage\Boss\BossStage1</Filter>
    </ClCompile>
    <ClCompile Include="..\private\Level_FirstLoading.cpp">
      <Filter>01. Levels\01. FirstLoading</Filter>
    </ClCompile>
    <ClCompile Include="..\Private\Level_Loading.cpp">
      <Filter>01. Levels\00. Loading</Filter>
    </ClCompile>
    <ClCompile Include="..\Private\Level_Test.cpp">
      <Filter>01. Levels\99. Test</Filter>
    </ClCompile>
    <ClCompile Include="..\Private\Loader.cpp">
      <Filter>01. Levels\00. Loading\Loader</Filter>
    </ClCompile>
    <ClCompile Include="..\Private\MainApp.cpp">
      <Filter>00. MainApp</Filter>
    </ClCompile>
    <ClCompile Include="..\Private\Stage0_Step1.cpp">
      <Filter>01. Levels\02. Stage\Stage0\Step1</Filter>
    </ClCompile>
    <ClCompile Include="..\private\Stage0_Step2.cpp">
      <Filter>01. Levels\02. Stage\Stage0\Step2</Filter>
    </ClCompile>
    <ClCompile Include="..\private\Stage1_Step1.cpp">
      <Filter>01. Levels\02. Stage\Stage1\Step1</Filter>
    </ClCompile>
    <ClCompile Include="..\private\Stage1_Step2.cpp">
      <Filter>01. Levels\02. Stage\Stage1\Step2</Filter>
    </ClCompile>
    <ClCompile Include="..\private\Stage1_Step3.cpp">
      <Filter>01. Levels\02. Stage\Stage1\Step3</Filter>
    </ClCompile>
    <ClCompile Include="..\private\Town_Step1.cpp">
      <Filter>01. Levels\02. Stage\Town\Step1</Filter>
    </ClCompile>
    <ClCompile Include="..\private\Town_Step2.cpp">
      <Filter>01. Levels\02. Stage\Town\Step2</Filter>
    </ClCompile>
    <ClCompile Include="Launcher.cpp">
      <Filter>98. Default</Filter>
    </ClCompile>
  </ItemGroup>
</Project>
