
Microsoft Visual Studio Solution File, Format Version 12.00
# Visual Studio Version 17
VisualStudioVersion = 17.10.35122.118
MinimumVisualStudioVersion = 10.0.40219.1
Project("{8BC9CEB8-8B4A-11D0-8D11-00A0C91BC942}") = "Engine", "Engine\Default\Engine.vcxproj", "{24F1C936-38BB-422E-868F-05958F7FC28A}"
EndProject
Project("{8BC9CEB8-8B4A-11D0-8D11-00A0C91BC942}") = "Editor", "Editor\Default\Editor.vcxproj", "{0476B805-357E-45E8-8CFE-57915A71D1AF}"
EndProject
Project("{8BC9CEB8-8B4A-11D0-8D11-00A0C91BC942}") = "GameContent", "GameContent\Default\GameContent.vcxproj", "{75252A25-FE5C-4E14-A27B-CB65772242C0}"
	ProjectSection(ProjectDependencies) = postProject
		{24F1C936-38BB-422E-868F-05958F7FC28A} = {24F1C936-38BB-422E-868F-05958F7FC28A}
	EndProjectSection
EndProject
Project("{2150E333-8FDC-42A3-9474-1A3956D46DE8}") = "EXE", "EXE", "{C8D5274F-AC00-46C7-1F8D-E88E81087A52}"
EndProject
Project("{2150E333-8FDC-42A3-9474-1A3956D46DE8}") = "DLL", "DLL", "{A2CE729C-9F16-4C1F-83AD-3F9A1DD8F4A1}"
EndProject
Project("{8BC9CEB8-8B4A-11D0-8D11-00A0C91BC942}") = "Launcher", "Launcher\Default\Launcher.vcxproj", "{05763A88-1C77-4FF3-8075-4D48BD77046E}"
EndProject
Project("{8BC9CEB8-8B4A-11D0-8D11-00A0C91BC942}") = "AnimUITool", "AnimUITool\Default\AnimUITool.vcxproj", "{73BB3C72-765D-412E-90EB-3459F9ABEEFF}"
	ProjectSection(ProjectDependencies) = postProject
		{24F1C936-38BB-422E-868F-05958F7FC28A} = {24F1C936-38BB-422E-868F-05958F7FC28A}
		{75252A25-FE5C-4E14-A27B-CB65772242C0} = {75252A25-FE5C-4E14-A27B-CB65772242C0}
	EndProjectSection
EndProject
Global
	GlobalSection(SolutionConfigurationPlatforms) = preSolution
		Debug|x64 = Debug|x64
		Debug|x86 = Debug|x86
		Release|x64 = Release|x64
		Release|x86 = Release|x86
	EndGlobalSection
	GlobalSection(ProjectConfigurationPlatforms) = postSolution
		{24F1C936-38BB-422E-868F-05958F7FC28A}.Debug|x64.ActiveCfg = Debug|x64
		{24F1C936-38BB-422E-868F-05958F7FC28A}.Debug|x64.Build.0 = Debug|x64
		{24F1C936-38BB-422E-868F-05958F7FC28A}.Debug|x86.ActiveCfg = Debug|Win32
		{24F1C936-38BB-422E-868F-05958F7FC28A}.Debug|x86.Build.0 = Debug|Win32
		{24F1C936-38BB-422E-868F-05958F7FC28A}.Release|x64.ActiveCfg = Release|x64
		{24F1C936-38BB-422E-868F-05958F7FC28A}.Release|x64.Build.0 = Release|x64
		{24F1C936-38BB-422E-868F-05958F7FC28A}.Release|x86.ActiveCfg = Release|Win32
		{24F1C936-38BB-422E-868F-05958F7FC28A}.Release|x86.Build.0 = Release|Win32
		{0476B805-357E-45E8-8CFE-57915A71D1AF}.Debug|x64.ActiveCfg = Debug|x64
		{0476B805-357E-45E8-8CFE-57915A71D1AF}.Debug|x64.Build.0 = Debug|x64
		{0476B805-357E-45E8-8CFE-57915A71D1AF}.Debug|x86.ActiveCfg = Debug|Win32
		{0476B805-357E-45E8-8CFE-57915A71D1AF}.Debug|x86.Build.0 = Debug|Win32
		{0476B805-357E-45E8-8CFE-57915A71D1AF}.Release|x64.ActiveCfg = Release|x64
		{0476B805-357E-45E8-8CFE-57915A71D1AF}.Release|x64.Build.0 = Release|x64
		{0476B805-357E-45E8-8CFE-57915A71D1AF}.Release|x86.ActiveCfg = Release|Win32
		{0476B805-357E-45E8-8CFE-57915A71D1AF}.Release|x86.Build.0 = Release|Win32
		{75252A25-FE5C-4E14-A27B-CB65772242C0}.Debug|x64.ActiveCfg = Debug|x64
		{75252A25-FE5C-4E14-A27B-CB65772242C0}.Debug|x64.Build.0 = Debug|x64
		{75252A25-FE5C-4E14-A27B-CB65772242C0}.Debug|x86.ActiveCfg = Debug|Win32
		{75252A25-FE5C-4E14-A27B-CB65772242C0}.Debug|x86.Build.0 = Debug|Win32
		{75252A25-FE5C-4E14-A27B-CB65772242C0}.Release|x64.ActiveCfg = Release|x64
		{75252A25-FE5C-4E14-A27B-CB65772242C0}.Release|x64.Build.0 = Release|x64
		{75252A25-FE5C-4E14-A27B-CB65772242C0}.Release|x86.ActiveCfg = Release|Win32
		{75252A25-FE5C-4E14-A27B-CB65772242C0}.Release|x86.Build.0 = Release|Win32
		{05763A88-1C77-4FF3-8075-4D48BD77046E}.Debug|x64.ActiveCfg = Debug|x64
		{05763A88-1C77-4FF3-8075-4D48BD77046E}.Debug|x64.Build.0 = Debug|x64
		{05763A88-1C77-4FF3-8075-4D48BD77046E}.Debug|x86.ActiveCfg = Debug|Win32
		{05763A88-1C77-4FF3-8075-4D48BD77046E}.Debug|x86.Build.0 = Debug|Win32
		{05763A88-1C77-4FF3-8075-4D48BD77046E}.Release|x64.ActiveCfg = Release|x64
		{05763A88-1C77-4FF3-8075-4D48BD77046E}.Release|x64.Build.0 = Release|x64
		{05763A88-1C77-4FF3-8075-4D48BD77046E}.Release|x86.ActiveCfg = Release|Win32
		{05763A88-1C77-4FF3-8075-4D48BD77046E}.Release|x86.Build.0 = Release|Win32
		{73BB3C72-765D-412E-90EB-3459F9ABEEFF}.Debug|x64.ActiveCfg = Debug|x64
		{73BB3C72-765D-412E-90EB-3459F9ABEEFF}.Debug|x64.Build.0 = Debug|x64
		{73BB3C72-765D-412E-90EB-3459F9ABEEFF}.Debug|x86.ActiveCfg = Debug|Win32
		{73BB3C72-765D-412E-90EB-3459F9ABEEFF}.Debug|x86.Build.0 = Debug|Win32
		{73BB3C72-765D-412E-90EB-3459F9ABEEFF}.Release|x64.ActiveCfg = Release|x64
		{73BB3C72-765D-412E-90EB-3459F9ABEEFF}.Release|x64.Build.0 = Release|x64
		{73BB3C72-765D-412E-90EB-3459F9ABEEFF}.Release|x86.ActiveCfg = Release|Win32
		{73BB3C72-765D-412E-90EB-3459F9ABEEFF}.Release|x86.Build.0 = Release|Win32
	EndGlobalSection
	GlobalSection(SolutionProperties) = preSolution
		HideSolutionNode = FALSE
	EndGlobalSection
	GlobalSection(NestedProjects) = preSolution
		{24F1C936-38BB-422E-868F-05958F7FC28A} = {A2CE729C-9F16-4C1F-83AD-3F9A1DD8F4A1}
		{0476B805-357E-45E8-8CFE-57915A71D1AF} = {C8D5274F-AC00-46C7-1F8D-E88E81087A52}
		{75252A25-FE5C-4E14-A27B-CB65772242C0} = {A2CE729C-9F16-4C1F-83AD-3F9A1DD8F4A1}
		{05763A88-1C77-4FF3-8075-4D48BD77046E} = {C8D5274F-AC00-46C7-1F8D-E88E81087A52}
		{73BB3C72-765D-412E-90EB-3459F9ABEEFF} = {C8D5274F-AC00-46C7-1F8D-E88E81087A52}
	EndGlobalSection
	GlobalSection(ExtensibilityGlobals) = postSolution
		SolutionGuid = {554C9A74-B177-4ADD-9BFE-0649CB814C4A}
	EndGlobalSection
EndGlobal
